// !$*UTF8*$!
{
	archiveVersion = 1;
	classes = {
	};
	objectVersion = 55;
	objects = {

/* Begin PBXBuildFile section */
		0A2307B728CB261B0058AC6F /* CodeLoginVC.swift in Sources */ = {isa = PBXBuildFile; fileRef = 0A2307B628CB261A0058AC6F /* CodeLoginVC.swift */; };
		0A2307B928CB267B0058AC6F /* PasswordLoginVC.swift in Sources */ = {isa = PBXBuildFile; fileRef = 0A2307B828CB267B0058AC6F /* PasswordLoginVC.swift */; };
		0A299A0A286DC41C008B66E6 /* testVideo.mp4 in Resources */ = {isa = PBXBuildFile; fileRef = 0A299A09286DC41C008B66E6 /* testVideo.mp4 */; };
		0A39CAE7286E9F6600FA3FF5 /* NoteEditVC-collectionView.swift in Sources */ = {isa = PBXBuildFile; fileRef = 0A39CAE6286E9F6600FA3FF5 /* NoteEditVC-collectionView.swift */; };
		0A3E335328AA55E700D0936E /* WaterfallVC-LoadData.swift in Sources */ = {isa = PBXBuildFile; fileRef = 0A3E335228AA55E700D0936E /* WaterfallVC-LoadData.swift */; };
		0A3E335528AA563B00D0936E /* WaterfallVC-Config.swift in Sources */ = {isa = PBXBuildFile; fileRef = 0A3E335428AA563B00D0936E /* WaterfallVC-Config.swift */; };
		0A4702F928AB43E4002E684D /* WaterfallVC-DataSource.swift in Sources */ = {isa = PBXBuildFile; fileRef = 0A4702F828AB43E4002E684D /* WaterfallVC-DataSource.swift */; };
		0A4702FB28AB4D39002E684D /* WaterfallVC-Delegate.swift in Sources */ = {isa = PBXBuildFile; fileRef = 0A4702FA28AB4D39002E684D /* WaterfallVC-Delegate.swift */; };
		0A4702FF28AB98F5002E684D /* NoteEditVC-Helper.swift in Sources */ = {isa = PBXBuildFile; fileRef = 0A4702FE28AB98F5002E684D /* NoteEditVC-Helper.swift */; };
		0A47030128AB9C21002E684D /* NoteEditVC-UI.swift in Sources */ = {isa = PBXBuildFile; fileRef = 0A47030028AB9C21002E684D /* NoteEditVC-UI.swift */; };
		0A47030328ABB918002E684D /* NoteEditVC-DraftNote.swift in Sources */ = {isa = PBXBuildFile; fileRef = 0A47030228ABB918002E684D /* NoteEditVC-DraftNote.swift */; };
		0A60956728BF421600A29A98 /* libcrypto.a in Frameworks */ = {isa = PBXBuildFile; fileRef = 0A60951428BF421600A29A98 /* libcrypto.a */; };
		0A60956828BF421600A29A98 /* openssl_wrapper.m in Sources */ = {isa = PBXBuildFile; fileRef = 0A60951628BF421600A29A98 /* openssl_wrapper.m */; };
		0A60956928BF421600A29A98 /* APRSASigner.m in Sources */ = {isa = PBXBuildFile; fileRef = 0A60951928BF421600A29A98 /* APRSASigner.m */; };
		0A60956A28BF421600A29A98 /* libssl.a in Frameworks */ = {isa = PBXBuildFile; fileRef = 0A60951A28BF421600A29A98 /* libssl.a */; };
		0A90A9A428BE1CA800C08E26 /* SocialLoginVC.swift in Sources */ = {isa = PBXBuildFile; fileRef = 0A90A9A328BE1CA800C08E26 /* SocialLoginVC.swift */; };
		0A90A9A628BE1CF600C08E26 /* SocialLoginVC-Alipay.swift in Sources */ = {isa = PBXBuildFile; fileRef = 0A90A9A528BE1CF600C08E26 /* SocialLoginVC-Alipay.swift */; };
		650516E028D5932000CE67B4 /* LC-Extensions.swift in Sources */ = {isa = PBXBuildFile; fileRef = 650516DF28D5932000CE67B4 /* LC-Extensions.swift */; };
		65094579285D9D1C0009FEAD /* System-Extension.swift in Sources */ = {isa = PBXBuildFile; fileRef = 65094578285D9D1C0009FEAD /* System-Extension.swift */; };
		650DBEC3284C611C002B07AF /* WaterfallVC.swift in Sources */ = {isa = PBXBuildFile; fileRef = 650DBEC2284C611C002B07AF /* WaterfallVC.swift */; };
		650DBEC5284C69CE002B07AF /* WaterfallCell.swift in Sources */ = {isa = PBXBuildFile; fileRef = 650DBEC4284C69CE002B07AF /* WaterfallCell.swift */; };
		650DBEC7284C7053002B07AF /* CollectionViewController.swift in Sources */ = {isa = PBXBuildFile; fileRef = 650DBEC6284C7053002B07AF /* CollectionViewController.swift */; };
		653101C42873407800702796 /* NoteEditVC-Config.swift in Sources */ = {isa = PBXBuildFile; fileRef = 653101C32873407800702796 /* NoteEditVC-Config.swift */; };
		6532BD8F287DD34E0085B38C /* TextViewIAView.xib in Resources */ = {isa = PBXBuildFile; fileRef = 6532BD8E287DD34E0085B38C /* TextViewIAView.xib */; };
		6532BD91287DD4240085B38C /* TextViewIAView.swift in Sources */ = {isa = PBXBuildFile; fileRef = 6532BD90287DD4240085B38C /* TextViewIAView.swift */; };
		6533D19A2884443900865B85 /* Protocols.swift in Sources */ = {isa = PBXBuildFile; fileRef = 6533D1992884443900865B85 /* Protocols.swift */; };
		65399079282AB3DE002EB0E8 /* AppDelegate.swift in Sources */ = {isa = PBXBuildFile; fileRef = 65399078282AB3DE002EB0E8 /* AppDelegate.swift */; };
		6539907B282AB3DE002EB0E8 /* SceneDelegate.swift in Sources */ = {isa = PBXBuildFile; fileRef = 6539907A282AB3DE002EB0E8 /* SceneDelegate.swift */; };
		65399080282AB3DE002EB0E8 /* Main.storyboard in Resources */ = {isa = PBXBuildFile; fileRef = 6539907E282AB3DE002EB0E8 /* Main.storyboard */; };
		65399083282AB3DE002EB0E8 /* LittlePrink.xcdatamodeld in Sources */ = {isa = PBXBuildFile; fileRef = 65399081282AB3DE002EB0E8 /* LittlePrink.xcdatamodeld */; };
		65399085282AB3E0002EB0E8 /* Assets.xcassets in Resources */ = {isa = PBXBuildFile; fileRef = 65399084282AB3E0002EB0E8 /* Assets.xcassets */; };
		65399088282AB3E0002EB0E8 /* LaunchScreen.storyboard in Resources */ = {isa = PBXBuildFile; fileRef = 65399086282AB3E0002EB0E8 /* LaunchScreen.storyboard */; };
		653C013728B522210046E430 /* LocalLogin-Extension.swift in Sources */ = {isa = PBXBuildFile; fileRef = 653C013628B522210046E430 /* LocalLogin-Extension.swift */; };
		65401A5328A8D7F000C4D07F /* DratNoteWaterfallCell.swift in Sources */ = {isa = PBXBuildFile; fileRef = 65401A5228A8D7F000C4D07F /* DratNoteWaterfallCell.swift */; };
		6572918328828BE400371CC2 /* ChannelTableVC.swift in Sources */ = {isa = PBXBuildFile; fileRef = 6572918228828BE400371CC2 /* ChannelTableVC.swift */; };
		657901CC2843D140009AA37A /* HomeVC.swift in Sources */ = {isa = PBXBuildFile; fileRef = 657901CB2843D140009AA37A /* HomeVC.swift */; };
		657EB41A2845189A00E6E507 /* DiscoveryVC.swift in Sources */ = {isa = PBXBuildFile; fileRef = 657EB4192845189A00E6E507 /* DiscoveryVC.swift */; };
		657EB41C284518CF00E6E507 /* NearByVC.swift in Sources */ = {isa = PBXBuildFile; fileRef = 657EB41B284518CF00E6E507 /* NearByVC.swift */; };
		657EB41E284518ED00E6E507 /* FollowVC.swift in Sources */ = {isa = PBXBuildFile; fileRef = 657EB41D284518ED00E6E507 /* FollowVC.swift */; };
		658E1E09286DF43F0099163E /* NoteEditVC-DragDrop.swift in Sources */ = {isa = PBXBuildFile; fileRef = 658E1E08286DF43F0099163E /* NoteEditVC-DragDrop.swift */; };
		658E248E289042FE00DC0BC5 /* POICell.swift in Sources */ = {isa = PBXBuildFile; fileRef = 658E248D289042FE00DC0BC5 /* POICell.swift */; };
		659029BC286A046200720B03 /* photoCell.swift in Sources */ = {isa = PBXBuildFile; fileRef = 659029BB286A046200720B03 /* photoCell.swift */; };
		65915E07289D883200FDB849 /* POIVC-KeywordsSearch.swift in Sources */ = {isa = PBXBuildFile; fileRef = 65915E06289D883200FDB849 /* POIVC-KeywordsSearch.swift */; };
		6598B23D2892E809005B8160 /* POIVC-Config.swift in Sources */ = {isa = PBXBuildFile; fileRef = 6598B23C2892E809005B8160 /* POIVC-Config.swift */; };
		6598B23F2892E88E005B8160 /* POIVC-Location.swift in Sources */ = {isa = PBXBuildFile; fileRef = 6598B23E2892E88E005B8160 /* POIVC-Location.swift */; };
		659BE76A2853B80A001FAD27 /* Localizable.strings in Resources */ = {isa = PBXBuildFile; fileRef = 659BE7682853B80A001FAD27 /* Localizable.strings */; };
		659BE76E2853BF66001FAD27 /* infoPlist.strings in Resources */ = {isa = PBXBuildFile; fileRef = 659BE7702853BF66001FAD27 /* infoPlist.strings */; };
		659E215E28885B3800A93873 /* POIVC.swift in Sources */ = {isa = PBXBuildFile; fileRef = 659E215D28885B3800A93873 /* POIVC.swift */; };
		65A6DDA1286CA14F00DA1988 /* Test.m in Sources */ = {isa = PBXBuildFile; fileRef = 65A6DDA0286CA14F00DA1988 /* Test.m */; };
		65AC4E24286B54E4003B51AC /* PhotoFooter.swift in Sources */ = {isa = PBXBuildFile; fileRef = 65AC4E23286B54E4003B51AC /* PhotoFooter.swift */; };
		65C58239284665BF00B68027 /* Constans.swift in Sources */ = {isa = PBXBuildFile; fileRef = 65C58238284665BF00B68027 /* Constans.swift */; };
		65CB08C42866E964009523A2 /* NoteEditVC.swift in Sources */ = {isa = PBXBuildFile; fileRef = 65CB08C32866E964009523A2 /* NoteEditVC.swift */; };
		65D1167D28C3534000291546 /* SocialLoginVC-Apple.swift in Sources */ = {isa = PBXBuildFile; fileRef = 65D1167C28C3534000291546 /* SocialLoginVC-Apple.swift */; };
		65D7DE6C2855079500ED858E /* TabBarC.swift in Sources */ = {isa = PBXBuildFile; fileRef = 65D7DE6B2855079500ED858E /* TabBarC.swift */; };
		65DE778A288283FF00FFF6B5 /* ChannelVC.swift in Sources */ = {isa = PBXBuildFile; fileRef = 65DE7789288283FF00FFF6B5 /* ChannelVC.swift */; };
		65DE81A6285A437A002F4541 /* PostVC.swift in Sources */ = {isa = PBXBuildFile; fileRef = 65DE81A5285A437A002F4541 /* PostVC.swift */; };
		65F35C6B28AEA50A00D10CEF /* MeVC.swift in Sources */ = {isa = PBXBuildFile; fileRef = 65F35C6A28AEA50A00D10CEF /* MeVC.swift */; };
		65F3C0FE2850FD52001F9F5C /* LocallzationTableViewController.swift in Sources */ = {isa = PBXBuildFile; fileRef = 65F3C0FD2850FD52001F9F5C /* LocallzationTableViewController.swift */; };
		65F59A6D28D62E070095F861 /* login-Extension.swift in Sources */ = {isa = PBXBuildFile; fileRef = 65F59A6C28D62E070095F861 /* login-Extension.swift */; };
		65F7773F28B91782008B7749 /* LoginVC.swift in Sources */ = {isa = PBXBuildFile; fileRef = 65F7773E28B91782008B7749 /* LoginVC.swift */; };
		CF913235B1B5BDC1E98FE707 /* Pods_LittlePrink.framework in Frameworks */ = {isa = PBXBuildFile; fileRef = 386924448731C16EC6CD740F /* Pods_LittlePrink.framework */; };
/* End PBXBuildFile section */

/* Begin PBXFileReference section */
		0A2307B628CB261A0058AC6F /* CodeLoginVC.swift */ = {isa = PBXFileReference; lastKnownFileType = sourcecode.swift; path = CodeLoginVC.swift; sourceTree = "<group>"; };
		0A2307B828CB267B0058AC6F /* PasswordLoginVC.swift */ = {isa = PBXFileReference; lastKnownFileType = sourcecode.swift; path = PasswordLoginVC.swift; sourceTree = "<group>"; };
		0A299A09286DC41C008B66E6 /* testVideo.mp4 */ = {isa = PBXFileReference; lastKnownFileType = file; name = testVideo.mp4; path = "iOS14+Swift5.3仿小红书实战教程(素材)/10-UICollectionView实战(素材)/10-18素材/testVideo.mp4"; sourceTree = SOURCE_ROOT; };
		0A39CAE6286E9F6600FA3FF5 /* NoteEditVC-collectionView.swift */ = {isa = PBXFileReference; lastKnownFileType = sourcecode.swift; path = "NoteEditVC-collectionView.swift"; sourceTree = "<group>"; };
		0A3E335228AA55E700D0936E /* WaterfallVC-LoadData.swift */ = {isa = PBXFileReference; lastKnownFileType = sourcecode.swift; path = "WaterfallVC-LoadData.swift"; sourceTree = "<group>"; };
		0A3E335428AA563B00D0936E /* WaterfallVC-Config.swift */ = {isa = PBXFileReference; lastKnownFileType = sourcecode.swift; path = "WaterfallVC-Config.swift"; sourceTree = "<group>"; };
		0A4702F828AB43E4002E684D /* WaterfallVC-DataSource.swift */ = {isa = PBXFileReference; lastKnownFileType = sourcecode.swift; path = "WaterfallVC-DataSource.swift"; sourceTree = "<group>"; };
		0A4702FA28AB4D39002E684D /* WaterfallVC-Delegate.swift */ = {isa = PBXFileReference; lastKnownFileType = sourcecode.swift; path = "WaterfallVC-Delegate.swift"; sourceTree = "<group>"; };
		0A4702FE28AB98F5002E684D /* NoteEditVC-Helper.swift */ = {isa = PBXFileReference; lastKnownFileType = sourcecode.swift; path = "NoteEditVC-Helper.swift"; sourceTree = "<group>"; };
		0A47030028AB9C21002E684D /* NoteEditVC-UI.swift */ = {isa = PBXFileReference; lastKnownFileType = sourcecode.swift; path = "NoteEditVC-UI.swift"; sourceTree = "<group>"; };
		0A47030228ABB918002E684D /* NoteEditVC-DraftNote.swift */ = {isa = PBXFileReference; lastKnownFileType = sourcecode.swift; path = "NoteEditVC-DraftNote.swift"; sourceTree = "<group>"; };
		0A60951428BF421600A29A98 /* libcrypto.a */ = {isa = PBXFileReference; lastKnownFileType = archive.ar; path = libcrypto.a; sourceTree = "<group>"; };
		0A60951628BF421600A29A98 /* openssl_wrapper.m */ = {isa = PBXFileReference; fileEncoding = 4; lastKnownFileType = sourcecode.c.objc; path = openssl_wrapper.m; sourceTree = "<group>"; };
		0A60951728BF421600A29A98 /* APRSASigner.h */ = {isa = PBXFileReference; fileEncoding = 4; lastKnownFileType = sourcecode.c.h; path = APRSASigner.h; sourceTree = "<group>"; };
		0A60951828BF421600A29A98 /* openssl_wrapper.h */ = {isa = PBXFileReference; fileEncoding = 4; lastKnownFileType = sourcecode.c.h; path = openssl_wrapper.h; sourceTree = "<group>"; };
		0A60951928BF421600A29A98 /* APRSASigner.m */ = {isa = PBXFileReference; fileEncoding = 4; lastKnownFileType = sourcecode.c.objc; path = APRSASigner.m; sourceTree = "<group>"; };
		0A60951A28BF421600A29A98 /* libssl.a */ = {isa = PBXFileReference; lastKnownFileType = archive.ar; path = libssl.a; sourceTree = "<group>"; };
		0A60951C28BF421600A29A98 /* pem2.h */ = {isa = PBXFileReference; fileEncoding = 4; lastKnownFileType = sourcecode.c.h; path = pem2.h; sourceTree = "<group>"; };
		0A60951D28BF421600A29A98 /* pem.h */ = {isa = PBXFileReference; fileEncoding = 4; lastKnownFileType = sourcecode.c.h; path = pem.h; sourceTree = "<group>"; };
		0A60951E28BF421600A29A98 /* ssl3.h */ = {isa = PBXFileReference; fileEncoding = 4; lastKnownFileType = sourcecode.c.h; path = ssl3.h; sourceTree = "<group>"; };
		0A60951F28BF421600A29A98 /* ossl_typ.h */ = {isa = PBXFileReference; fileEncoding = 4; lastKnownFileType = sourcecode.c.h; path = ossl_typ.h; sourceTree = "<group>"; };
		0A60952028BF421600A29A98 /* dtls1.h */ = {isa = PBXFileReference; fileEncoding = 4; lastKnownFileType = sourcecode.c.h; path = dtls1.h; sourceTree = "<group>"; };
		0A60952128BF421600A29A98 /* err.h */ = {isa = PBXFileReference; fileEncoding = 4; lastKnownFileType = sourcecode.c.h; path = err.h; sourceTree = "<group>"; };
		0A60952228BF421600A29A98 /* bn.h */ = {isa = PBXFileReference; fileEncoding = 4; lastKnownFileType = sourcecode.c.h; path = bn.h; sourceTree = "<group>"; };
		0A60952328BF421600A29A98 /* blowfish.h */ = {isa = PBXFileReference; fileEncoding = 4; lastKnownFileType = sourcecode.c.h; path = blowfish.h; sourceTree = "<group>"; };
		0A60952428BF421600A29A98 /* cms.h */ = {isa = PBXFileReference; fileEncoding = 4; lastKnownFileType = sourcecode.c.h; path = cms.h; sourceTree = "<group>"; };
		0A60952528BF421600A29A98 /* engine.h */ = {isa = PBXFileReference; fileEncoding = 4; lastKnownFileType = sourcecode.c.h; path = engine.h; sourceTree = "<group>"; };
		0A60952628BF421600A29A98 /* conf_api.h */ = {isa = PBXFileReference; fileEncoding = 4; lastKnownFileType = sourcecode.c.h; path = conf_api.h; sourceTree = "<group>"; };
		0A60952728BF421600A29A98 /* x509.h */ = {isa = PBXFileReference; fileEncoding = 4; lastKnownFileType = sourcecode.c.h; path = x509.h; sourceTree = "<group>"; };
		0A60952828BF421600A29A98 /* asn1_mac.h */ = {isa = PBXFileReference; fileEncoding = 4; lastKnownFileType = sourcecode.c.h; path = asn1_mac.h; sourceTree = "<group>"; };
		0A60952928BF421600A29A98 /* ui.h */ = {isa = PBXFileReference; fileEncoding = 4; lastKnownFileType = sourcecode.c.h; path = ui.h; sourceTree = "<group>"; };
		0A60952A28BF421600A29A98 /* kssl.h */ = {isa = PBXFileReference; fileEncoding = 4; lastKnownFileType = sourcecode.c.h; path = kssl.h; sourceTree = "<group>"; };
		0A60952B28BF421600A29A98 /* sha.h */ = {isa = PBXFileReference; fileEncoding = 4; lastKnownFileType = sourcecode.c.h; path = sha.h; sourceTree = "<group>"; };
		0A60952C28BF421600A29A98 /* symhacks.h */ = {isa = PBXFileReference; fileEncoding = 4; lastKnownFileType = sourcecode.c.h; path = symhacks.h; sourceTree = "<group>"; };
		0A60952D28BF421600A29A98 /* asn1.h */ = {isa = PBXFileReference; fileEncoding = 4; lastKnownFileType = sourcecode.c.h; path = asn1.h; sourceTree = "<group>"; };
		0A60952E28BF421600A29A98 /* opensslconf.h */ = {isa = PBXFileReference; fileEncoding = 4; lastKnownFileType = sourcecode.c.h; path = opensslconf.h; sourceTree = "<group>"; };
		0A60952F28BF421600A29A98 /* bio.h */ = {isa = PBXFileReference; fileEncoding = 4; lastKnownFileType = sourcecode.c.h; path = bio.h; sourceTree = "<group>"; };
		0A60953028BF421600A29A98 /* rc2.h */ = {isa = PBXFileReference; fileEncoding = 4; lastKnownFileType = sourcecode.c.h; path = rc2.h; sourceTree = "<group>"; };
		0A60953128BF421600A29A98 /* dh.h */ = {isa = PBXFileReference; fileEncoding = 4; lastKnownFileType = sourcecode.c.h; path = dh.h; sourceTree = "<group>"; };
		0A60953228BF421600A29A98 /* ui_compat.h */ = {isa = PBXFileReference; fileEncoding = 4; lastKnownFileType = sourcecode.c.h; path = ui_compat.h; sourceTree = "<group>"; };
		0A60953328BF421600A29A98 /* x509v3.h */ = {isa = PBXFileReference; fileEncoding = 4; lastKnownFileType = sourcecode.c.h; path = x509v3.h; sourceTree = "<group>"; };
		0A60953428BF421600A29A98 /* ssl23.h */ = {isa = PBXFileReference; fileEncoding = 4; lastKnownFileType = sourcecode.c.h; path = ssl23.h; sourceTree = "<group>"; };
		0A60953528BF421600A29A98 /* conf.h */ = {isa = PBXFileReference; fileEncoding = 4; lastKnownFileType = sourcecode.c.h; path = conf.h; sourceTree = "<group>"; };
		0A60953628BF421600A29A98 /* md5.h */ = {isa = PBXFileReference; fileEncoding = 4; lastKnownFileType = sourcecode.c.h; path = md5.h; sourceTree = "<group>"; };
		0A60953728BF421600A29A98 /* x509_vfy.h */ = {isa = PBXFileReference; fileEncoding = 4; lastKnownFileType = sourcecode.c.h; path = x509_vfy.h; sourceTree = "<group>"; };
		0A60953828BF421600A29A98 /* txt_db.h */ = {isa = PBXFileReference; fileEncoding = 4; lastKnownFileType = sourcecode.c.h; path = txt_db.h; sourceTree = "<group>"; };
		0A60953928BF421600A29A98 /* safestack.h */ = {isa = PBXFileReference; fileEncoding = 4; lastKnownFileType = sourcecode.c.h; path = safestack.h; sourceTree = "<group>"; };
		0A60953A28BF421600A29A98 /* ecdsa.h */ = {isa = PBXFileReference; fileEncoding = 4; lastKnownFileType = sourcecode.c.h; path = ecdsa.h; sourceTree = "<group>"; };
		0A60953B28BF421600A29A98 /* objects.h */ = {isa = PBXFileReference; fileEncoding = 4; lastKnownFileType = sourcecode.c.h; path = objects.h; sourceTree = "<group>"; };
		0A60953C28BF421600A29A98 /* pkcs12.h */ = {isa = PBXFileReference; fileEncoding = 4; lastKnownFileType = sourcecode.c.h; path = pkcs12.h; sourceTree = "<group>"; };
		0A60953D28BF421600A29A98 /* crypto.h */ = {isa = PBXFileReference; fileEncoding = 4; lastKnownFileType = sourcecode.c.h; path = crypto.h; sourceTree = "<group>"; };
		0A60953E28BF421600A29A98 /* opensslv.h */ = {isa = PBXFileReference; fileEncoding = 4; lastKnownFileType = sourcecode.c.h; path = opensslv.h; sourceTree = "<group>"; };
		0A60953F28BF421600A29A98 /* pkcs7.h */ = {isa = PBXFileReference; fileEncoding = 4; lastKnownFileType = sourcecode.c.h; path = pkcs7.h; sourceTree = "<group>"; };
		0A60954028BF421600A29A98 /* obj_mac.h */ = {isa = PBXFileReference; fileEncoding = 4; lastKnownFileType = sourcecode.c.h; path = obj_mac.h; sourceTree = "<group>"; };
		0A60954128BF421600A29A98 /* buffer.h */ = {isa = PBXFileReference; fileEncoding = 4; lastKnownFileType = sourcecode.c.h; path = buffer.h; sourceTree = "<group>"; };
		0A60954228BF421600A29A98 /* ssl.h */ = {isa = PBXFileReference; fileEncoding = 4; lastKnownFileType = sourcecode.c.h; path = ssl.h; sourceTree = "<group>"; };
		0A60954328BF421600A29A98 /* srp.h */ = {isa = PBXFileReference; fileEncoding = 4; lastKnownFileType = sourcecode.c.h; path = srp.h; sourceTree = "<group>"; };
		0A60954428BF421600A29A98 /* camellia.h */ = {isa = PBXFileReference; fileEncoding = 4; lastKnownFileType = sourcecode.c.h; path = camellia.h; sourceTree = "<group>"; };
		0A60954528BF421600A29A98 /* evp.h */ = {isa = PBXFileReference; fileEncoding = 4; lastKnownFileType = sourcecode.c.h; path = evp.h; sourceTree = "<group>"; };
		0A60954628BF421600A29A98 /* e_os2.h */ = {isa = PBXFileReference; fileEncoding = 4; lastKnownFileType = sourcecode.c.h; path = e_os2.h; sourceTree = "<group>"; };
		0A60954728BF421600A29A98 /* md4.h */ = {isa = PBXFileReference; fileEncoding = 4; lastKnownFileType = sourcecode.c.h; path = md4.h; sourceTree = "<group>"; };
		0A60954828BF421600A29A98 /* hmac.h */ = {isa = PBXFileReference; fileEncoding = 4; lastKnownFileType = sourcecode.c.h; path = hmac.h; sourceTree = "<group>"; };
		0A60954928BF421600A29A98 /* aes.h */ = {isa = PBXFileReference; fileEncoding = 4; lastKnownFileType = sourcecode.c.h; path = aes.h; sourceTree = "<group>"; };
		0A60954A28BF421600A29A98 /* comp.h */ = {isa = PBXFileReference; fileEncoding = 4; lastKnownFileType = sourcecode.c.h; path = comp.h; sourceTree = "<group>"; };
		0A60954B28BF421600A29A98 /* cast.h */ = {isa = PBXFileReference; fileEncoding = 4; lastKnownFileType = sourcecode.c.h; path = cast.h; sourceTree = "<group>"; };
		0A60954C28BF421600A29A98 /* rc4.h */ = {isa = PBXFileReference; fileEncoding = 4; lastKnownFileType = sourcecode.c.h; path = rc4.h; sourceTree = "<group>"; };
		0A60954D28BF421600A29A98 /* stack.h */ = {isa = PBXFileReference; fileEncoding = 4; lastKnownFileType = sourcecode.c.h; path = stack.h; sourceTree = "<group>"; };
		0A60954E28BF421600A29A98 /* des.h */ = {isa = PBXFileReference; fileEncoding = 4; lastKnownFileType = sourcecode.c.h; path = des.h; sourceTree = "<group>"; };
		0A60954F28BF421600A29A98 /* ocsp.h */ = {isa = PBXFileReference; fileEncoding = 4; lastKnownFileType = sourcecode.c.h; path = ocsp.h; sourceTree = "<group>"; };
		0A60955028BF421600A29A98 /* ec.h */ = {isa = PBXFileReference; fileEncoding = 4; lastKnownFileType = sourcecode.c.h; path = ec.h; sourceTree = "<group>"; };
		0A60955128BF421600A29A98 /* ecdh.h */ = {isa = PBXFileReference; fileEncoding = 4; lastKnownFileType = sourcecode.c.h; path = ecdh.h; sourceTree = "<group>"; };
		0A60955228BF421600A29A98 /* rand.h */ = {isa = PBXFileReference; fileEncoding = 4; lastKnownFileType = sourcecode.c.h; path = rand.h; sourceTree = "<group>"; };
		0A60955328BF421600A29A98 /* ts.h */ = {isa = PBXFileReference; fileEncoding = 4; lastKnownFileType = sourcecode.c.h; path = ts.h; sourceTree = "<group>"; };
		0A60955428BF421600A29A98 /* pqueue.h */ = {isa = PBXFileReference; fileEncoding = 4; lastKnownFileType = sourcecode.c.h; path = pqueue.h; sourceTree = "<group>"; };
		0A60955528BF421600A29A98 /* dso.h */ = {isa = PBXFileReference; fileEncoding = 4; lastKnownFileType = sourcecode.c.h; path = dso.h; sourceTree = "<group>"; };
		0A60955628BF421600A29A98 /* seed.h */ = {isa = PBXFileReference; fileEncoding = 4; lastKnownFileType = sourcecode.c.h; path = seed.h; sourceTree = "<group>"; };
		0A60955728BF421600A29A98 /* modes.h */ = {isa = PBXFileReference; fileEncoding = 4; lastKnownFileType = sourcecode.c.h; path = modes.h; sourceTree = "<group>"; };
		0A60955828BF421600A29A98 /* ssl2.h */ = {isa = PBXFileReference; fileEncoding = 4; lastKnownFileType = sourcecode.c.h; path = ssl2.h; sourceTree = "<group>"; };
		0A60955928BF421600A29A98 /* rsa.h */ = {isa = PBXFileReference; fileEncoding = 4; lastKnownFileType = sourcecode.c.h; path = rsa.h; sourceTree = "<group>"; };
		0A60955A28BF421600A29A98 /* krb5_asn.h */ = {isa = PBXFileReference; fileEncoding = 4; lastKnownFileType = sourcecode.c.h; path = krb5_asn.h; sourceTree = "<group>"; };
		0A60955B28BF421600A29A98 /* des_old.h */ = {isa = PBXFileReference; fileEncoding = 4; lastKnownFileType = sourcecode.c.h; path = des_old.h; sourceTree = "<group>"; };
		0A60955C28BF421600A29A98 /* ripemd.h */ = {isa = PBXFileReference; fileEncoding = 4; lastKnownFileType = sourcecode.c.h; path = ripemd.h; sourceTree = "<group>"; };
		0A60955D28BF421600A29A98 /* whrlpool.h */ = {isa = PBXFileReference; fileEncoding = 4; lastKnownFileType = sourcecode.c.h; path = whrlpool.h; sourceTree = "<group>"; };
		0A60955E28BF421600A29A98 /* tls1.h */ = {isa = PBXFileReference; fileEncoding = 4; lastKnownFileType = sourcecode.c.h; path = tls1.h; sourceTree = "<group>"; };
		0A60955F28BF421600A29A98 /* mdc2.h */ = {isa = PBXFileReference; fileEncoding = 4; lastKnownFileType = sourcecode.c.h; path = mdc2.h; sourceTree = "<group>"; };
		0A60956028BF421600A29A98 /* dsa.h */ = {isa = PBXFileReference; fileEncoding = 4; lastKnownFileType = sourcecode.c.h; path = dsa.h; sourceTree = "<group>"; };
		0A60956128BF421600A29A98 /* srtp.h */ = {isa = PBXFileReference; fileEncoding = 4; lastKnownFileType = sourcecode.c.h; path = srtp.h; sourceTree = "<group>"; };
		0A60956228BF421600A29A98 /* asn1t.h */ = {isa = PBXFileReference; fileEncoding = 4; lastKnownFileType = sourcecode.c.h; path = asn1t.h; sourceTree = "<group>"; };
		0A60956328BF421600A29A98 /* cmac.h */ = {isa = PBXFileReference; fileEncoding = 4; lastKnownFileType = sourcecode.c.h; path = cmac.h; sourceTree = "<group>"; };
		0A60956428BF421600A29A98 /* ebcdic.h */ = {isa = PBXFileReference; fileEncoding = 4; lastKnownFileType = sourcecode.c.h; path = ebcdic.h; sourceTree = "<group>"; };
		0A60956528BF421600A29A98 /* idea.h */ = {isa = PBXFileReference; fileEncoding = 4; lastKnownFileType = sourcecode.c.h; path = idea.h; sourceTree = "<group>"; };
		0A60956628BF421600A29A98 /* lhash.h */ = {isa = PBXFileReference; fileEncoding = 4; lastKnownFileType = sourcecode.c.h; path = lhash.h; sourceTree = "<group>"; };
		0A90A9A328BE1CA800C08E26 /* SocialLoginVC.swift */ = {isa = PBXFileReference; lastKnownFileType = sourcecode.swift; path = SocialLoginVC.swift; sourceTree = "<group>"; };
		0A90A9A528BE1CF600C08E26 /* SocialLoginVC-Alipay.swift */ = {isa = PBXFileReference; lastKnownFileType = sourcecode.swift; path = "SocialLoginVC-Alipay.swift"; sourceTree = "<group>"; };
		0AC589E9286AFA5F00B00AE4 /* MyViewController.playground */ = {isa = PBXFileReference; lastKnownFileType = file.playground; path = MyViewController.playground; sourceTree = "<group>"; xcLanguageSpecificationIdentifier = xcode.lang.swift; };
		1F0428180353BB82DCF7E145 /* Pods-LittlePrink.debug.xcconfig */ = {isa = PBXFileReference; includeInIndex = 1; lastKnownFileType = text.xcconfig; name = "Pods-LittlePrink.debug.xcconfig"; path = "Target Support Files/Pods-LittlePrink/Pods-LittlePrink.debug.xcconfig"; sourceTree = "<group>"; };
		386924448731C16EC6CD740F /* Pods_LittlePrink.framework */ = {isa = PBXFileReference; explicitFileType = wrapper.framework; includeInIndex = 0; path = Pods_LittlePrink.framework; sourceTree = BUILT_PRODUCTS_DIR; };
		4D172F6721621EA095639AF7 /* Pods-LittlePrink.release.xcconfig */ = {isa = PBXFileReference; includeInIndex = 1; lastKnownFileType = text.xcconfig; name = "Pods-LittlePrink.release.xcconfig"; path = "Target Support Files/Pods-LittlePrink/Pods-LittlePrink.release.xcconfig"; sourceTree = "<group>"; };
		650516DF28D5932000CE67B4 /* LC-Extensions.swift */ = {isa = PBXFileReference; lastKnownFileType = sourcecode.swift; path = "LC-Extensions.swift"; sourceTree = "<group>"; };
		65094578285D9D1C0009FEAD /* System-Extension.swift */ = {isa = PBXFileReference; lastKnownFileType = sourcecode.swift; path = "System-Extension.swift"; sourceTree = "<group>"; };
		650B72B228523C5B0079BF1A /* zh-Hans */ = {isa = PBXFileReference; lastKnownFileType = text.plist.strings; name = "zh-Hans"; path = "zh-Hans.lproj/Main.strings"; sourceTree = "<group>"; };
		650DBEC2284C611C002B07AF /* WaterfallVC.swift */ = {isa = PBXFileReference; lastKnownFileType = sourcecode.swift; path = WaterfallVC.swift; sourceTree = "<group>"; };
		650DBEC4284C69CE002B07AF /* WaterfallCell.swift */ = {isa = PBXFileReference; lastKnownFileType = sourcecode.swift; path = WaterfallCell.swift; sourceTree = "<group>"; };
		650DBEC6284C7053002B07AF /* CollectionViewController.swift */ = {isa = PBXFileReference; lastKnownFileType = sourcecode.swift; path = CollectionViewController.swift; sourceTree = "<group>"; };
		653101C32873407800702796 /* NoteEditVC-Config.swift */ = {isa = PBXFileReference; lastKnownFileType = sourcecode.swift; path = "NoteEditVC-Config.swift"; sourceTree = "<group>"; };
		6532BD8E287DD34E0085B38C /* TextViewIAView.xib */ = {isa = PBXFileReference; lastKnownFileType = file.xib; path = TextViewIAView.xib; sourceTree = "<group>"; };
		6532BD90287DD4240085B38C /* TextViewIAView.swift */ = {isa = PBXFileReference; lastKnownFileType = sourcecode.swift; path = TextViewIAView.swift; sourceTree = "<group>"; };
		6533D1992884443900865B85 /* Protocols.swift */ = {isa = PBXFileReference; lastKnownFileType = sourcecode.swift; path = Protocols.swift; sourceTree = "<group>"; };
		65399075282AB3DE002EB0E8 /* LittlePrink.app */ = {isa = PBXFileReference; explicitFileType = wrapper.application; includeInIndex = 0; path = LittlePrink.app; sourceTree = BUILT_PRODUCTS_DIR; };
		65399078282AB3DE002EB0E8 /* AppDelegate.swift */ = {isa = PBXFileReference; lastKnownFileType = sourcecode.swift; path = AppDelegate.swift; sourceTree = "<group>"; };
		6539907A282AB3DE002EB0E8 /* SceneDelegate.swift */ = {isa = PBXFileReference; lastKnownFileType = sourcecode.swift; path = SceneDelegate.swift; sourceTree = "<group>"; };
		6539907F282AB3DE002EB0E8 /* Base */ = {isa = PBXFileReference; lastKnownFileType = file.storyboard; name = Base; path = Base.lproj/Main.storyboard; sourceTree = "<group>"; };
		65399082282AB3DE002EB0E8 /* LittlePrink.xcdatamodel */ = {isa = PBXFileReference; lastKnownFileType = wrapper.xcdatamodel; path = LittlePrink.xcdatamodel; sourceTree = "<group>"; };
		65399084282AB3E0002EB0E8 /* Assets.xcassets */ = {isa = PBXFileReference; lastKnownFileType = folder.assetcatalog; path = Assets.xcassets; sourceTree = "<group>"; };
		65399087282AB3E0002EB0E8 /* Base */ = {isa = PBXFileReference; lastKnownFileType = file.storyboard; name = Base; path = Base.lproj/LaunchScreen.storyboard; sourceTree = "<group>"; };
		65399089282AB3E0002EB0E8 /* Info.plist */ = {isa = PBXFileReference; lastKnownFileType = text.plist.xml; path = Info.plist; sourceTree = "<group>"; };
		653C013628B522210046E430 /* LocalLogin-Extension.swift */ = {isa = PBXFileReference; lastKnownFileType = sourcecode.swift; path = "LocalLogin-Extension.swift"; sourceTree = "<group>"; };
		65401A5228A8D7F000C4D07F /* DratNoteWaterfallCell.swift */ = {isa = PBXFileReference; lastKnownFileType = sourcecode.swift; path = DratNoteWaterfallCell.swift; sourceTree = "<group>"; };
		656D6A1E2871585B007FCAF8 /* Location.gpx */ = {isa = PBXFileReference; lastKnownFileType = text.xml; path = Location.gpx; sourceTree = "<group>"; };
		6572918228828BE400371CC2 /* ChannelTableVC.swift */ = {isa = PBXFileReference; lastKnownFileType = sourcecode.swift; path = ChannelTableVC.swift; sourceTree = "<group>"; };
		657901CB2843D140009AA37A /* HomeVC.swift */ = {isa = PBXFileReference; lastKnownFileType = sourcecode.swift; path = HomeVC.swift; sourceTree = "<group>"; };
		657EB4192845189A00E6E507 /* DiscoveryVC.swift */ = {isa = PBXFileReference; lastKnownFileType = sourcecode.swift; path = DiscoveryVC.swift; sourceTree = "<group>"; };
		657EB41B284518CF00E6E507 /* NearByVC.swift */ = {isa = PBXFileReference; lastKnownFileType = sourcecode.swift; path = NearByVC.swift; sourceTree = "<group>"; };
		657EB41D284518ED00E6E507 /* FollowVC.swift */ = {isa = PBXFileReference; lastKnownFileType = sourcecode.swift; path = FollowVC.swift; sourceTree = "<group>"; };
		658E1E08286DF43F0099163E /* NoteEditVC-DragDrop.swift */ = {isa = PBXFileReference; lastKnownFileType = sourcecode.swift; path = "NoteEditVC-DragDrop.swift"; sourceTree = "<group>"; };
		658E248D289042FE00DC0BC5 /* POICell.swift */ = {isa = PBXFileReference; lastKnownFileType = sourcecode.swift; path = POICell.swift; sourceTree = "<group>"; };
		659029BB286A046200720B03 /* photoCell.swift */ = {isa = PBXFileReference; lastKnownFileType = sourcecode.swift; path = photoCell.swift; sourceTree = "<group>"; };
		65915E06289D883200FDB849 /* POIVC-KeywordsSearch.swift */ = {isa = PBXFileReference; lastKnownFileType = sourcecode.swift; path = "POIVC-KeywordsSearch.swift"; sourceTree = "<group>"; };
		6598B23C2892E809005B8160 /* POIVC-Config.swift */ = {isa = PBXFileReference; lastKnownFileType = sourcecode.swift; path = "POIVC-Config.swift"; sourceTree = "<group>"; };
		6598B23E2892E88E005B8160 /* POIVC-Location.swift */ = {isa = PBXFileReference; lastKnownFileType = sourcecode.swift; path = "POIVC-Location.swift"; sourceTree = "<group>"; };
		659BE7692853B80A001FAD27 /* zh-Hans */ = {isa = PBXFileReference; lastKnownFileType = text.plist.strings; name = "zh-Hans"; path = "zh-Hans.lproj/Localizable.strings"; sourceTree = "<group>"; };
		659BE76B2853B98B001FAD27 /* en */ = {isa = PBXFileReference; lastKnownFileType = text.plist.strings; name = en; path = en.lproj/Localizable.strings; sourceTree = "<group>"; };
		659BE76F2853BF66001FAD27 /* en */ = {isa = PBXFileReference; lastKnownFileType = text.plist.strings; name = en; path = en.lproj/infoPlist.strings; sourceTree = "<group>"; };
		659BE7712853BF68001FAD27 /* zh-Hans */ = {isa = PBXFileReference; lastKnownFileType = text.plist.strings; name = "zh-Hans"; path = "zh-Hans.lproj/infoPlist.strings"; sourceTree = "<group>"; };
		659E215D28885B3800A93873 /* POIVC.swift */ = {isa = PBXFileReference; lastKnownFileType = sourcecode.swift; path = POIVC.swift; sourceTree = "<group>"; };
		65A6DD9E286CA14F00DA1988 /* LittlePrink-Bridging-Header.h */ = {isa = PBXFileReference; lastKnownFileType = sourcecode.c.h; path = "LittlePrink-Bridging-Header.h"; sourceTree = "<group>"; };
		65A6DD9F286CA14F00DA1988 /* Test.h */ = {isa = PBXFileReference; lastKnownFileType = sourcecode.c.h; path = Test.h; sourceTree = "<group>"; };
		65A6DDA0286CA14F00DA1988 /* Test.m */ = {isa = PBXFileReference; lastKnownFileType = sourcecode.c.objc; path = Test.m; sourceTree = "<group>"; };
		65AC4E23286B54E4003B51AC /* PhotoFooter.swift */ = {isa = PBXFileReference; lastKnownFileType = sourcecode.swift; path = PhotoFooter.swift; sourceTree = "<group>"; };
		65C58238284665BF00B68027 /* Constans.swift */ = {isa = PBXFileReference; lastKnownFileType = sourcecode.swift; path = Constans.swift; sourceTree = "<group>"; };
		65CB08C32866E964009523A2 /* NoteEditVC.swift */ = {isa = PBXFileReference; lastKnownFileType = sourcecode.swift; path = NoteEditVC.swift; sourceTree = "<group>"; };
		65D1167B28C34E8500291546 /* LittlePrink.entitlements */ = {isa = PBXFileReference; lastKnownFileType = text.plist.entitlements; path = LittlePrink.entitlements; sourceTree = "<group>"; };
		65D1167C28C3534000291546 /* SocialLoginVC-Apple.swift */ = {isa = PBXFileReference; lastKnownFileType = sourcecode.swift; path = "SocialLoginVC-Apple.swift"; sourceTree = "<group>"; };
		65D7DE6B2855079500ED858E /* TabBarC.swift */ = {isa = PBXFileReference; lastKnownFileType = sourcecode.swift; path = TabBarC.swift; sourceTree = "<group>"; };
		65DE7789288283FF00FFF6B5 /* ChannelVC.swift */ = {isa = PBXFileReference; lastKnownFileType = sourcecode.swift; path = ChannelVC.swift; sourceTree = "<group>"; };
		65DE81A5285A437A002F4541 /* PostVC.swift */ = {isa = PBXFileReference; lastKnownFileType = sourcecode.swift; path = PostVC.swift; sourceTree = "<group>"; };
		65F35C6A28AEA50A00D10CEF /* MeVC.swift */ = {isa = PBXFileReference; lastKnownFileType = sourcecode.swift; path = MeVC.swift; sourceTree = "<group>"; };
		65F3C0FD2850FD52001F9F5C /* LocallzationTableViewController.swift */ = {isa = PBXFileReference; lastKnownFileType = sourcecode.swift; path = LocallzationTableViewController.swift; sourceTree = "<group>"; };
		65F3C1002850FE5D001F9F5C /* zh-Hans */ = {isa = PBXFileReference; lastKnownFileType = text.plist.strings; name = "zh-Hans"; path = "zh-Hans.lproj/LaunchScreen.strings"; sourceTree = "<group>"; };
		65F59A6C28D62E070095F861 /* login-Extension.swift */ = {isa = PBXFileReference; lastKnownFileType = sourcecode.swift; path = "login-Extension.swift"; sourceTree = "<group>"; };
		65F7773E28B91782008B7749 /* LoginVC.swift */ = {isa = PBXFileReference; fileEncoding = 4; lastKnownFileType = sourcecode.swift; path = LoginVC.swift; sourceTree = "<group>"; };
/* End PBXFileReference section */

/* Begin PBXFrameworksBuildPhase section */
		65399072282AB3DE002EB0E8 /* Frameworks */ = {
			isa = PBXFrameworksBuildPhase;
			buildActionMask = 2147483647;
			files = (
				0A60956728BF421600A29A98 /* libcrypto.a in Frameworks */,
				CF913235B1B5BDC1E98FE707 /* Pods_LittlePrink.framework in Frameworks */,
				0A60956A28BF421600A29A98 /* libssl.a in Frameworks */,
			);
			runOnlyForDeploymentPostprocessing = 0;
		};
/* End PBXFrameworksBuildPhase section */

/* Begin PBXGroup section */
		0A05887C28B8CB5F00FC339A /* Extension */ = {
			isa = PBXGroup;
			children = (
				653C013628B522210046E430 /* LocalLogin-Extension.swift */,
				65F59A6C28D62E070095F861 /* login-Extension.swift */,
				65094578285D9D1C0009FEAD /* System-Extension.swift */,
				650516DF28D5932000CE67B4 /* LC-Extensions.swift */,
			);
			path = Extension;
			sourceTree = "<group>";
		};
		0A60951328BF421600A29A98 /* AliPay */ = {
			isa = PBXGroup;
			children = (
				0A60951428BF421600A29A98 /* libcrypto.a */,
				0A60951528BF421600A29A98 /* Utils */,
				0A60951A28BF421600A29A98 /* libssl.a */,
				0A60951B28BF421600A29A98 /* openssl */,
			);
			path = AliPay;
			sourceTree = "<group>";
		};
		0A60951528BF421600A29A98 /* Utils */ = {
			isa = PBXGroup;
			children = (
				0A60951628BF421600A29A98 /* openssl_wrapper.m */,
				0A60951728BF421600A29A98 /* APRSASigner.h */,
				0A60951828BF421600A29A98 /* openssl_wrapper.h */,
				0A60951928BF421600A29A98 /* APRSASigner.m */,
			);
			path = Utils;
			sourceTree = "<group>";
		};
		0A60951B28BF421600A29A98 /* openssl */ = {
			isa = PBXGroup;
			children = (
				0A60951C28BF421600A29A98 /* pem2.h */,
				0A60951D28BF421600A29A98 /* pem.h */,
				0A60951E28BF421600A29A98 /* ssl3.h */,
				0A60951F28BF421600A29A98 /* ossl_typ.h */,
				0A60952028BF421600A29A98 /* dtls1.h */,
				0A60952128BF421600A29A98 /* err.h */,
				0A60952228BF421600A29A98 /* bn.h */,
				0A60952328BF421600A29A98 /* blowfish.h */,
				0A60952428BF421600A29A98 /* cms.h */,
				0A60952528BF421600A29A98 /* engine.h */,
				0A60952628BF421600A29A98 /* conf_api.h */,
				0A60952728BF421600A29A98 /* x509.h */,
				0A60952828BF421600A29A98 /* asn1_mac.h */,
				0A60952928BF421600A29A98 /* ui.h */,
				0A60952A28BF421600A29A98 /* kssl.h */,
				0A60952B28BF421600A29A98 /* sha.h */,
				0A60952C28BF421600A29A98 /* symhacks.h */,
				0A60952D28BF421600A29A98 /* asn1.h */,
				0A60952E28BF421600A29A98 /* opensslconf.h */,
				0A60952F28BF421600A29A98 /* bio.h */,
				0A60953028BF421600A29A98 /* rc2.h */,
				0A60953128BF421600A29A98 /* dh.h */,
				0A60953228BF421600A29A98 /* ui_compat.h */,
				0A60953328BF421600A29A98 /* x509v3.h */,
				0A60953428BF421600A29A98 /* ssl23.h */,
				0A60953528BF421600A29A98 /* conf.h */,
				0A60953628BF421600A29A98 /* md5.h */,
				0A60953728BF421600A29A98 /* x509_vfy.h */,
				0A60953828BF421600A29A98 /* txt_db.h */,
				0A60953928BF421600A29A98 /* safestack.h */,
				0A60953A28BF421600A29A98 /* ecdsa.h */,
				0A60953B28BF421600A29A98 /* objects.h */,
				0A60953C28BF421600A29A98 /* pkcs12.h */,
				0A60953D28BF421600A29A98 /* crypto.h */,
				0A60953E28BF421600A29A98 /* opensslv.h */,
				0A60953F28BF421600A29A98 /* pkcs7.h */,
				0A60954028BF421600A29A98 /* obj_mac.h */,
				0A60954128BF421600A29A98 /* buffer.h */,
				0A60954228BF421600A29A98 /* ssl.h */,
				0A60954328BF421600A29A98 /* srp.h */,
				0A60954428BF421600A29A98 /* camellia.h */,
				0A60954528BF421600A29A98 /* evp.h */,
				0A60954628BF421600A29A98 /* e_os2.h */,
				0A60954728BF421600A29A98 /* md4.h */,
				0A60954828BF421600A29A98 /* hmac.h */,
				0A60954928BF421600A29A98 /* aes.h */,
				0A60954A28BF421600A29A98 /* comp.h */,
				0A60954B28BF421600A29A98 /* cast.h */,
				0A60954C28BF421600A29A98 /* rc4.h */,
				0A60954D28BF421600A29A98 /* stack.h */,
				0A60954E28BF421600A29A98 /* des.h */,
				0A60954F28BF421600A29A98 /* ocsp.h */,
				0A60955028BF421600A29A98 /* ec.h */,
				0A60955128BF421600A29A98 /* ecdh.h */,
				0A60955228BF421600A29A98 /* rand.h */,
				0A60955328BF421600A29A98 /* ts.h */,
				0A60955428BF421600A29A98 /* pqueue.h */,
				0A60955528BF421600A29A98 /* dso.h */,
				0A60955628BF421600A29A98 /* seed.h */,
				0A60955728BF421600A29A98 /* modes.h */,
				0A60955828BF421600A29A98 /* ssl2.h */,
				0A60955928BF421600A29A98 /* rsa.h */,
				0A60955A28BF421600A29A98 /* krb5_asn.h */,
				0A60955B28BF421600A29A98 /* des_old.h */,
				0A60955C28BF421600A29A98 /* ripemd.h */,
				0A60955D28BF421600A29A98 /* whrlpool.h */,
				0A60955E28BF421600A29A98 /* tls1.h */,
				0A60955F28BF421600A29A98 /* mdc2.h */,
				0A60956028BF421600A29A98 /* dsa.h */,
				0A60956128BF421600A29A98 /* srtp.h */,
				0A60956228BF421600A29A98 /* asn1t.h */,
				0A60956328BF421600A29A98 /* cmac.h */,
				0A60956428BF421600A29A98 /* ebcdic.h */,
				0A60956528BF421600A29A98 /* idea.h */,
				0A60956628BF421600A29A98 /* lhash.h */,
			);
			path = openssl;
			sourceTree = "<group>";
		};
		4D4E89BB37BB8129E3429C84 /* Frameworks */ = {
			isa = PBXGroup;
			children = (
				386924448731C16EC6CD740F /* Pods_LittlePrink.framework */,
			);
			name = Frameworks;
			sourceTree = "<group>";
		};
		65094577285D9CF90009FEAD /* Common */ = {
			isa = PBXGroup;
			children = (
				0A05887C28B8CB5F00FC339A /* Extension */,
				65C58238284665BF00B68027 /* Constans.swift */,
				6533D1992884443900865B85 /* Protocols.swift */,
			);
			path = Common;
			sourceTree = "<group>";
		};
		6539906C282AB3DE002EB0E8 = {
			isa = PBXGroup;
			children = (
				0A60951328BF421600A29A98 /* AliPay */,
				65399077282AB3DE002EB0E8 /* LittlePrink */,
				65399076282AB3DE002EB0E8 /* Products */,
				D5F2379E957D28CA1D708B43 /* Pods */,
				4D4E89BB37BB8129E3429C84 /* Frameworks */,
			);
			sourceTree = "<group>";
		};
		65399076282AB3DE002EB0E8 /* Products */ = {
			isa = PBXGroup;
			children = (
				65399075282AB3DE002EB0E8 /* LittlePrink.app */,
			);
			name = Products;
			sourceTree = "<group>";
		};
		65399077282AB3DE002EB0E8 /* LittlePrink */ = {
			isa = PBXGroup;
			children = (
				65D1167B28C34E8500291546 /* LittlePrink.entitlements */,
				65F7773D28B91782008B7749 /* Login */,
				0A299A09286DC41C008B66E6 /* testVideo.mp4 */,
				65094577285D9CF90009FEAD /* Common */,
				65399078282AB3DE002EB0E8 /* AppDelegate.swift */,
				6539907A282AB3DE002EB0E8 /* SceneDelegate.swift */,
				657901CB2843D140009AA37A /* HomeVC.swift */,
				657EB4192845189A00E6E507 /* DiscoveryVC.swift */,
				657EB41B284518CF00E6E507 /* NearByVC.swift */,
				657EB41D284518ED00E6E507 /* FollowVC.swift */,
				650DBEC2284C611C002B07AF /* WaterfallVC.swift */,
				0A3E335228AA55E700D0936E /* WaterfallVC-LoadData.swift */,
				0A3E335428AA563B00D0936E /* WaterfallVC-Config.swift */,
				0A4702F828AB43E4002E684D /* WaterfallVC-DataSource.swift */,
				0A4702FA28AB4D39002E684D /* WaterfallVC-Delegate.swift */,
				65F3C0FD2850FD52001F9F5C /* LocallzationTableViewController.swift */,
				650DBEC4284C69CE002B07AF /* WaterfallCell.swift */,
				65401A5228A8D7F000C4D07F /* DratNoteWaterfallCell.swift */,
				65F35C6A28AEA50A00D10CEF /* MeVC.swift */,
				650DBEC6284C7053002B07AF /* CollectionViewController.swift */,
				65DE7789288283FF00FFF6B5 /* ChannelVC.swift */,
				6572918228828BE400371CC2 /* ChannelTableVC.swift */,
				65A6DD9F286CA14F00DA1988 /* Test.h */,
				65A6DDA0286CA14F00DA1988 /* Test.m */,
				65AC4E25286B5979003B51AC /* NoteEdit */,
				65D7DE6A2854FF9C00ED858E /* Resources */,
				6539907E282AB3DE002EB0E8 /* Main.storyboard */,
				65D7DE6B2855079500ED858E /* TabBarC.swift */,
				65399084282AB3E0002EB0E8 /* Assets.xcassets */,
				65399086282AB3E0002EB0E8 /* LaunchScreen.storyboard */,
				65399089282AB3E0002EB0E8 /* Info.plist */,
				65399081282AB3DE002EB0E8 /* LittlePrink.xcdatamodeld */,
				65DE81A5285A437A002F4541 /* PostVC.swift */,
				0AC589E9286AFA5F00B00AE4 /* MyViewController.playground */,
				65A6DD9E286CA14F00DA1988 /* LittlePrink-Bridging-Header.h */,
				656D6A1E2871585B007FCAF8 /* Location.gpx */,
			);
			path = LittlePrink;
			sourceTree = "<group>";
		};
		65AC4E25286B5979003B51AC /* NoteEdit */ = {
			isa = PBXGroup;
			children = (
				65CB08C32866E964009523A2 /* NoteEditVC.swift */,
				0A47030028AB9C21002E684D /* NoteEditVC-UI.swift */,
				0A4702FE28AB98F5002E684D /* NoteEditVC-Helper.swift */,
				0A47030228ABB918002E684D /* NoteEditVC-DraftNote.swift */,
				653101C32873407800702796 /* NoteEditVC-Config.swift */,
				658E1E08286DF43F0099163E /* NoteEditVC-DragDrop.swift */,
				659029BB286A046200720B03 /* photoCell.swift */,
				65AC4E23286B54E4003B51AC /* PhotoFooter.swift */,
				0A39CAE6286E9F6600FA3FF5 /* NoteEditVC-collectionView.swift */,
				6532BD90287DD4240085B38C /* TextViewIAView.swift */,
				6532BD8E287DD34E0085B38C /* TextViewIAView.xib */,
				658E248D289042FE00DC0BC5 /* POICell.swift */,
				659E215D28885B3800A93873 /* POIVC.swift */,
				6598B23E2892E88E005B8160 /* POIVC-Location.swift */,
				6598B23C2892E809005B8160 /* POIVC-Config.swift */,
				65915E06289D883200FDB849 /* POIVC-KeywordsSearch.swift */,
			);
			path = NoteEdit;
			sourceTree = "<group>";
		};
		65D7DE6A2854FF9C00ED858E /* Resources */ = {
			isa = PBXGroup;
			children = (
				659BE7702853BF66001FAD27 /* infoPlist.strings */,
				659BE7682853B80A001FAD27 /* Localizable.strings */,
			);
			path = Resources;
			sourceTree = "<group>";
		};
		65F7773D28B91782008B7749 /* Login */ = {
			isa = PBXGroup;
			children = (
				0A90A9A328BE1CA800C08E26 /* SocialLoginVC.swift */,
				0A90A9A528BE1CF600C08E26 /* SocialLoginVC-Alipay.swift */,
				65D1167C28C3534000291546 /* SocialLoginVC-Apple.swift */,
				65F7773E28B91782008B7749 /* LoginVC.swift */,
				0A2307B628CB261A0058AC6F /* CodeLoginVC.swift */,
				0A2307B828CB267B0058AC6F /* PasswordLoginVC.swift */,
			);
			path = Login;
			sourceTree = "<group>";
		};
		D5F2379E957D28CA1D708B43 /* Pods */ = {
			isa = PBXGroup;
			children = (
				1F0428180353BB82DCF7E145 /* Pods-LittlePrink.debug.xcconfig */,
				4D172F6721621EA095639AF7 /* Pods-LittlePrink.release.xcconfig */,
			);
			path = Pods;
			sourceTree = "<group>";
		};
/* End PBXGroup section */

/* Begin PBXNativeTarget section */
		65399074282AB3DE002EB0E8 /* LittlePrink */ = {
			isa = PBXNativeTarget;
			buildConfigurationList = 6539908C282AB3E0002EB0E8 /* Build configuration list for PBXNativeTarget "LittlePrink" */;
			buildPhases = (
				7BCA8DEFF7B4EF8B5C62FBBC /* [CP] Check Pods Manifest.lock */,
				65399071282AB3DE002EB0E8 /* Sources */,
				65399072282AB3DE002EB0E8 /* Frameworks */,
				65399073282AB3DE002EB0E8 /* Resources */,
				FC99B49B26C951B7F2109C8D /* [CP] Embed Pods Frameworks */,
				E6997B4638D18BA51BC4B811 /* [CP] Copy Pods Resources */,
			);
			buildRules = (
			);
			dependencies = (
			);
			name = LittlePrink;
			productName = LittlePrink;
			productReference = 65399075282AB3DE002EB0E8 /* LittlePrink.app */;
			productType = "com.apple.product-type.application";
		};
/* End PBXNativeTarget section */

/* Begin PBXProject section */
		6539906D282AB3DE002EB0E8 /* Project object */ = {
			isa = PBXProject;
			attributes = {
				BuildIndependentTargetsInParallel = 1;
				LastSwiftUpdateCheck = 1330;
				LastUpgradeCheck = 1330;
				TargetAttributes = {
					65399074282AB3DE002EB0E8 = {
						CreatedOnToolsVersion = 13.3.1;
						LastSwiftMigration = 1330;
					};
				};
			};
			buildConfigurationList = 65399070282AB3DE002EB0E8 /* Build configuration list for PBXProject "LittlePrink" */;
			compatibilityVersion = "Xcode 13.0";
			developmentRegion = en;
			hasScannedForEncodings = 0;
			knownRegions = (
				en,
				Base,
				"zh-Hans",
			);
			mainGroup = 6539906C282AB3DE002EB0E8;
			productRefGroup = 65399076282AB3DE002EB0E8 /* Products */;
			projectDirPath = "";
			projectRoot = "";
			targets = (
				65399074282AB3DE002EB0E8 /* LittlePrink */,
			);
		};
/* End PBXProject section */

/* Begin PBXResourcesBuildPhase section */
		65399073282AB3DE002EB0E8 /* Resources */ = {
			isa = PBXResourcesBuildPhase;
			buildActionMask = 2147483647;
			files = (
				65399088282AB3E0002EB0E8 /* LaunchScreen.storyboard in Resources */,
				659BE76A2853B80A001FAD27 /* Localizable.strings in Resources */,
				65399085282AB3E0002EB0E8 /* Assets.xcassets in Resources */,
				65399080282AB3DE002EB0E8 /* Main.storyboard in Resources */,
				659BE76E2853BF66001FAD27 /* infoPlist.strings in Resources */,
				0A299A0A286DC41C008B66E6 /* testVideo.mp4 in Resources */,
				6532BD8F287DD34E0085B38C /* TextViewIAView.xib in Resources */,
			);
			runOnlyForDeploymentPostprocessing = 0;
		};
/* End PBXResourcesBuildPhase section */

/* Begin PBXShellScriptBuildPhase section */
		7BCA8DEFF7B4EF8B5C62FBBC /* [CP] Check Pods Manifest.lock */ = {
			isa = PBXShellScriptBuildPhase;
			buildActionMask = 2147483647;
			files = (
			);
			inputFileListPaths = (
			);
			inputPaths = (
				"${PODS_PODFILE_DIR_PATH}/Podfile.lock",
				"${PODS_ROOT}/Manifest.lock",
			);
			name = "[CP] Check Pods Manifest.lock";
			outputFileListPaths = (
			);
			outputPaths = (
				"$(DERIVED_FILE_DIR)/Pods-LittlePrink-checkManifestLockResult.txt",
			);
			runOnlyForDeploymentPostprocessing = 0;
			shellPath = /bin/sh;
			shellScript = "diff \"${PODS_PODFILE_DIR_PATH}/Podfile.lock\" \"${PODS_ROOT}/Manifest.lock\" > /dev/null\nif [ $? != 0 ] ; then\n    # print error to STDERR\n    echo \"error: The sandbox is not in sync with the Podfile.lock. Run 'pod install' or update your CocoaPods installation.\" >&2\n    exit 1\nfi\n# This output is used by Xcode 'outputs' to avoid re-running this script phase.\necho \"SUCCESS\" > \"${SCRIPT_OUTPUT_FILE_0}\"\n";
			showEnvVarsInLog = 0;
		};
		E6997B4638D18BA51BC4B811 /* [CP] Copy Pods Resources */ = {
			isa = PBXShellScriptBuildPhase;
			buildActionMask = 2147483647;
			files = (
			);
			inputFileListPaths = (
				"${PODS_ROOT}/Target Support Files/Pods-LittlePrink/Pods-LittlePrink-resources-${CONFIGURATION}-input-files.xcfilelist",
			);
			name = "[CP] Copy Pods Resources";
			outputFileListPaths = (
				"${PODS_ROOT}/Target Support Files/Pods-LittlePrink/Pods-LittlePrink-resources-${CONFIGURATION}-output-files.xcfilelist",
			);
			runOnlyForDeploymentPostprocessing = 0;
			shellPath = /bin/sh;
			shellScript = "\"${PODS_ROOT}/Target Support Files/Pods-LittlePrink/Pods-LittlePrink-resources.sh\"\n";
			showEnvVarsInLog = 0;
		};
		FC99B49B26C951B7F2109C8D /* [CP] Embed Pods Frameworks */ = {
			isa = PBXShellScriptBuildPhase;
			buildActionMask = 2147483647;
			files = (
			);
			inputFileListPaths = (
				"${PODS_ROOT}/Target Support Files/Pods-LittlePrink/Pods-LittlePrink-frameworks-${CONFIGURATION}-input-files.xcfilelist",
			);
			name = "[CP] Embed Pods Frameworks";
			outputFileListPaths = (
				"${PODS_ROOT}/Target Support Files/Pods-LittlePrink/Pods-LittlePrink-frameworks-${CONFIGURATION}-output-files.xcfilelist",
			);
			runOnlyForDeploymentPostprocessing = 0;
			shellPath = /bin/sh;
			shellScript = "\"${PODS_ROOT}/Target Support Files/Pods-LittlePrink/Pods-LittlePrink-frameworks.sh\"\n";
			showEnvVarsInLog = 0;
		};
/* End PBXShellScriptBuildPhase section */

/* Begin PBXSourcesBuildPhase section */
		65399071282AB3DE002EB0E8 /* Sources */ = {
			isa = PBXSourcesBuildPhase;
			buildActionMask = 2147483647;
			files = (
				65F35C6B28AEA50A00D10CEF /* MeVC.swift in Sources */,
				65D1167D28C3534000291546 /* SocialLoginVC-Apple.swift in Sources */,
				0A4702FF28AB98F5002E684D /* NoteEditVC-Helper.swift in Sources */,
				65CB08C42866E964009523A2 /* NoteEditVC.swift in Sources */,
				658E1E09286DF43F0099163E /* NoteEditVC-DragDrop.swift in Sources */,
				659E215E28885B3800A93873 /* POIVC.swift in Sources */,
				65094579285D9D1C0009FEAD /* System-Extension.swift in Sources */,
				0A47030328ABB918002E684D /* NoteEditVC-DraftNote.swift in Sources */,
				65915E07289D883200FDB849 /* POIVC-KeywordsSearch.swift in Sources */,
				65F59A6D28D62E070095F861 /* login-Extension.swift in Sources */,
				653C013728B522210046E430 /* LocalLogin-Extension.swift in Sources */,
				65A6DDA1286CA14F00DA1988 /* Test.m in Sources */,
				0A3E335328AA55E700D0936E /* WaterfallVC-LoadData.swift in Sources */,
				0A60956828BF421600A29A98 /* openssl_wrapper.m in Sources */,
				0A90A9A628BE1CF600C08E26 /* SocialLoginVC-Alipay.swift in Sources */,
				0A47030128AB9C21002E684D /* NoteEditVC-UI.swift in Sources */,
				65DE778A288283FF00FFF6B5 /* ChannelVC.swift in Sources */,
				6598B23F2892E88E005B8160 /* POIVC-Location.swift in Sources */,
				653101C42873407800702796 /* NoteEditVC-Config.swift in Sources */,
				657EB41A2845189A00E6E507 /* DiscoveryVC.swift in Sources */,
				650DBEC3284C611C002B07AF /* WaterfallVC.swift in Sources */,
				0A4702FB28AB4D39002E684D /* WaterfallVC-Delegate.swift in Sources */,
				659029BC286A046200720B03 /* photoCell.swift in Sources */,
				0A60956928BF421600A29A98 /* APRSASigner.m in Sources */,
				6533D19A2884443900865B85 /* Protocols.swift in Sources */,
				0A90A9A428BE1CA800C08E26 /* SocialLoginVC.swift in Sources */,
				0A2307B728CB261B0058AC6F /* CodeLoginVC.swift in Sources */,
				650516E028D5932000CE67B4 /* LC-Extensions.swift in Sources */,
				650DBEC5284C69CE002B07AF /* WaterfallCell.swift in Sources */,
				65F3C0FE2850FD52001F9F5C /* LocallzationTableViewController.swift in Sources */,
				6598B23D2892E809005B8160 /* POIVC-Config.swift in Sources */,
				6572918328828BE400371CC2 /* ChannelTableVC.swift in Sources */,
				65DE81A6285A437A002F4541 /* PostVC.swift in Sources */,
				65D7DE6C2855079500ED858E /* TabBarC.swift in Sources */,
				658E248E289042FE00DC0BC5 /* POICell.swift in Sources */,
				657EB41C284518CF00E6E507 /* NearByVC.swift in Sources */,
				65C58239284665BF00B68027 /* Constans.swift in Sources */,
				0A4702F928AB43E4002E684D /* WaterfallVC-DataSource.swift in Sources */,
				6532BD91287DD4240085B38C /* TextViewIAView.swift in Sources */,
				65AC4E24286B54E4003B51AC /* PhotoFooter.swift in Sources */,
				0A3E335528AA563B00D0936E /* WaterfallVC-Config.swift in Sources */,
				65399079282AB3DE002EB0E8 /* AppDelegate.swift in Sources */,
				65401A5328A8D7F000C4D07F /* DratNoteWaterfallCell.swift in Sources */,
				0A2307B928CB267B0058AC6F /* PasswordLoginVC.swift in Sources */,
				65399083282AB3DE002EB0E8 /* LittlePrink.xcdatamodeld in Sources */,
				0A39CAE7286E9F6600FA3FF5 /* NoteEditVC-collectionView.swift in Sources */,
				6539907B282AB3DE002EB0E8 /* SceneDelegate.swift in Sources */,
				657901CC2843D140009AA37A /* HomeVC.swift in Sources */,
				657EB41E284518ED00E6E507 /* FollowVC.swift in Sources */,
				650DBEC7284C7053002B07AF /* CollectionViewController.swift in Sources */,
				65F7773F28B91782008B7749 /* LoginVC.swift in Sources */,
			);
			runOnlyForDeploymentPostprocessing = 0;
		};
/* End PBXSourcesBuildPhase section */

/* Begin PBXVariantGroup section */
		6539907E282AB3DE002EB0E8 /* Main.storyboard */ = {
			isa = PBXVariantGroup;
			children = (
				6539907F282AB3DE002EB0E8 /* Base */,
				650B72B228523C5B0079BF1A /* zh-Hans */,
			);
			name = Main.storyboard;
			sourceTree = "<group>";
		};
		65399086282AB3E0002EB0E8 /* LaunchScreen.storyboard */ = {
			isa = PBXVariantGroup;
			children = (
				65399087282AB3E0002EB0E8 /* Base */,
				65F3C1002850FE5D001F9F5C /* zh-Hans */,
			);
			name = LaunchScreen.storyboard;
			sourceTree = "<group>";
		};
		659BE7682853B80A001FAD27 /* Localizable.strings */ = {
			isa = PBXVariantGroup;
			children = (
				659BE7692853B80A001FAD27 /* zh-Hans */,
				659BE76B2853B98B001FAD27 /* en */,
			);
			name = Localizable.strings;
			sourceTree = "<group>";
		};
		659BE7702853BF66001FAD27 /* infoPlist.strings */ = {
			isa = PBXVariantGroup;
			children = (
				659BE76F2853BF66001FAD27 /* en */,
				659BE7712853BF68001FAD27 /* zh-Hans */,
			);
			name = infoPlist.strings;
			sourceTree = "<group>";
		};
/* End PBXVariantGroup section */

/* Begin XCBuildConfiguration section */
		6539908A282AB3E0002EB0E8 /* Debug */ = {
			isa = XCBuildConfiguration;
			buildSettings = {
				ALWAYS_SEARCH_USER_PATHS = NO;
				CLANG_ANALYZER_LOCALIZABILITY_NONLOCALIZED = YES;
				CLANG_ANALYZER_NONNULL = YES;
				CLANG_ANALYZER_NUMBER_OBJECT_CONVERSION = YES_AGGRESSIVE;
				CLANG_CXX_LANGUAGE_STANDARD = "gnu++17";
				CLANG_ENABLE_MODULES = YES;
				CLANG_ENABLE_OBJC_ARC = YES;
				CLANG_ENABLE_OBJC_WEAK = YES;
				CLANG_WARN_BLOCK_CAPTURE_AUTORELEASING = YES;
				CLANG_WARN_BOOL_CONVERSION = YES;
				CLANG_WARN_COMMA = YES;
				CLANG_WARN_CONSTANT_CONVERSION = YES;
				CLANG_WARN_DEPRECATED_OBJC_IMPLEMENTATIONS = YES;
				CLANG_WARN_DIRECT_OBJC_ISA_USAGE = YES_ERROR;
				CLANG_WARN_DOCUMENTATION_COMMENTS = YES;
				CLANG_WARN_EMPTY_BODY = YES;
				CLANG_WARN_ENUM_CONVERSION = YES;
				CLANG_WARN_INFINITE_RECURSION = YES;
				CLANG_WARN_INT_CONVERSION = YES;
				CLANG_WARN_NON_LITERAL_NULL_CONVERSION = YES;
				CLANG_WARN_OBJC_IMPLICIT_RETAIN_SELF = YES;
				CLANG_WARN_OBJC_LITERAL_CONVERSION = YES;
				CLANG_WARN_OBJC_ROOT_CLASS = YES_ERROR;
				CLANG_WARN_QUOTED_INCLUDE_IN_FRAMEWORK_HEADER = YES;
				CLANG_WARN_RANGE_LOOP_ANALYSIS = YES;
				CLANG_WARN_STRICT_PROTOTYPES = YES;
				CLANG_WARN_SUSPICIOUS_MOVE = YES;
				CLANG_WARN_UNGUARDED_AVAILABILITY = YES_AGGRESSIVE;
				CLANG_WARN_UNREACHABLE_CODE = YES;
				CLANG_WARN__DUPLICATE_METHOD_MATCH = YES;
				COPY_PHASE_STRIP = NO;
				DEBUG_INFORMATION_FORMAT = dwarf;
				ENABLE_STRICT_OBJC_MSGSEND = YES;
				ENABLE_TESTABILITY = YES;
				GCC_C_LANGUAGE_STANDARD = gnu11;
				GCC_DYNAMIC_NO_PIC = NO;
				GCC_NO_COMMON_BLOCKS = YES;
				GCC_OPTIMIZATION_LEVEL = 0;
				GCC_PREPROCESSOR_DEFINITIONS = (
					"DEBUG=1",
					"$(inherited)",
				);
				GCC_WARN_64_TO_32_BIT_CONVERSION = YES;
				GCC_WARN_ABOUT_RETURN_TYPE = YES_ERROR;
				GCC_WARN_UNDECLARED_SELECTOR = YES;
				GCC_WARN_UNINITIALIZED_AUTOS = YES_AGGRESSIVE;
				GCC_WARN_UNUSED_FUNCTION = YES;
				GCC_WARN_UNUSED_VARIABLE = YES;
				IPHONEOS_DEPLOYMENT_TARGET = 15.4;
				MTL_ENABLE_DEBUG_INFO = INCLUDE_SOURCE;
				MTL_FAST_MATH = YES;
				ONLY_ACTIVE_ARCH = YES;
				SDKROOT = iphoneos;
				SWIFT_ACTIVE_COMPILATION_CONDITIONS = DEBUG;
				SWIFT_OPTIMIZATION_LEVEL = "-Onone";
			};
			name = Debug;
		};
		6539908B282AB3E0002EB0E8 /* Release */ = {
			isa = XCBuildConfiguration;
			buildSettings = {
				ALWAYS_SEARCH_USER_PATHS = NO;
				CLANG_ANALYZER_LOCALIZABILITY_NONLOCALIZED = YES;
				CLANG_ANALYZER_NONNULL = YES;
				CLANG_ANALYZER_NUMBER_OBJECT_CONVERSION = YES_AGGRESSIVE;
				CLANG_CXX_LANGUAGE_STANDARD = "gnu++17";
				CLANG_ENABLE_MODULES = YES;
				CLANG_ENABLE_OBJC_ARC = YES;
				CLANG_ENABLE_OBJC_WEAK = YES;
				CLANG_WARN_BLOCK_CAPTURE_AUTORELEASING = YES;
				CLANG_WARN_BOOL_CONVERSION = YES;
				CLANG_WARN_COMMA = YES;
				CLANG_WARN_CONSTANT_CONVERSION = YES;
				CLANG_WARN_DEPRECATED_OBJC_IMPLEMENTATIONS = YES;
				CLANG_WARN_DIRECT_OBJC_ISA_USAGE = YES_ERROR;
				CLANG_WARN_DOCUMENTATION_COMMENTS = YES;
				CLANG_WARN_EMPTY_BODY = YES;
				CLANG_WARN_ENUM_CONVERSION = YES;
				CLANG_WARN_INFINITE_RECURSION = YES;
				CLANG_WARN_INT_CONVERSION = YES;
				CLANG_WARN_NON_LITERAL_NULL_CONVERSION = YES;
				CLANG_WARN_OBJC_IMPLICIT_RETAIN_SELF = YES;
				CLANG_WARN_OBJC_LITERAL_CONVERSION = YES;
				CLANG_WARN_OBJC_ROOT_CLASS = YES_ERROR;
				CLANG_WARN_QUOTED_INCLUDE_IN_FRAMEWORK_HEADER = YES;
				CLANG_WARN_RANGE_LOOP_ANALYSIS = YES;
				CLANG_WARN_STRICT_PROTOTYPES = YES;
				CLANG_WARN_SUSPICIOUS_MOVE = YES;
				CLANG_WARN_UNGUARDED_AVAILABILITY = YES_AGGRESSIVE;
				CLANG_WARN_UNREACHABLE_CODE = YES;
				CLANG_WARN__DUPLICATE_METHOD_MATCH = YES;
				COPY_PHASE_STRIP = NO;
				DEBUG_INFORMATION_FORMAT = "dwarf-with-dsym";
				ENABLE_NS_ASSERTIONS = NO;
				ENABLE_STRICT_OBJC_MSGSEND = YES;
				GCC_C_LANGUAGE_STANDARD = gnu11;
				GCC_NO_COMMON_BLOCKS = YES;
				GCC_WARN_64_TO_32_BIT_CONVERSION = YES;
				GCC_WARN_ABOUT_RETURN_TYPE = YES_ERROR;
				GCC_WARN_UNDECLARED_SELECTOR = YES;
				GCC_WARN_UNINITIALIZED_AUTOS = YES_AGGRESSIVE;
				GCC_WARN_UNUSED_FUNCTION = YES;
				GCC_WARN_UNUSED_VARIABLE = YES;
				IPHONEOS_DEPLOYMENT_TARGET = 15.4;
				MTL_ENABLE_DEBUG_INFO = NO;
				MTL_FAST_MATH = YES;
				SDKROOT = iphoneos;
				SWIFT_COMPILATION_MODE = wholemodule;
				SWIFT_OPTIMIZATION_LEVEL = "-O";
				VALIDATE_PRODUCT = YES;
			};
			name = Release;
		};
		6539908D282AB3E0002EB0E8 /* Debug */ = {
			isa = XCBuildConfiguration;
			baseConfigurationReference = 1F0428180353BB82DCF7E145 /* Pods-LittlePrink.debug.xcconfig */;
			buildSettings = {
				ASSETCATALOG_COMPILER_APPICON_NAME = AppIcon;
				ASSETCATALOG_COMPILER_GLOBAL_ACCENT_COLOR_NAME = AccentColor;
				CLANG_ENABLE_MODULES = YES;
				CODE_SIGN_ENTITLEMENTS = LittlePrink/LittlePrink.entitlements;
				CODE_SIGN_STYLE = Automatic;
				CURRENT_PROJECT_VERSION = 1;
				DEVELOPMENT_TEAM = 3XQ89XT8BW;
				GENERATE_INFOPLIST_FILE = YES;
				HEADER_SEARCH_PATHS = (
					"$(inherited)",
					"\"${PODS_CONFIGURATION_BUILD_DIR}/Alamofire/Alamofire.framework/Headers\"",
					"\"${PODS_CONFIGURATION_BUILD_DIR}/CHTCollectionViewWaterfallLayout/CHTCollectionViewWaterfallLayout.framework/Headers\"",
					"\"${PODS_CONFIGURATION_BUILD_DIR}/DateToolsSwift/DateToolsSwift.framework/Headers\"",
					"\"${PODS_CONFIGURATION_BUILD_DIR}/MBProgressHUD/MBProgressHUD.framework/Headers\"",
					"\"${PODS_CONFIGURATION_BUILD_DIR}/MJRefresh/MJRefresh.framework/Headers\"",
					"\"${PODS_CONFIGURATION_BUILD_DIR}/PryntTrimmerView/PryntTrimmerView.framework/Headers\"",
					"\"${PODS_CONFIGURATION_BUILD_DIR}/SKPhotoBrowser/SKPhotoBrowser.framework/Headers\"",
					"\"${PODS_CONFIGURATION_BUILD_DIR}/SteviaLayout/Stevia.framework/Headers\"",
					"\"${PODS_CONFIGURATION_BUILD_DIR}/XLPagerTabStrip/XLPagerTabStrip.framework/Headers\"",
					"\"${PODS_CONFIGURATION_BUILD_DIR}/YPImagePicker/YPImagePicker.framework/Headers\"",
					"\"${PODS_ROOT}/Headers/Public\"",
					"\"${PODS_ROOT}/Headers/Public/JCore\"",
					"\"${PODS_ROOT}/Headers/Public/JVerification\"",
					"\"${PROJECT_DIR}/AliPay\"",
				);
				INFOPLIST_FILE = LittlePrink/Info.plist;
				INFOPLIST_KEY_CFBundleDisplayName = Prink;
				INFOPLIST_KEY_NSCameraUsageDescription = fff;
				INFOPLIST_KEY_NSLocationAlwaysAndWhenInUseUsageDescription = fggg;
				INFOPLIST_KEY_NSLocationAlwaysUsageDescription = jjjjj;
				INFOPLIST_KEY_NSMicrophoneUsageDescription = gggg;
				INFOPLIST_KEY_NSPhotoLibraryAddUsageDescription = ff;
				INFOPLIST_KEY_NSPhotoLibraryUsageDescription = ggw;
				INFOPLIST_KEY_UIApplicationSupportsIndirectInputEvents = YES;
				INFOPLIST_KEY_UILaunchStoryboardName = LaunchScreen;
				INFOPLIST_KEY_UIMainStoryboardFile = Main;
				INFOPLIST_KEY_UISupportedInterfaceOrientations = UIInterfaceOrientationPortrait;
				INFOPLIST_KEY_UISupportedInterfaceOrientations_iPad = "UIInterfaceOrientationPortrait UIInterfaceOrientationPortraitUpsideDown UIInterfaceOrientationLandscapeLeft UIInterfaceOrientationLandscapeRight";
				INFOPLIST_KEY_UISupportedInterfaceOrientations_iPhone = "UIInterfaceOrientationPortrait UIInterfaceOrientationLandscapeLeft UIInterfaceOrientationLandscapeRight";
				IPHONEOS_DEPLOYMENT_TARGET = 13.0;
				LD_RUNPATH_SEARCH_PATHS = (
					"$(inherited)",
					"@executable_path/Frameworks",
				);
				LIBRARY_SEARCH_PATHS = (
					"$(inherited)",
					"$(PROJECT_DIR)/LittlePrink/AliPay",
					"$(PROJECT_DIR)/AliPay",
				);
				MARKETING_VERSION = 1.0;
				PRODUCT_BUNDLE_IDENTIFIER = com.k.LittlePrink;
				PRODUCT_NAME = "$(TARGET_NAME)";
				SWIFT_EMIT_LOC_STRINGS = YES;
				SWIFT_OBJC_BRIDGING_HEADER = "LittlePrink/LittlePrink-Bridging-Header.h";
				SWIFT_OPTIMIZATION_LEVEL = "-Onone";
				SWIFT_VERSION = 5.0;
				TARGETED_DEVICE_FAMILY = "1,2";
			};
			name = Debug;
		};
		6539908E282AB3E0002EB0E8 /* Release */ = {
			isa = XCBuildConfiguration;
			baseConfigurationReference = 4D172F6721621EA095639AF7 /* Pods-LittlePrink.release.xcconfig */;
			buildSettings = {
				ASSETCATALOG_COMPILER_APPICON_NAME = AppIcon;
				ASSETCATALOG_COMPILER_GLOBAL_ACCENT_COLOR_NAME = AccentColor;
				CLANG_ENABLE_MODULES = YES;
				CODE_SIGN_ENTITLEMENTS = LittlePrink/LittlePrink.entitlements;
				CODE_SIGN_STYLE = Automatic;
				CURRENT_PROJECT_VERSION = 1;
				DEVELOPMENT_TEAM = 3XQ89XT8BW;
				GENERATE_INFOPLIST_FILE = YES;
				HEADER_SEARCH_PATHS = (
					"$(inherited)",
					"\"${PODS_CONFIGURATION_BUILD_DIR}/Alamofire/Alamofire.framework/Headers\"",
					"\"${PODS_CONFIGURATION_BUILD_DIR}/CHTCollectionViewWaterfallLayout/CHTCollectionViewWaterfallLayout.framework/Headers\"",
					"\"${PODS_CONFIGURATION_BUILD_DIR}/DateToolsSwift/DateToolsSwift.framework/Headers\"",
					"\"${PODS_CONFIGURATION_BUILD_DIR}/MBProgressHUD/MBProgressHUD.framework/Headers\"",
					"\"${PODS_CONFIGURATION_BUILD_DIR}/MJRefresh/MJRefresh.framework/Headers\"",
					"\"${PODS_CONFIGURATION_BUILD_DIR}/PryntTrimmerView/PryntTrimmerView.framework/Headers\"",
					"\"${PODS_CONFIGURATION_BUILD_DIR}/SKPhotoBrowser/SKPhotoBrowser.framework/Headers\"",
					"\"${PODS_CONFIGURATION_BUILD_DIR}/SteviaLayout/Stevia.framework/Headers\"",
					"\"${PODS_CONFIGURATION_BUILD_DIR}/XLPagerTabStrip/XLPagerTabStrip.framework/Headers\"",
					"\"${PODS_CONFIGURATION_BUILD_DIR}/YPImagePicker/YPImagePicker.framework/Headers\"",
					"\"${PODS_ROOT}/Headers/Public\"",
					"\"${PODS_ROOT}/Headers/Public/JCore\"",
					"\"${PODS_ROOT}/Headers/Public/JVerification\"",
					"\"${PROJECT_DIR}/AliPay\"",
				);
				INFOPLIST_FILE = LittlePrink/Info.plist;
				INFOPLIST_KEY_CFBundleDisplayName = Prink;
				INFOPLIST_KEY_NSCameraUsageDescription = fff;
				INFOPLIST_KEY_NSLocationAlwaysAndWhenInUseUsageDescription = fggg;
				INFOPLIST_KEY_NSLocationAlwaysUsageDescription = jjjjj;
				INFOPLIST_KEY_NSMicrophoneUsageDescription = gggg;
				INFOPLIST_KEY_NSPhotoLibraryAddUsageDescription = ff;
				INFOPLIST_KEY_NSPhotoLibraryUsageDescription = ggw;
				INFOPLIST_KEY_UIApplicationSupportsIndirectInputEvents = YES;
				INFOPLIST_KEY_UILaunchStoryboardName = LaunchScreen;
				INFOPLIST_KEY_UIMainStoryboardFile = Main;
				INFOPLIST_KEY_UISupportedInterfaceOrientations = UIInterfaceOrientationPortrait;
				INFOPLIST_KEY_UISupportedInterfaceOrientations_iPad = "UIInterfaceOrientationPortrait UIInterfaceOrientationPortraitUpsideDown UIInterfaceOrientationLandscapeLeft UIInterfaceOrientationLandscapeRight";
				INFOPLIST_KEY_UISupportedInterfaceOrientations_iPhone = "UIInterfaceOrientationPortrait UIInterfaceOrientationLandscapeLeft UIInterfaceOrientationLandscapeRight";
				IPHONEOS_DEPLOYMENT_TARGET = 13.0;
				LD_RUNPATH_SEARCH_PATHS = (
					"$(inherited)",
					"@executable_path/Frameworks",
				);
				LIBRARY_SEARCH_PATHS = (
					"$(inherited)",
					"$(PROJECT_DIR)/LittlePrink/AliPay",
					"$(PROJECT_DIR)/AliPay",
				);
				MARKETING_VERSION = 1.0;
				PRODUCT_BUNDLE_IDENTIFIER = com.k.LittlePrink;
				PRODUCT_NAME = "$(TARGET_NAME)";
				SWIFT_EMIT_LOC_STRINGS = YES;
				SWIFT_OBJC_BRIDGING_HEADER = "LittlePrink/LittlePrink-Bridging-Header.h";
				SWIFT_VERSION = 5.0;
				TARGETED_DEVICE_FAMILY = "1,2";
			};
			name = Release;
		};
/* End XCBuildConfiguration section */

/* Begin XCConfigurationList section */
		65399070282AB3DE002EB0E8 /* Build configuration list for PBXProject "LittlePrink" */ = {
			isa = XCConfigurationList;
			buildConfigurations = (
				6539908A282AB3E0002EB0E8 /* Debug */,
				6539908B282AB3E0002EB0E8 /* Release */,
			);
			defaultConfigurationIsVisible = 0;
			defaultConfigurationName = Release;
		};
		6539908C282AB3E0002EB0E8 /* Build configuration list for PBXNativeTarget "LittlePrink" */ = {
			isa = XCConfigurationList;
			buildConfigurations = (
				6539908D282AB3E0002EB0E8 /* Debug */,
				6539908E282AB3E0002EB0E8 /* Release */,
			);
			defaultConfigurationIsVisible = 0;
			defaultConfigurationName = Release;
		};
/* End XCConfigurationList section */

/* Begin XCVersionGroup section */
		65399081282AB3DE002EB0E8 /* LittlePrink.xcdatamodeld */ = {
			isa = XCVersionGroup;
			children = (
				65399082282AB3DE002EB0E8 /* LittlePrink.xcdatamodel */,
			);
			currentVersion = 65399082282AB3DE002EB0E8 /* LittlePrink.xcdatamodel */;
			path = LittlePrink.xcdatamodeld;
			sourceTree = "<group>";
			versionGroupType = wrapper.xcdatamodel;
		};
/* End XCVersionGroup section */
	};
	rootObject = 6539906D282AB3DE002EB0E8 /* Project object */;
}
