// !$*UTF8*$!
{
	archiveVersion = 1;
	classes = {
	};
	objectVersion = 55;
	objects = {

/* Begin PBXBuildFile section */
		0A021E2A28F592F600DAF4E2 /* NoteDetailVC-Like.swift in Sources */ = {isa = PBXBuildFile; fileRef = 0A021E2928F592F600DAF4E2 /* NoteDetailVC-Like.swift */; };
		0A60956728BF421600A29A98 /* libcrypto.a in Frameworks */ = {isa = PBXBuildFile; fileRef = 0A60951428BF421600A29A98 /* libcrypto.a */; };
		0A60956828BF421600A29A98 /* openssl_wrapper.m in Sources */ = {isa = PBXBuildFile; fileRef = 0A60951628BF421600A29A98 /* openssl_wrapper.m */; };
		0A60956928BF421600A29A98 /* APRSASigner.m in Sources */ = {isa = PBXBuildFile; fileRef = 0A60951928BF421600A29A98 /* APRSASigner.m */; };
		0A60956A28BF421600A29A98 /* libssl.a in Frameworks */ = {isa = PBXBuildFile; fileRef = 0A60951A28BF421600A29A98 /* libssl.a */; };
		0A65280E2A990238000DD911 /* SettingTableVC.swift in Sources */ = {isa = PBXBuildFile; fileRef = 0A65280D2A990238000DD911 /* SettingTableVC.swift */; };
		0A6528102A990290000DD911 /* SettingTableVC-Delegate.swift in Sources */ = {isa = PBXBuildFile; fileRef = 0A65280F2A990290000DD911 /* SettingTableVC-Delegate.swift */; };
		0A9B6CB72A99B8A300B96B3B /* NotificationTableVC.swift in Sources */ = {isa = PBXBuildFile; fileRef = 0A9B6CB62A99B8A300B96B3B /* NotificationTableVC.swift */; };
		0ACA247A29DC7D3600C57107 /* Other-Extension.swift in Sources */ = {isa = PBXBuildFile; fileRef = 0ACA247929DC7D3600C57107 /* Other-Extension.swift */; };
		0AF466EE28E6CB6400CD4C33 /* LaunchScreen.strings in Resources */ = {isa = PBXBuildFile; fileRef = 0AF4669328E6CB6300CD4C33 /* LaunchScreen.strings */; };
		0AF466EF28E6CB6400CD4C33 /* Main.strings in Resources */ = {isa = PBXBuildFile; fileRef = 0AF4669528E6CB6400CD4C33 /* Main.strings */; };
		0AF466F028E6CB6400CD4C33 /* NearByVC-GCD.swift in Sources */ = {isa = PBXBuildFile; fileRef = 0AF4669828E6CB6400CD4C33 /* NearByVC-GCD.swift */; };
		0AF466F128E6CB6400CD4C33 /* DiscoveryVC.swift in Sources */ = {isa = PBXBuildFile; fileRef = 0AF4669928E6CB6400CD4C33 /* DiscoveryVC.swift */; };
		0AF466F228E6CB6400CD4C33 /* FollowVC.swift in Sources */ = {isa = PBXBuildFile; fileRef = 0AF4669A28E6CB6400CD4C33 /* FollowVC.swift */; };
		0AF466F328E6CB6400CD4C33 /* HomeVC.swift in Sources */ = {isa = PBXBuildFile; fileRef = 0AF4669B28E6CB6400CD4C33 /* HomeVC.swift */; };
		0AF466F428E6CB6400CD4C33 /* WaterfallVC-Config.swift in Sources */ = {isa = PBXBuildFile; fileRef = 0AF4669D28E6CB6400CD4C33 /* WaterfallVC-Config.swift */; };
		0AF466F528E6CB6400CD4C33 /* WaterfallCell.swift in Sources */ = {isa = PBXBuildFile; fileRef = 0AF4669E28E6CB6400CD4C33 /* WaterfallCell.swift */; };
		0AF466F628E6CB6400CD4C33 /* WaterfallVC.swift in Sources */ = {isa = PBXBuildFile; fileRef = 0AF4669F28E6CB6400CD4C33 /* WaterfallVC.swift */; };
		0AF466F728E6CB6500CD4C33 /* DraftNoteWaterfallCell.swift in Sources */ = {isa = PBXBuildFile; fileRef = 0AF466A028E6CB6400CD4C33 /* DraftNoteWaterfallCell.swift */; };
		0AF466F828E6CB6500CD4C33 /* WaterfallVC-Delegate.swift in Sources */ = {isa = PBXBuildFile; fileRef = 0AF466A128E6CB6400CD4C33 /* WaterfallVC-Delegate.swift */; };
		0AF466F928E6CB6500CD4C33 /* WaterfallVC-LoadData.swift in Sources */ = {isa = PBXBuildFile; fileRef = 0AF466A228E6CB6400CD4C33 /* WaterfallVC-LoadData.swift */; };
		0AF466FA28E6CB6500CD4C33 /* WaterfallVC-DataSource.swift in Sources */ = {isa = PBXBuildFile; fileRef = 0AF466A328E6CB6400CD4C33 /* WaterfallVC-DataSource.swift */; };
		0AF466FB28E6CB6500CD4C33 /* Localizable.strings in Resources */ = {isa = PBXBuildFile; fileRef = 0AF466A528E6CB6400CD4C33 /* Localizable.strings */; };
		0AF466FC28E6CB6500CD4C33 /* InfoPlist.strings in Resources */ = {isa = PBXBuildFile; fileRef = 0AF466A728E6CB6400CD4C33 /* InfoPlist.strings */; };
		0AF466FD28E6CB6500CD4C33 /* imagePH.png in Resources */ = {isa = PBXBuildFile; fileRef = 0AF466AA28E6CB6400CD4C33 /* imagePH.png */; };
		0AF466FE28E6CB6500CD4C33 /* avatarPH.jpeg in Resources */ = {isa = PBXBuildFile; fileRef = 0AF466AB28E6CB6400CD4C33 /* avatarPH.jpeg */; };
		0AF466FF28E6CB6500CD4C33 /* Assets.xcassets in Resources */ = {isa = PBXBuildFile; fileRef = 0AF466AC28E6CB6400CD4C33 /* Assets.xcassets */; };
		0AF4670028E6CB6500CD4C33 /* LocalizationTableVCDemo.swift in Sources */ = {isa = PBXBuildFile; fileRef = 0AF466AF28E6CB6400CD4C33 /* LocalizationTableVCDemo.swift */; };
		0AF4670128E6CB6500CD4C33 /* PostVC.swift in Sources */ = {isa = PBXBuildFile; fileRef = 0AF466B228E6CB6400CD4C33 /* PostVC.swift */; };
		0AF4670228E6CB6500CD4C33 /* TabBarC.swift in Sources */ = {isa = PBXBuildFile; fileRef = 0AF466B528E6CB6400CD4C33 /* TabBarC.swift */; };
		0AF4670328E6CB6500CD4C33 /* NoteDetailVC.swift in Sources */ = {isa = PBXBuildFile; fileRef = 0AF466B728E6CB6400CD4C33 /* NoteDetailVC.swift */; };
		0AF4670428E6CB6500CD4C33 /* NoteDetailVC-UI.swift in Sources */ = {isa = PBXBuildFile; fileRef = 0AF466B828E6CB6400CD4C33 /* NoteDetailVC-UI.swift */; };
		0AF4670528E6CB6500CD4C33 /* NoteDetailVC-Config.swift in Sources */ = {isa = PBXBuildFile; fileRef = 0AF466B928E6CB6400CD4C33 /* NoteDetailVC-Config.swift */; };
		0AF4670628E6CB6500CD4C33 /* LaunchScreen.storyboard in Resources */ = {isa = PBXBuildFile; fileRef = 0AF466BB28E6CB6400CD4C33 /* LaunchScreen.storyboard */; };
		0AF4670728E6CB6500CD4C33 /* Main.storyboard in Resources */ = {isa = PBXBuildFile; fileRef = 0AF466BD28E6CB6400CD4C33 /* Main.storyboard */; };
		0AF4670828E6CB6500CD4C33 /* Constants.swift in Sources */ = {isa = PBXBuildFile; fileRef = 0AF466C028E6CB6400CD4C33 /* Constants.swift */; };
		0AF4670928E6CB6500CD4C33 /* CustomViews.swift in Sources */ = {isa = PBXBuildFile; fileRef = 0AF466C128E6CB6400CD4C33 /* CustomViews.swift */; };
		0AF4670A28E6CB6500CD4C33 /* LocalLogin-Extensions.swift in Sources */ = {isa = PBXBuildFile; fileRef = 0AF466C328E6CB6400CD4C33 /* LocalLogin-Extensions.swift */; };
		0AF4670B28E6CB6500CD4C33 /* Login-Extensions.swift in Sources */ = {isa = PBXBuildFile; fileRef = 0AF466C428E6CB6400CD4C33 /* Login-Extensions.swift */; };
		0AF4670C28E6CB6500CD4C33 /* System-Extensions.swift in Sources */ = {isa = PBXBuildFile; fileRef = 0AF466C528E6CB6400CD4C33 /* System-Extensions.swift */; };
		0AF4670D28E6CB6500CD4C33 /* LC-Extensions.swift in Sources */ = {isa = PBXBuildFile; fileRef = 0AF466C628E6CB6400CD4C33 /* LC-Extensions.swift */; };
		0AF4670E28E6CB6500CD4C33 /* Protocols.swift in Sources */ = {isa = PBXBuildFile; fileRef = 0AF466C728E6CB6400CD4C33 /* Protocols.swift */; };
		0AF4670F28E6CB6500CD4C33 /* LoginAndMeParentVC.swift in Sources */ = {isa = PBXBuildFile; fileRef = 0AF466C928E6CB6400CD4C33 /* LoginAndMeParentVC.swift */; };
		0AF4671028E6CB6500CD4C33 /* MeVC.swift in Sources */ = {isa = PBXBuildFile; fileRef = 0AF466CA28E6CB6400CD4C33 /* MeVC.swift */; };
		0AF4671128E6CB6500CD4C33 /* AppDelegate.swift in Sources */ = {isa = PBXBuildFile; fileRef = 0AF466CC28E6CB6400CD4C33 /* AppDelegate.swift */; };
		0AF4671228E6CB6500CD4C33 /* SocialLoginVC-Apple.swift in Sources */ = {isa = PBXBuildFile; fileRef = 0AF466CE28E6CB6400CD4C33 /* SocialLoginVC-Apple.swift */; };
		0AF4671328E6CB6500CD4C33 /* LoginVC.swift in Sources */ = {isa = PBXBuildFile; fileRef = 0AF466CF28E6CB6400CD4C33 /* LoginVC.swift */; };
		0AF4671428E6CB6500CD4C33 /* CodeLoginVC.swift in Sources */ = {isa = PBXBuildFile; fileRef = 0AF466D028E6CB6400CD4C33 /* CodeLoginVC.swift */; };
		0AF4671528E6CB6500CD4C33 /* PasswordLoginVC.swift in Sources */ = {isa = PBXBuildFile; fileRef = 0AF466D128E6CB6400CD4C33 /* PasswordLoginVC.swift */; };
		0AF4671628E6CB6500CD4C33 /* SocialLoginVC.swift in Sources */ = {isa = PBXBuildFile; fileRef = 0AF466D228E6CB6400CD4C33 /* SocialLoginVC.swift */; };
		0AF4671728E6CB6500CD4C33 /* SocialLoginVC-Alipay.swift in Sources */ = {isa = PBXBuildFile; fileRef = 0AF466D328E6CB6400CD4C33 /* SocialLoginVC-Alipay.swift */; };
		0AF4671928E6CB6500CD4C33 /* SceneDelegate.swift in Sources */ = {isa = PBXBuildFile; fileRef = 0AF466D528E6CB6400CD4C33 /* SceneDelegate.swift */; };
		0AF4671A28E6CB6500CD4C33 /* NoteEditVC-DragDrop.swift in Sources */ = {isa = PBXBuildFile; fileRef = 0AF466D728E6CB6400CD4C33 /* NoteEditVC-DragDrop.swift */; };
		0AF4671B28E6CB6500CD4C33 /* POICell.swift in Sources */ = {isa = PBXBuildFile; fileRef = 0AF466D828E6CB6400CD4C33 /* POICell.swift */; };
		0AF4671C28E6CB6500CD4C33 /* NoteEditVC-DraftNote.swift in Sources */ = {isa = PBXBuildFile; fileRef = 0AF466D928E6CB6400CD4C33 /* NoteEditVC-DraftNote.swift */; };
		0AF4671D28E6CB6500CD4C33 /* ChannelVC.swift in Sources */ = {isa = PBXBuildFile; fileRef = 0AF466DA28E6CB6400CD4C33 /* ChannelVC.swift */; };
		0AF4671E28E6CB6500CD4C33 /* PhotoCell.swift in Sources */ = {isa = PBXBuildFile; fileRef = 0AF466DB28E6CB6400CD4C33 /* PhotoCell.swift */; };
		0AF4671F28E6CB6500CD4C33 /* NoteEditVC-Helper.swift in Sources */ = {isa = PBXBuildFile; fileRef = 0AF466DC28E6CB6400CD4C33 /* NoteEditVC-Helper.swift */; };
		0AF4672028E6CB6500CD4C33 /* POIVC-Location.swift in Sources */ = {isa = PBXBuildFile; fileRef = 0AF466DD28E6CB6400CD4C33 /* POIVC-Location.swift */; };
		0AF4672128E6CB6500CD4C33 /* POIVC.swift in Sources */ = {isa = PBXBuildFile; fileRef = 0AF466DE28E6CB6400CD4C33 /* POIVC.swift */; };
		0AF4672228E6CB6500CD4C33 /* NoteEditVC-CollectionView.swift in Sources */ = {isa = PBXBuildFile; fileRef = 0AF466DF28E6CB6400CD4C33 /* NoteEditVC-CollectionView.swift */; };
		0AF4672328E6CB6500CD4C33 /* ChannelTableVC.swift in Sources */ = {isa = PBXBuildFile; fileRef = 0AF466E028E6CB6400CD4C33 /* ChannelTableVC.swift */; };
		0AF4672428E6CB6500CD4C33 /* NoteEditVC-Note.swift in Sources */ = {isa = PBXBuildFile; fileRef = 0AF466E128E6CB6400CD4C33 /* NoteEditVC-Note.swift */; };
		0AF4672528E6CB6500CD4C33 /* POIVC-Config.swift in Sources */ = {isa = PBXBuildFile; fileRef = 0AF466E228E6CB6400CD4C33 /* POIVC-Config.swift */; };
		0AF4672628E6CB6500CD4C33 /* NoteEditVC-Config.swift in Sources */ = {isa = PBXBuildFile; fileRef = 0AF466E328E6CB6400CD4C33 /* NoteEditVC-Config.swift */; };
		0AF4672728E6CB6500CD4C33 /* TextViewIAView.xib in Resources */ = {isa = PBXBuildFile; fileRef = 0AF466E428E6CB6400CD4C33 /* TextViewIAView.xib */; };
		0AF4672828E6CB6500CD4C33 /* TextViewIAView.swift in Sources */ = {isa = PBXBuildFile; fileRef = 0AF466E528E6CB6400CD4C33 /* TextViewIAView.swift */; };
		0AF4672928E6CB6500CD4C33 /* NoteEditVC.swift in Sources */ = {isa = PBXBuildFile; fileRef = 0AF466E628E6CB6400CD4C33 /* NoteEditVC.swift */; };
		0AF4672A28E6CB6500CD4C33 /* NoteEditVC-UI.swift in Sources */ = {isa = PBXBuildFile; fileRef = 0AF466E728E6CB6400CD4C33 /* NoteEditVC-UI.swift */; };
		0AF4672B28E6CB6500CD4C33 /* PhotoFooter.swift in Sources */ = {isa = PBXBuildFile; fileRef = 0AF466E828E6CB6400CD4C33 /* PhotoFooter.swift */; };
		0AF4672C28E6CB6500CD4C33 /* POIVC-KeywordsSearch.swift in Sources */ = {isa = PBXBuildFile; fileRef = 0AF466E928E6CB6400CD4C33 /* POIVC-KeywordsSearch.swift */; };
		0AF4672D28E6CB6500CD4C33 /* TV.mp4 in Resources */ = {isa = PBXBuildFile; fileRef = 0AF466EA28E6CB6400CD4C33 /* TV.mp4 */; };
		0AF4672E28E6CB6500CD4C33 /* LittlePink.xcdatamodeld in Sources */ = {isa = PBXBuildFile; fileRef = 0AF466EB28E6CB6400CD4C33 /* LittlePink.xcdatamodeld */; };
		1B2B502629B732CD00F84026 /* ExpandableReplies.swift in Sources */ = {isa = PBXBuildFile; fileRef = 1B2B502529B732CD00F84026 /* ExpandableReplies.swift */; };
		1B2B503429B86C6B00F84026 /* NoteDetailVC-DelReply.swift in Sources */ = {isa = PBXBuildFile; fileRef = 1B2B503329B86C6B00F84026 /* NoteDetailVC-DelReply.swift */; };
		1BD09B9029680B3D00A638F1 /* CommentView.swift in Sources */ = {isa = PBXBuildFile; fileRef = 1BD09B8F29680B3D00A638F1 /* CommentView.swift */; };
		1BD09B9229680B5200A638F1 /* CommentView.xib in Resources */ = {isa = PBXBuildFile; fileRef = 1BD09B9129680B5200A638F1 /* CommentView.xib */; };
		1BD09B972968376600A638F1 /* NoteDetailVC-TVDelegate.swift in Sources */ = {isa = PBXBuildFile; fileRef = 1BD09B962968376600A638F1 /* NoteDetailVC-TVDelegate.swift */; };
		1BD09B992968387200A638F1 /* NoteDetailVC-TVDataSource.swift in Sources */ = {isa = PBXBuildFile; fileRef = 1BD09B982968387200A638F1 /* NoteDetailVC-TVDataSource.swift */; };
		1BF10A21298BE75200ABF0CF /* NoteDetailVC-PostComment.swift in Sources */ = {isa = PBXBuildFile; fileRef = 1BF10A20298BE75200ABF0CF /* NoteDetailVC-PostComment.swift */; };
		1BF10A23298BE8DA00ABF0CF /* NoteDetailVC-PostReply.swift in Sources */ = {isa = PBXBuildFile; fileRef = 1BF10A22298BE8DA00ABF0CF /* NoteDetailVC-PostReply.swift */; };
		47409E942A93904900D709D4 /* NoteDetailVC-MeVC.swift in Sources */ = {isa = PBXBuildFile; fileRef = 47409E932A93904900D709D4 /* NoteDetailVC-MeVC.swift */; };
		47409E962A93960C00D709D4 /* MeVC-BackorDrawer.swift in Sources */ = {isa = PBXBuildFile; fileRef = 47409E952A93960C00D709D4 /* MeVC-BackorDrawer.swift */; };
		474F6A012A95EC600089048D /* MeVC-Config.swift in Sources */ = {isa = PBXBuildFile; fileRef = 474F6A002A95EC600089048D /* MeVC-Config.swift */; };
		474F6A032A95ED1C0089048D /* MeVC-HeaderView.swift in Sources */ = {isa = PBXBuildFile; fileRef = 474F6A022A95ED1C0089048D /* MeVC-HeaderView.swift */; };
		474F6A052A95F2670089048D /* MeVC-EditIntro.swift in Sources */ = {isa = PBXBuildFile; fileRef = 474F6A042A95F2670089048D /* MeVC-EditIntro.swift */; };
		474F6A072A95F3BE0089048D /* MeVC-EditOrFllow.swift in Sources */ = {isa = PBXBuildFile; fileRef = 474F6A062A95F3BE0089048D /* MeVC-EditOrFllow.swift */; };
		474F6A092A95FB480089048D /* MeVC-SettingOrChat.swift in Sources */ = {isa = PBXBuildFile; fileRef = 474F6A082A95FB480089048D /* MeVC-SettingOrChat.swift */; };
		474F6A0E2A96092C0089048D /* MyDraftNoteWaterfallCell.xib in Resources */ = {isa = PBXBuildFile; fileRef = 474F6A0C2A96092C0089048D /* MyDraftNoteWaterfallCell.xib */; };
		474F6A102A960C040089048D /* MyDraftNoteWaterfallCell.swift in Sources */ = {isa = PBXBuildFile; fileRef = 474F6A0F2A960C040089048D /* MyDraftNoteWaterfallCell.swift */; };
		474F6A122A962AA00089048D /* WaterfallVC-Layout.swift in Sources */ = {isa = PBXBuildFile; fileRef = 474F6A112A962AA00089048D /* WaterfallVC-Layout.swift */; };
		476D894E2A988ED700AFDA50 /* MeVC-Delegate.swift in Sources */ = {isa = PBXBuildFile; fileRef = 476D894D2A988ED700AFDA50 /* MeVC-Delegate.swift */; };
		479742072A9700C000591F34 /* IntroVC.swift in Sources */ = {isa = PBXBuildFile; fileRef = 479742062A9700C000591F34 /* IntroVC.swift */; };
		4797420A2A9738CB00591F34 /* EditProfileTableVC.swift in Sources */ = {isa = PBXBuildFile; fileRef = 479742092A9738CB00591F34 /* EditProfileTableVC.swift */; };
		4797420C2A974E5B00591F34 /* EditProfileTableVC-Delegate.swift in Sources */ = {isa = PBXBuildFile; fileRef = 4797420B2A974E5B00591F34 /* EditProfileTableVC-Delegate.swift */; };
		4797420E2A9750D900591F34 /* EditProfileTableVC-PHPickerVCDelegate.swift in Sources */ = {isa = PBXBuildFile; fileRef = 4797420D2A9750D900591F34 /* EditProfileTableVC-PHPickerVCDelegate.swift */; };
		479742102A97833600591F34 /* EditProfileTableVC-UI.swift in Sources */ = {isa = PBXBuildFile; fileRef = 4797420F2A97833600591F34 /* EditProfileTableVC-UI.swift */; };
		47C7C0DB2A949DF50072ED14 /* CustomClasses.swift in Sources */ = {isa = PBXBuildFile; fileRef = 47C7C0DA2A949DF50072ED14 /* CustomClasses.swift */; };
		47EC2F412A8F663A008F925E /* CommentSectionFooterView.swift in Sources */ = {isa = PBXBuildFile; fileRef = 47EC2F402A8F663A008F925E /* CommentSectionFooterView.swift */; };
		6569C10A29A90A8B00684C3C /* ReplyCell.swift in Sources */ = {isa = PBXBuildFile; fileRef = 6569C10929A90A8B00684C3C /* ReplyCell.swift */; };
		65832BCE2A6B89A500B16875 /* MeHeaderView.swift in Sources */ = {isa = PBXBuildFile; fileRef = 65832BCD2A6B89A500B16875 /* MeHeaderView.swift */; };
		65832BD02A6B89C200B16875 /* MeHeaderView.xib in Resources */ = {isa = PBXBuildFile; fileRef = 65832BCF2A6B89C200B16875 /* MeHeaderView.xib */; };
		65BA949029601F2D008C5F65 /* NoteDetailVC-Helper.swift in Sources */ = {isa = PBXBuildFile; fileRef = 65BA948F29601F2D008C5F65 /* NoteDetailVC-Helper.swift */; };
		65BA94922960216D008C5F65 /* NoteDetailVC-EditNote.swift in Sources */ = {isa = PBXBuildFile; fileRef = 65BA94912960216D008C5F65 /* NoteDetailVC-EditNote.swift */; };
		65BDACC1295F457B00CCD7CF /* NoteDetailVC-ShareOrMore.swift in Sources */ = {isa = PBXBuildFile; fileRef = 65BDACC0295F457B00CCD7CF /* NoteDetailVC-ShareOrMore.swift */; };
		65BDACC3295F461E00CCD7CF /* NoteDetailVC-DelNote.swift in Sources */ = {isa = PBXBuildFile; fileRef = 65BDACC2295F461E00CCD7CF /* NoteDetailVC-DelNote.swift */; };
		65D049722A67FB020031AE5E /* MeVC-UI.swift in Sources */ = {isa = PBXBuildFile; fileRef = 65D049712A67FB020031AE5E /* MeVC-UI.swift */; };
		65DF4EAD29813E9500B36902 /* NoteDetailVC-LoadData.swift in Sources */ = {isa = PBXBuildFile; fileRef = 65DF4EAC29813E9500B36902 /* NoteDetailVC-LoadData.swift */; };
		65DF4EAF29817D5E00B36902 /* NoteDetailVC-DelComment.swift in Sources */ = {isa = PBXBuildFile; fileRef = 65DF4EAE29817D5E00B36902 /* NoteDetailVC-DelComment.swift */; };
		65EA5CA2295DE00C0023885E /* WaterfallCell-Like.swift in Sources */ = {isa = PBXBuildFile; fileRef = 65EA5CA1295DE00C0023885E /* WaterfallCell-Like.swift */; };
		65EA5CA4295DE2140023885E /* NoteDetailVC-Fav.swift in Sources */ = {isa = PBXBuildFile; fileRef = 65EA5CA3295DE2140023885E /* NoteDetailVC-Fav.swift */; };
		D0283336B63934D89D874380 /* Pods_LittlePink.framework in Frameworks */ = {isa = PBXBuildFile; fileRef = F21E3B59C6CA4A53E4446122 /* Pods_LittlePink.framework */; };
/* End PBXBuildFile section */

/* Begin PBXFileReference section */
		0A021E2928F592F600DAF4E2 /* NoteDetailVC-Like.swift */ = {isa = PBXFileReference; lastKnownFileType = sourcecode.swift; path = "NoteDetailVC-Like.swift"; sourceTree = "<group>"; };
		0A60951428BF421600A29A98 /* libcrypto.a */ = {isa = PBXFileReference; lastKnownFileType = archive.ar; path = libcrypto.a; sourceTree = "<group>"; };
		0A60951628BF421600A29A98 /* openssl_wrapper.m */ = {isa = PBXFileReference; fileEncoding = 4; lastKnownFileType = sourcecode.c.objc; path = openssl_wrapper.m; sourceTree = "<group>"; };
		0A60951728BF421600A29A98 /* APRSASigner.h */ = {isa = PBXFileReference; fileEncoding = 4; lastKnownFileType = sourcecode.c.h; path = APRSASigner.h; sourceTree = "<group>"; };
		0A60951828BF421600A29A98 /* openssl_wrapper.h */ = {isa = PBXFileReference; fileEncoding = 4; lastKnownFileType = sourcecode.c.h; path = openssl_wrapper.h; sourceTree = "<group>"; };
		0A60951928BF421600A29A98 /* APRSASigner.m */ = {isa = PBXFileReference; fileEncoding = 4; lastKnownFileType = sourcecode.c.objc; path = APRSASigner.m; sourceTree = "<group>"; };
		0A60951A28BF421600A29A98 /* libssl.a */ = {isa = PBXFileReference; lastKnownFileType = archive.ar; path = libssl.a; sourceTree = "<group>"; };
		0A60951C28BF421600A29A98 /* pem2.h */ = {isa = PBXFileReference; fileEncoding = 4; lastKnownFileType = sourcecode.c.h; path = pem2.h; sourceTree = "<group>"; };
		0A60951D28BF421600A29A98 /* pem.h */ = {isa = PBXFileReference; fileEncoding = 4; lastKnownFileType = sourcecode.c.h; path = pem.h; sourceTree = "<group>"; };
		0A60951E28BF421600A29A98 /* ssl3.h */ = {isa = PBXFileReference; fileEncoding = 4; lastKnownFileType = sourcecode.c.h; path = ssl3.h; sourceTree = "<group>"; };
		0A60951F28BF421600A29A98 /* ossl_typ.h */ = {isa = PBXFileReference; fileEncoding = 4; lastKnownFileType = sourcecode.c.h; path = ossl_typ.h; sourceTree = "<group>"; };
		0A60952028BF421600A29A98 /* dtls1.h */ = {isa = PBXFileReference; fileEncoding = 4; lastKnownFileType = sourcecode.c.h; path = dtls1.h; sourceTree = "<group>"; };
		0A60952128BF421600A29A98 /* err.h */ = {isa = PBXFileReference; fileEncoding = 4; lastKnownFileType = sourcecode.c.h; path = err.h; sourceTree = "<group>"; };
		0A60952228BF421600A29A98 /* bn.h */ = {isa = PBXFileReference; fileEncoding = 4; lastKnownFileType = sourcecode.c.h; path = bn.h; sourceTree = "<group>"; };
		0A60952328BF421600A29A98 /* blowfish.h */ = {isa = PBXFileReference; fileEncoding = 4; lastKnownFileType = sourcecode.c.h; path = blowfish.h; sourceTree = "<group>"; };
		0A60952428BF421600A29A98 /* cms.h */ = {isa = PBXFileReference; fileEncoding = 4; lastKnownFileType = sourcecode.c.h; path = cms.h; sourceTree = "<group>"; };
		0A60952528BF421600A29A98 /* engine.h */ = {isa = PBXFileReference; fileEncoding = 4; lastKnownFileType = sourcecode.c.h; path = engine.h; sourceTree = "<group>"; };
		0A60952628BF421600A29A98 /* conf_api.h */ = {isa = PBXFileReference; fileEncoding = 4; lastKnownFileType = sourcecode.c.h; path = conf_api.h; sourceTree = "<group>"; };
		0A60952728BF421600A29A98 /* x509.h */ = {isa = PBXFileReference; fileEncoding = 4; lastKnownFileType = sourcecode.c.h; path = x509.h; sourceTree = "<group>"; };
		0A60952828BF421600A29A98 /* asn1_mac.h */ = {isa = PBXFileReference; fileEncoding = 4; lastKnownFileType = sourcecode.c.h; path = asn1_mac.h; sourceTree = "<group>"; };
		0A60952928BF421600A29A98 /* ui.h */ = {isa = PBXFileReference; fileEncoding = 4; lastKnownFileType = sourcecode.c.h; path = ui.h; sourceTree = "<group>"; };
		0A60952A28BF421600A29A98 /* kssl.h */ = {isa = PBXFileReference; fileEncoding = 4; lastKnownFileType = sourcecode.c.h; path = kssl.h; sourceTree = "<group>"; };
		0A60952B28BF421600A29A98 /* sha.h */ = {isa = PBXFileReference; fileEncoding = 4; lastKnownFileType = sourcecode.c.h; path = sha.h; sourceTree = "<group>"; };
		0A60952C28BF421600A29A98 /* symhacks.h */ = {isa = PBXFileReference; fileEncoding = 4; lastKnownFileType = sourcecode.c.h; path = symhacks.h; sourceTree = "<group>"; };
		0A60952D28BF421600A29A98 /* asn1.h */ = {isa = PBXFileReference; fileEncoding = 4; lastKnownFileType = sourcecode.c.h; path = asn1.h; sourceTree = "<group>"; };
		0A60952E28BF421600A29A98 /* opensslconf.h */ = {isa = PBXFileReference; fileEncoding = 4; lastKnownFileType = sourcecode.c.h; path = opensslconf.h; sourceTree = "<group>"; };
		0A60952F28BF421600A29A98 /* bio.h */ = {isa = PBXFileReference; fileEncoding = 4; lastKnownFileType = sourcecode.c.h; path = bio.h; sourceTree = "<group>"; };
		0A60953028BF421600A29A98 /* rc2.h */ = {isa = PBXFileReference; fileEncoding = 4; lastKnownFileType = sourcecode.c.h; path = rc2.h; sourceTree = "<group>"; };
		0A60953128BF421600A29A98 /* dh.h */ = {isa = PBXFileReference; fileEncoding = 4; lastKnownFileType = sourcecode.c.h; path = dh.h; sourceTree = "<group>"; };
		0A60953228BF421600A29A98 /* ui_compat.h */ = {isa = PBXFileReference; fileEncoding = 4; lastKnownFileType = sourcecode.c.h; path = ui_compat.h; sourceTree = "<group>"; };
		0A60953328BF421600A29A98 /* x509v3.h */ = {isa = PBXFileReference; fileEncoding = 4; lastKnownFileType = sourcecode.c.h; path = x509v3.h; sourceTree = "<group>"; };
		0A60953428BF421600A29A98 /* ssl23.h */ = {isa = PBXFileReference; fileEncoding = 4; lastKnownFileType = sourcecode.c.h; path = ssl23.h; sourceTree = "<group>"; };
		0A60953528BF421600A29A98 /* conf.h */ = {isa = PBXFileReference; fileEncoding = 4; lastKnownFileType = sourcecode.c.h; path = conf.h; sourceTree = "<group>"; };
		0A60953628BF421600A29A98 /* md5.h */ = {isa = PBXFileReference; fileEncoding = 4; lastKnownFileType = sourcecode.c.h; path = md5.h; sourceTree = "<group>"; };
		0A60953728BF421600A29A98 /* x509_vfy.h */ = {isa = PBXFileReference; fileEncoding = 4; lastKnownFileType = sourcecode.c.h; path = x509_vfy.h; sourceTree = "<group>"; };
		0A60953828BF421600A29A98 /* txt_db.h */ = {isa = PBXFileReference; fileEncoding = 4; lastKnownFileType = sourcecode.c.h; path = txt_db.h; sourceTree = "<group>"; };
		0A60953928BF421600A29A98 /* safestack.h */ = {isa = PBXFileReference; fileEncoding = 4; lastKnownFileType = sourcecode.c.h; path = safestack.h; sourceTree = "<group>"; };
		0A60953A28BF421600A29A98 /* ecdsa.h */ = {isa = PBXFileReference; fileEncoding = 4; lastKnownFileType = sourcecode.c.h; path = ecdsa.h; sourceTree = "<group>"; };
		0A60953B28BF421600A29A98 /* objects.h */ = {isa = PBXFileReference; fileEncoding = 4; lastKnownFileType = sourcecode.c.h; path = objects.h; sourceTree = "<group>"; };
		0A60953C28BF421600A29A98 /* pkcs12.h */ = {isa = PBXFileReference; fileEncoding = 4; lastKnownFileType = sourcecode.c.h; path = pkcs12.h; sourceTree = "<group>"; };
		0A60953D28BF421600A29A98 /* crypto.h */ = {isa = PBXFileReference; fileEncoding = 4; lastKnownFileType = sourcecode.c.h; path = crypto.h; sourceTree = "<group>"; };
		0A60953E28BF421600A29A98 /* opensslv.h */ = {isa = PBXFileReference; fileEncoding = 4; lastKnownFileType = sourcecode.c.h; path = opensslv.h; sourceTree = "<group>"; };
		0A60953F28BF421600A29A98 /* pkcs7.h */ = {isa = PBXFileReference; fileEncoding = 4; lastKnownFileType = sourcecode.c.h; path = pkcs7.h; sourceTree = "<group>"; };
		0A60954028BF421600A29A98 /* obj_mac.h */ = {isa = PBXFileReference; fileEncoding = 4; lastKnownFileType = sourcecode.c.h; path = obj_mac.h; sourceTree = "<group>"; };
		0A60954128BF421600A29A98 /* buffer.h */ = {isa = PBXFileReference; fileEncoding = 4; lastKnownFileType = sourcecode.c.h; path = buffer.h; sourceTree = "<group>"; };
		0A60954228BF421600A29A98 /* ssl.h */ = {isa = PBXFileReference; fileEncoding = 4; lastKnownFileType = sourcecode.c.h; path = ssl.h; sourceTree = "<group>"; };
		0A60954328BF421600A29A98 /* srp.h */ = {isa = PBXFileReference; fileEncoding = 4; lastKnownFileType = sourcecode.c.h; path = srp.h; sourceTree = "<group>"; };
		0A60954428BF421600A29A98 /* camellia.h */ = {isa = PBXFileReference; fileEncoding = 4; lastKnownFileType = sourcecode.c.h; path = camellia.h; sourceTree = "<group>"; };
		0A60954528BF421600A29A98 /* evp.h */ = {isa = PBXFileReference; fileEncoding = 4; lastKnownFileType = sourcecode.c.h; path = evp.h; sourceTree = "<group>"; };
		0A60954628BF421600A29A98 /* e_os2.h */ = {isa = PBXFileReference; fileEncoding = 4; lastKnownFileType = sourcecode.c.h; path = e_os2.h; sourceTree = "<group>"; };
		0A60954728BF421600A29A98 /* md4.h */ = {isa = PBXFileReference; fileEncoding = 4; lastKnownFileType = sourcecode.c.h; path = md4.h; sourceTree = "<group>"; };
		0A60954828BF421600A29A98 /* hmac.h */ = {isa = PBXFileReference; fileEncoding = 4; lastKnownFileType = sourcecode.c.h; path = hmac.h; sourceTree = "<group>"; };
		0A60954928BF421600A29A98 /* aes.h */ = {isa = PBXFileReference; fileEncoding = 4; lastKnownFileType = sourcecode.c.h; path = aes.h; sourceTree = "<group>"; };
		0A60954A28BF421600A29A98 /* comp.h */ = {isa = PBXFileReference; fileEncoding = 4; lastKnownFileType = sourcecode.c.h; path = comp.h; sourceTree = "<group>"; };
		0A60954B28BF421600A29A98 /* cast.h */ = {isa = PBXFileReference; fileEncoding = 4; lastKnownFileType = sourcecode.c.h; path = cast.h; sourceTree = "<group>"; };
		0A60954C28BF421600A29A98 /* rc4.h */ = {isa = PBXFileReference; fileEncoding = 4; lastKnownFileType = sourcecode.c.h; path = rc4.h; sourceTree = "<group>"; };
		0A60954D28BF421600A29A98 /* stack.h */ = {isa = PBXFileReference; fileEncoding = 4; lastKnownFileType = sourcecode.c.h; path = stack.h; sourceTree = "<group>"; };
		0A60954E28BF421600A29A98 /* des.h */ = {isa = PBXFileReference; fileEncoding = 4; lastKnownFileType = sourcecode.c.h; path = des.h; sourceTree = "<group>"; };
		0A60954F28BF421600A29A98 /* ocsp.h */ = {isa = PBXFileReference; fileEncoding = 4; lastKnownFileType = sourcecode.c.h; path = ocsp.h; sourceTree = "<group>"; };
		0A60955028BF421600A29A98 /* ec.h */ = {isa = PBXFileReference; fileEncoding = 4; lastKnownFileType = sourcecode.c.h; path = ec.h; sourceTree = "<group>"; };
		0A60955128BF421600A29A98 /* ecdh.h */ = {isa = PBXFileReference; fileEncoding = 4; lastKnownFileType = sourcecode.c.h; path = ecdh.h; sourceTree = "<group>"; };
		0A60955228BF421600A29A98 /* rand.h */ = {isa = PBXFileReference; fileEncoding = 4; lastKnownFileType = sourcecode.c.h; path = rand.h; sourceTree = "<group>"; };
		0A60955328BF421600A29A98 /* ts.h */ = {isa = PBXFileReference; fileEncoding = 4; lastKnownFileType = sourcecode.c.h; path = ts.h; sourceTree = "<group>"; };
		0A60955428BF421600A29A98 /* pqueue.h */ = {isa = PBXFileReference; fileEncoding = 4; lastKnownFileType = sourcecode.c.h; path = pqueue.h; sourceTree = "<group>"; };
		0A60955528BF421600A29A98 /* dso.h */ = {isa = PBXFileReference; fileEncoding = 4; lastKnownFileType = sourcecode.c.h; path = dso.h; sourceTree = "<group>"; };
		0A60955628BF421600A29A98 /* seed.h */ = {isa = PBXFileReference; fileEncoding = 4; lastKnownFileType = sourcecode.c.h; path = seed.h; sourceTree = "<group>"; };
		0A60955728BF421600A29A98 /* modes.h */ = {isa = PBXFileReference; fileEncoding = 4; lastKnownFileType = sourcecode.c.h; path = modes.h; sourceTree = "<group>"; };
		0A60955828BF421600A29A98 /* ssl2.h */ = {isa = PBXFileReference; fileEncoding = 4; lastKnownFileType = sourcecode.c.h; path = ssl2.h; sourceTree = "<group>"; };
		0A60955928BF421600A29A98 /* rsa.h */ = {isa = PBXFileReference; fileEncoding = 4; lastKnownFileType = sourcecode.c.h; path = rsa.h; sourceTree = "<group>"; };
		0A60955A28BF421600A29A98 /* krb5_asn.h */ = {isa = PBXFileReference; fileEncoding = 4; lastKnownFileType = sourcecode.c.h; path = krb5_asn.h; sourceTree = "<group>"; };
		0A60955B28BF421600A29A98 /* des_old.h */ = {isa = PBXFileReference; fileEncoding = 4; lastKnownFileType = sourcecode.c.h; path = des_old.h; sourceTree = "<group>"; };
		0A60955C28BF421600A29A98 /* ripemd.h */ = {isa = PBXFileReference; fileEncoding = 4; lastKnownFileType = sourcecode.c.h; path = ripemd.h; sourceTree = "<group>"; };
		0A60955D28BF421600A29A98 /* whrlpool.h */ = {isa = PBXFileReference; fileEncoding = 4; lastKnownFileType = sourcecode.c.h; path = whrlpool.h; sourceTree = "<group>"; };
		0A60955E28BF421600A29A98 /* tls1.h */ = {isa = PBXFileReference; fileEncoding = 4; lastKnownFileType = sourcecode.c.h; path = tls1.h; sourceTree = "<group>"; };
		0A60955F28BF421600A29A98 /* mdc2.h */ = {isa = PBXFileReference; fileEncoding = 4; lastKnownFileType = sourcecode.c.h; path = mdc2.h; sourceTree = "<group>"; };
		0A60956028BF421600A29A98 /* dsa.h */ = {isa = PBXFileReference; fileEncoding = 4; lastKnownFileType = sourcecode.c.h; path = dsa.h; sourceTree = "<group>"; };
		0A60956128BF421600A29A98 /* srtp.h */ = {isa = PBXFileReference; fileEncoding = 4; lastKnownFileType = sourcecode.c.h; path = srtp.h; sourceTree = "<group>"; };
		0A60956228BF421600A29A98 /* asn1t.h */ = {isa = PBXFileReference; fileEncoding = 4; lastKnownFileType = sourcecode.c.h; path = asn1t.h; sourceTree = "<group>"; };
		0A60956328BF421600A29A98 /* cmac.h */ = {isa = PBXFileReference; fileEncoding = 4; lastKnownFileType = sourcecode.c.h; path = cmac.h; sourceTree = "<group>"; };
		0A60956428BF421600A29A98 /* ebcdic.h */ = {isa = PBXFileReference; fileEncoding = 4; lastKnownFileType = sourcecode.c.h; path = ebcdic.h; sourceTree = "<group>"; };
		0A60956528BF421600A29A98 /* idea.h */ = {isa = PBXFileReference; fileEncoding = 4; lastKnownFileType = sourcecode.c.h; path = idea.h; sourceTree = "<group>"; };
		0A60956628BF421600A29A98 /* lhash.h */ = {isa = PBXFileReference; fileEncoding = 4; lastKnownFileType = sourcecode.c.h; path = lhash.h; sourceTree = "<group>"; };
		0A65280D2A990238000DD911 /* SettingTableVC.swift */ = {isa = PBXFileReference; lastKnownFileType = sourcecode.swift; path = SettingTableVC.swift; sourceTree = "<group>"; };
		0A65280F2A990290000DD911 /* SettingTableVC-Delegate.swift */ = {isa = PBXFileReference; lastKnownFileType = sourcecode.swift; path = "SettingTableVC-Delegate.swift"; sourceTree = "<group>"; };
		0A9B6CB62A99B8A300B96B3B /* NotificationTableVC.swift */ = {isa = PBXFileReference; lastKnownFileType = sourcecode.swift; path = NotificationTableVC.swift; sourceTree = "<group>"; };
		0ACA247929DC7D3600C57107 /* Other-Extension.swift */ = {isa = PBXFileReference; lastKnownFileType = sourcecode.swift; path = "Other-Extension.swift"; sourceTree = "<group>"; };
		0AF4669428E6CB6400CD4C33 /* zh-Hans */ = {isa = PBXFileReference; lastKnownFileType = text.plist.strings; name = "zh-Hans"; path = "zh-Hans.lproj/LaunchScreen.strings"; sourceTree = "<group>"; };
		0AF4669628E6CB6400CD4C33 /* zh-Hans */ = {isa = PBXFileReference; lastKnownFileType = text.plist.strings; name = "zh-Hans"; path = "zh-Hans.lproj/Main.strings"; sourceTree = "<group>"; };
		0AF4669828E6CB6400CD4C33 /* NearByVC-GCD.swift */ = {isa = PBXFileReference; fileEncoding = 4; lastKnownFileType = sourcecode.swift; path = "NearByVC-GCD.swift"; sourceTree = "<group>"; };
		0AF4669928E6CB6400CD4C33 /* DiscoveryVC.swift */ = {isa = PBXFileReference; fileEncoding = 4; lastKnownFileType = sourcecode.swift; path = DiscoveryVC.swift; sourceTree = "<group>"; };
		0AF4669A28E6CB6400CD4C33 /* FollowVC.swift */ = {isa = PBXFileReference; fileEncoding = 4; lastKnownFileType = sourcecode.swift; path = FollowVC.swift; sourceTree = "<group>"; };
		0AF4669B28E6CB6400CD4C33 /* HomeVC.swift */ = {isa = PBXFileReference; fileEncoding = 4; lastKnownFileType = sourcecode.swift; path = HomeVC.swift; sourceTree = "<group>"; };
		0AF4669D28E6CB6400CD4C33 /* WaterfallVC-Config.swift */ = {isa = PBXFileReference; fileEncoding = 4; lastKnownFileType = sourcecode.swift; path = "WaterfallVC-Config.swift"; sourceTree = "<group>"; };
		0AF4669E28E6CB6400CD4C33 /* WaterfallCell.swift */ = {isa = PBXFileReference; fileEncoding = 4; lastKnownFileType = sourcecode.swift; path = WaterfallCell.swift; sourceTree = "<group>"; };
		0AF4669F28E6CB6400CD4C33 /* WaterfallVC.swift */ = {isa = PBXFileReference; fileEncoding = 4; lastKnownFileType = sourcecode.swift; path = WaterfallVC.swift; sourceTree = "<group>"; };
		0AF466A028E6CB6400CD4C33 /* DraftNoteWaterfallCell.swift */ = {isa = PBXFileReference; fileEncoding = 4; lastKnownFileType = sourcecode.swift; path = DraftNoteWaterfallCell.swift; sourceTree = "<group>"; };
		0AF466A128E6CB6400CD4C33 /* WaterfallVC-Delegate.swift */ = {isa = PBXFileReference; fileEncoding = 4; lastKnownFileType = sourcecode.swift; path = "WaterfallVC-Delegate.swift"; sourceTree = "<group>"; };
		0AF466A228E6CB6400CD4C33 /* WaterfallVC-LoadData.swift */ = {isa = PBXFileReference; fileEncoding = 4; lastKnownFileType = sourcecode.swift; path = "WaterfallVC-LoadData.swift"; sourceTree = "<group>"; };
		0AF466A328E6CB6400CD4C33 /* WaterfallVC-DataSource.swift */ = {isa = PBXFileReference; fileEncoding = 4; lastKnownFileType = sourcecode.swift; path = "WaterfallVC-DataSource.swift"; sourceTree = "<group>"; };
		0AF466A628E6CB6400CD4C33 /* zh-Hans */ = {isa = PBXFileReference; lastKnownFileType = text.plist.strings; name = "zh-Hans"; path = "zh-Hans.lproj/Localizable.strings"; sourceTree = "<group>"; };
		0AF466A828E6CB6400CD4C33 /* zh-Hans */ = {isa = PBXFileReference; lastKnownFileType = text.plist.strings; name = "zh-Hans"; path = "zh-Hans.lproj/InfoPlist.strings"; sourceTree = "<group>"; };
		0AF466A928E6CB6400CD4C33 /* en */ = {isa = PBXFileReference; lastKnownFileType = text.plist.strings; name = en; path = en.lproj/Localizable.strings; sourceTree = "<group>"; };
		0AF466AA28E6CB6400CD4C33 /* imagePH.png */ = {isa = PBXFileReference; lastKnownFileType = image.png; path = imagePH.png; sourceTree = "<group>"; };
		0AF466AB28E6CB6400CD4C33 /* avatarPH.jpeg */ = {isa = PBXFileReference; lastKnownFileType = image.jpeg; path = avatarPH.jpeg; sourceTree = "<group>"; };
		0AF466AC28E6CB6400CD4C33 /* Assets.xcassets */ = {isa = PBXFileReference; lastKnownFileType = folder.assetcatalog; path = Assets.xcassets; sourceTree = "<group>"; };
		0AF466AE28E6CB6400CD4C33 /* 枚举.playground */ = {isa = PBXFileReference; lastKnownFileType = file.playground; path = "枚举.playground"; sourceTree = "<group>"; xcLanguageSpecificationIdentifier = xcode.lang.swift; };
		0AF466AF28E6CB6400CD4C33 /* LocalizationTableVCDemo.swift */ = {isa = PBXFileReference; fileEncoding = 4; lastKnownFileType = sourcecode.swift; path = LocalizationTableVCDemo.swift; sourceTree = "<group>"; };
		0AF466B028E6CB6400CD4C33 /* 值类型+引用类型.playground */ = {isa = PBXFileReference; lastKnownFileType = file.playground; path = "值类型+引用类型.playground"; sourceTree = "<group>"; };
		0AF466B128E6CB6400CD4C33 /* 用代码实现collectionview.playground */ = {isa = PBXFileReference; lastKnownFileType = file.playground; path = "用代码实现collectionview.playground"; sourceTree = "<group>"; xcLanguageSpecificationIdentifier = xcode.lang.swift; };
		0AF466B228E6CB6400CD4C33 /* PostVC.swift */ = {isa = PBXFileReference; fileEncoding = 4; lastKnownFileType = sourcecode.swift; path = PostVC.swift; sourceTree = "<group>"; };
		0AF466B328E6CB6400CD4C33 /* 闭包.playground */ = {isa = PBXFileReference; lastKnownFileType = file.playground; path = "闭包.playground"; sourceTree = "<group>"; };
		0AF466B428E6CB6400CD4C33 /* ARC+循环引用.playground */ = {isa = PBXFileReference; lastKnownFileType = file.playground; path = "ARC+循环引用.playground"; sourceTree = "<group>"; };
		0AF466B528E6CB6400CD4C33 /* TabBarC.swift */ = {isa = PBXFileReference; fileEncoding = 4; lastKnownFileType = sourcecode.swift; path = TabBarC.swift; sourceTree = "<group>"; };
		0AF466B728E6CB6400CD4C33 /* NoteDetailVC.swift */ = {isa = PBXFileReference; fileEncoding = 4; lastKnownFileType = sourcecode.swift; path = NoteDetailVC.swift; sourceTree = "<group>"; };
		0AF466B828E6CB6400CD4C33 /* NoteDetailVC-UI.swift */ = {isa = PBXFileReference; fileEncoding = 4; lastKnownFileType = sourcecode.swift; path = "NoteDetailVC-UI.swift"; sourceTree = "<group>"; };
		0AF466B928E6CB6400CD4C33 /* NoteDetailVC-Config.swift */ = {isa = PBXFileReference; fileEncoding = 4; lastKnownFileType = sourcecode.swift; path = "NoteDetailVC-Config.swift"; sourceTree = "<group>"; };
		0AF466BA28E6CB6400CD4C33 /* LittlePink-Bridging-Header.h */ = {isa = PBXFileReference; fileEncoding = 4; lastKnownFileType = sourcecode.c.h; path = "LittlePink-Bridging-Header.h"; sourceTree = "<group>"; };
		0AF466BC28E6CB6400CD4C33 /* Base */ = {isa = PBXFileReference; lastKnownFileType = file.storyboard; name = Base; path = Base.lproj/LaunchScreen.storyboard; sourceTree = "<group>"; };
		0AF466BE28E6CB6400CD4C33 /* Base */ = {isa = PBXFileReference; lastKnownFileType = file.storyboard; name = Base; path = Base.lproj/Main.storyboard; sourceTree = "<group>"; };
		0AF466C028E6CB6400CD4C33 /* Constants.swift */ = {isa = PBXFileReference; fileEncoding = 4; lastKnownFileType = sourcecode.swift; path = Constants.swift; sourceTree = "<group>"; };
		0AF466C128E6CB6400CD4C33 /* CustomViews.swift */ = {isa = PBXFileReference; fileEncoding = 4; lastKnownFileType = sourcecode.swift; path = CustomViews.swift; sourceTree = "<group>"; };
		0AF466C328E6CB6400CD4C33 /* LocalLogin-Extensions.swift */ = {isa = PBXFileReference; fileEncoding = 4; lastKnownFileType = sourcecode.swift; path = "LocalLogin-Extensions.swift"; sourceTree = "<group>"; };
		0AF466C428E6CB6400CD4C33 /* Login-Extensions.swift */ = {isa = PBXFileReference; fileEncoding = 4; lastKnownFileType = sourcecode.swift; path = "Login-Extensions.swift"; sourceTree = "<group>"; };
		0AF466C528E6CB6400CD4C33 /* System-Extensions.swift */ = {isa = PBXFileReference; fileEncoding = 4; lastKnownFileType = sourcecode.swift; path = "System-Extensions.swift"; sourceTree = "<group>"; };
		0AF466C628E6CB6400CD4C33 /* LC-Extensions.swift */ = {isa = PBXFileReference; fileEncoding = 4; lastKnownFileType = sourcecode.swift; path = "LC-Extensions.swift"; sourceTree = "<group>"; };
		0AF466C728E6CB6400CD4C33 /* Protocols.swift */ = {isa = PBXFileReference; fileEncoding = 4; lastKnownFileType = sourcecode.swift; path = Protocols.swift; sourceTree = "<group>"; };
		0AF466C928E6CB6400CD4C33 /* LoginAndMeParentVC.swift */ = {isa = PBXFileReference; fileEncoding = 4; lastKnownFileType = sourcecode.swift; path = LoginAndMeParentVC.swift; sourceTree = "<group>"; };
		0AF466CA28E6CB6400CD4C33 /* MeVC.swift */ = {isa = PBXFileReference; fileEncoding = 4; lastKnownFileType = sourcecode.swift; path = MeVC.swift; sourceTree = "<group>"; };
		0AF466CB28E6CB6400CD4C33 /* LittlePink.entitlements */ = {isa = PBXFileReference; fileEncoding = 4; lastKnownFileType = text.plist.entitlements; path = LittlePink.entitlements; sourceTree = "<group>"; };
		0AF466CC28E6CB6400CD4C33 /* AppDelegate.swift */ = {isa = PBXFileReference; fileEncoding = 4; lastKnownFileType = sourcecode.swift; path = AppDelegate.swift; sourceTree = "<group>"; };
		0AF466CE28E6CB6400CD4C33 /* SocialLoginVC-Apple.swift */ = {isa = PBXFileReference; fileEncoding = 4; lastKnownFileType = sourcecode.swift; path = "SocialLoginVC-Apple.swift"; sourceTree = "<group>"; };
		0AF466CF28E6CB6400CD4C33 /* LoginVC.swift */ = {isa = PBXFileReference; fileEncoding = 4; lastKnownFileType = sourcecode.swift; path = LoginVC.swift; sourceTree = "<group>"; };
		0AF466D028E6CB6400CD4C33 /* CodeLoginVC.swift */ = {isa = PBXFileReference; fileEncoding = 4; lastKnownFileType = sourcecode.swift; path = CodeLoginVC.swift; sourceTree = "<group>"; };
		0AF466D128E6CB6400CD4C33 /* PasswordLoginVC.swift */ = {isa = PBXFileReference; fileEncoding = 4; lastKnownFileType = sourcecode.swift; path = PasswordLoginVC.swift; sourceTree = "<group>"; };
		0AF466D228E6CB6400CD4C33 /* SocialLoginVC.swift */ = {isa = PBXFileReference; fileEncoding = 4; lastKnownFileType = sourcecode.swift; path = SocialLoginVC.swift; sourceTree = "<group>"; };
		0AF466D328E6CB6400CD4C33 /* SocialLoginVC-Alipay.swift */ = {isa = PBXFileReference; fileEncoding = 4; lastKnownFileType = sourcecode.swift; path = "SocialLoginVC-Alipay.swift"; sourceTree = "<group>"; };
		0AF466D428E6CB6400CD4C33 /* Info.plist */ = {isa = PBXFileReference; fileEncoding = 4; lastKnownFileType = text.plist.xml; path = Info.plist; sourceTree = "<group>"; };
		0AF466D528E6CB6400CD4C33 /* SceneDelegate.swift */ = {isa = PBXFileReference; fileEncoding = 4; lastKnownFileType = sourcecode.swift; path = SceneDelegate.swift; sourceTree = "<group>"; };
		0AF466D728E6CB6400CD4C33 /* NoteEditVC-DragDrop.swift */ = {isa = PBXFileReference; fileEncoding = 4; lastKnownFileType = sourcecode.swift; path = "NoteEditVC-DragDrop.swift"; sourceTree = "<group>"; };
		0AF466D828E6CB6400CD4C33 /* POICell.swift */ = {isa = PBXFileReference; fileEncoding = 4; lastKnownFileType = sourcecode.swift; path = POICell.swift; sourceTree = "<group>"; };
		0AF466D928E6CB6400CD4C33 /* NoteEditVC-DraftNote.swift */ = {isa = PBXFileReference; fileEncoding = 4; lastKnownFileType = sourcecode.swift; path = "NoteEditVC-DraftNote.swift"; sourceTree = "<group>"; };
		0AF466DA28E6CB6400CD4C33 /* ChannelVC.swift */ = {isa = PBXFileReference; fileEncoding = 4; lastKnownFileType = sourcecode.swift; path = ChannelVC.swift; sourceTree = "<group>"; };
		0AF466DB28E6CB6400CD4C33 /* PhotoCell.swift */ = {isa = PBXFileReference; fileEncoding = 4; lastKnownFileType = sourcecode.swift; path = PhotoCell.swift; sourceTree = "<group>"; };
		0AF466DC28E6CB6400CD4C33 /* NoteEditVC-Helper.swift */ = {isa = PBXFileReference; fileEncoding = 4; lastKnownFileType = sourcecode.swift; path = "NoteEditVC-Helper.swift"; sourceTree = "<group>"; };
		0AF466DD28E6CB6400CD4C33 /* POIVC-Location.swift */ = {isa = PBXFileReference; fileEncoding = 4; lastKnownFileType = sourcecode.swift; path = "POIVC-Location.swift"; sourceTree = "<group>"; };
		0AF466DE28E6CB6400CD4C33 /* POIVC.swift */ = {isa = PBXFileReference; fileEncoding = 4; lastKnownFileType = sourcecode.swift; path = POIVC.swift; sourceTree = "<group>"; };
		0AF466DF28E6CB6400CD4C33 /* NoteEditVC-CollectionView.swift */ = {isa = PBXFileReference; fileEncoding = 4; lastKnownFileType = sourcecode.swift; path = "NoteEditVC-CollectionView.swift"; sourceTree = "<group>"; };
		0AF466E028E6CB6400CD4C33 /* ChannelTableVC.swift */ = {isa = PBXFileReference; fileEncoding = 4; lastKnownFileType = sourcecode.swift; path = ChannelTableVC.swift; sourceTree = "<group>"; };
		0AF466E128E6CB6400CD4C33 /* NoteEditVC-Note.swift */ = {isa = PBXFileReference; fileEncoding = 4; lastKnownFileType = sourcecode.swift; path = "NoteEditVC-Note.swift"; sourceTree = "<group>"; };
		0AF466E228E6CB6400CD4C33 /* POIVC-Config.swift */ = {isa = PBXFileReference; fileEncoding = 4; lastKnownFileType = sourcecode.swift; path = "POIVC-Config.swift"; sourceTree = "<group>"; };
		0AF466E328E6CB6400CD4C33 /* NoteEditVC-Config.swift */ = {isa = PBXFileReference; fileEncoding = 4; lastKnownFileType = sourcecode.swift; path = "NoteEditVC-Config.swift"; sourceTree = "<group>"; };
		0AF466E428E6CB6400CD4C33 /* TextViewIAView.xib */ = {isa = PBXFileReference; fileEncoding = 4; lastKnownFileType = file.xib; path = TextViewIAView.xib; sourceTree = "<group>"; };
		0AF466E528E6CB6400CD4C33 /* TextViewIAView.swift */ = {isa = PBXFileReference; fileEncoding = 4; lastKnownFileType = sourcecode.swift; path = TextViewIAView.swift; sourceTree = "<group>"; };
		0AF466E628E6CB6400CD4C33 /* NoteEditVC.swift */ = {isa = PBXFileReference; fileEncoding = 4; lastKnownFileType = sourcecode.swift; path = NoteEditVC.swift; sourceTree = "<group>"; };
		0AF466E728E6CB6400CD4C33 /* NoteEditVC-UI.swift */ = {isa = PBXFileReference; fileEncoding = 4; lastKnownFileType = sourcecode.swift; path = "NoteEditVC-UI.swift"; sourceTree = "<group>"; };
		0AF466E828E6CB6400CD4C33 /* PhotoFooter.swift */ = {isa = PBXFileReference; fileEncoding = 4; lastKnownFileType = sourcecode.swift; path = PhotoFooter.swift; sourceTree = "<group>"; };
		0AF466E928E6CB6400CD4C33 /* POIVC-KeywordsSearch.swift */ = {isa = PBXFileReference; fileEncoding = 4; lastKnownFileType = sourcecode.swift; path = "POIVC-KeywordsSearch.swift"; sourceTree = "<group>"; };
		0AF466EA28E6CB6400CD4C33 /* TV.mp4 */ = {isa = PBXFileReference; lastKnownFileType = file; path = TV.mp4; sourceTree = "<group>"; };
		0AF466EC28E6CB6400CD4C33 /* LittlePink.xcdatamodel */ = {isa = PBXFileReference; lastKnownFileType = wrapper.xcdatamodel; path = LittlePink.xcdatamodel; sourceTree = "<group>"; };
		0AF466ED28E6CB6400CD4C33 /* LittlePink v2.xcdatamodel */ = {isa = PBXFileReference; lastKnownFileType = wrapper.xcdatamodel; path = "LittlePink v2.xcdatamodel"; sourceTree = "<group>"; };
		1B2B502529B732CD00F84026 /* ExpandableReplies.swift */ = {isa = PBXFileReference; lastKnownFileType = sourcecode.swift; path = ExpandableReplies.swift; sourceTree = "<group>"; };
		1B2B503329B86C6B00F84026 /* NoteDetailVC-DelReply.swift */ = {isa = PBXFileReference; lastKnownFileType = sourcecode.swift; path = "NoteDetailVC-DelReply.swift"; sourceTree = "<group>"; };
		1BD09B8F29680B3D00A638F1 /* CommentView.swift */ = {isa = PBXFileReference; lastKnownFileType = sourcecode.swift; path = CommentView.swift; sourceTree = "<group>"; };
		1BD09B9129680B5200A638F1 /* CommentView.xib */ = {isa = PBXFileReference; lastKnownFileType = file.xib; path = CommentView.xib; sourceTree = "<group>"; };
		1BD09B962968376600A638F1 /* NoteDetailVC-TVDelegate.swift */ = {isa = PBXFileReference; lastKnownFileType = sourcecode.swift; path = "NoteDetailVC-TVDelegate.swift"; sourceTree = "<group>"; };
		1BD09B982968387200A638F1 /* NoteDetailVC-TVDataSource.swift */ = {isa = PBXFileReference; lastKnownFileType = sourcecode.swift; path = "NoteDetailVC-TVDataSource.swift"; sourceTree = "<group>"; };
		1BF10A20298BE75200ABF0CF /* NoteDetailVC-PostComment.swift */ = {isa = PBXFileReference; lastKnownFileType = sourcecode.swift; path = "NoteDetailVC-PostComment.swift"; sourceTree = "<group>"; };
		1BF10A22298BE8DA00ABF0CF /* NoteDetailVC-PostReply.swift */ = {isa = PBXFileReference; lastKnownFileType = sourcecode.swift; path = "NoteDetailVC-PostReply.swift"; sourceTree = "<group>"; };
		1F0428180353BB82DCF7E145 /* Pods-LittlePrink.debug.xcconfig */ = {isa = PBXFileReference; includeInIndex = 1; lastKnownFileType = text.xcconfig; name = "Pods-LittlePrink.debug.xcconfig"; path = "Target Support Files/Pods-LittlePrink/Pods-LittlePrink.debug.xcconfig"; sourceTree = "<group>"; };
		2A0536C735BA78DE8AC8F7A4 /* Pods-LittlePink.release.xcconfig */ = {isa = PBXFileReference; includeInIndex = 1; lastKnownFileType = text.xcconfig; name = "Pods-LittlePink.release.xcconfig"; path = "Target Support Files/Pods-LittlePink/Pods-LittlePink.release.xcconfig"; sourceTree = "<group>"; };
		47409E932A93904900D709D4 /* NoteDetailVC-MeVC.swift */ = {isa = PBXFileReference; lastKnownFileType = sourcecode.swift; path = "NoteDetailVC-MeVC.swift"; sourceTree = "<group>"; };
		47409E952A93960C00D709D4 /* MeVC-BackorDrawer.swift */ = {isa = PBXFileReference; lastKnownFileType = sourcecode.swift; path = "MeVC-BackorDrawer.swift"; sourceTree = "<group>"; };
		474F6A002A95EC600089048D /* MeVC-Config.swift */ = {isa = PBXFileReference; lastKnownFileType = sourcecode.swift; path = "MeVC-Config.swift"; sourceTree = "<group>"; };
		474F6A022A95ED1C0089048D /* MeVC-HeaderView.swift */ = {isa = PBXFileReference; lastKnownFileType = sourcecode.swift; path = "MeVC-HeaderView.swift"; sourceTree = "<group>"; };
		474F6A042A95F2670089048D /* MeVC-EditIntro.swift */ = {isa = PBXFileReference; lastKnownFileType = sourcecode.swift; path = "MeVC-EditIntro.swift"; sourceTree = "<group>"; };
		474F6A062A95F3BE0089048D /* MeVC-EditOrFllow.swift */ = {isa = PBXFileReference; lastKnownFileType = sourcecode.swift; path = "MeVC-EditOrFllow.swift"; sourceTree = "<group>"; };
		474F6A082A95FB480089048D /* MeVC-SettingOrChat.swift */ = {isa = PBXFileReference; lastKnownFileType = sourcecode.swift; path = "MeVC-SettingOrChat.swift"; sourceTree = "<group>"; };
		474F6A0C2A96092C0089048D /* MyDraftNoteWaterfallCell.xib */ = {isa = PBXFileReference; lastKnownFileType = file.xib; path = MyDraftNoteWaterfallCell.xib; sourceTree = "<group>"; };
		474F6A0F2A960C040089048D /* MyDraftNoteWaterfallCell.swift */ = {isa = PBXFileReference; lastKnownFileType = sourcecode.swift; path = MyDraftNoteWaterfallCell.swift; sourceTree = "<group>"; };
		474F6A112A962AA00089048D /* WaterfallVC-Layout.swift */ = {isa = PBXFileReference; lastKnownFileType = sourcecode.swift; path = "WaterfallVC-Layout.swift"; sourceTree = "<group>"; };
		476D894D2A988ED700AFDA50 /* MeVC-Delegate.swift */ = {isa = PBXFileReference; lastKnownFileType = sourcecode.swift; path = "MeVC-Delegate.swift"; sourceTree = "<group>"; };
		479742062A9700C000591F34 /* IntroVC.swift */ = {isa = PBXFileReference; lastKnownFileType = sourcecode.swift; path = IntroVC.swift; sourceTree = "<group>"; };
		479742092A9738CB00591F34 /* EditProfileTableVC.swift */ = {isa = PBXFileReference; lastKnownFileType = sourcecode.swift; path = EditProfileTableVC.swift; sourceTree = "<group>"; };
		4797420B2A974E5B00591F34 /* EditProfileTableVC-Delegate.swift */ = {isa = PBXFileReference; lastKnownFileType = sourcecode.swift; path = "EditProfileTableVC-Delegate.swift"; sourceTree = "<group>"; };
		4797420D2A9750D900591F34 /* EditProfileTableVC-PHPickerVCDelegate.swift */ = {isa = PBXFileReference; lastKnownFileType = sourcecode.swift; path = "EditProfileTableVC-PHPickerVCDelegate.swift"; sourceTree = "<group>"; };
		4797420F2A97833600591F34 /* EditProfileTableVC-UI.swift */ = {isa = PBXFileReference; lastKnownFileType = sourcecode.swift; path = "EditProfileTableVC-UI.swift"; sourceTree = "<group>"; };
		47C7C0DA2A949DF50072ED14 /* CustomClasses.swift */ = {isa = PBXFileReference; lastKnownFileType = sourcecode.swift; path = CustomClasses.swift; sourceTree = "<group>"; };
		47EC2F402A8F663A008F925E /* CommentSectionFooterView.swift */ = {isa = PBXFileReference; fileEncoding = 4; lastKnownFileType = sourcecode.swift; path = CommentSectionFooterView.swift; sourceTree = "<group>"; };
		4D172F6721621EA095639AF7 /* Pods-LittlePrink.release.xcconfig */ = {isa = PBXFileReference; includeInIndex = 1; lastKnownFileType = text.xcconfig; name = "Pods-LittlePrink.release.xcconfig"; path = "Target Support Files/Pods-LittlePrink/Pods-LittlePrink.release.xcconfig"; sourceTree = "<group>"; };
		5455937FB0A8BB3304110E6B /* Pods-LittlePink.debug.xcconfig */ = {isa = PBXFileReference; includeInIndex = 1; lastKnownFileType = text.xcconfig; name = "Pods-LittlePink.debug.xcconfig"; path = "Target Support Files/Pods-LittlePink/Pods-LittlePink.debug.xcconfig"; sourceTree = "<group>"; };
		65399075282AB3DE002EB0E8 /* LittlePink.app */ = {isa = PBXFileReference; explicitFileType = wrapper.application; includeInIndex = 0; path = LittlePink.app; sourceTree = BUILT_PRODUCTS_DIR; };
		6569C10929A90A8B00684C3C /* ReplyCell.swift */ = {isa = PBXFileReference; lastKnownFileType = sourcecode.swift; path = ReplyCell.swift; sourceTree = "<group>"; };
		65832BCD2A6B89A500B16875 /* MeHeaderView.swift */ = {isa = PBXFileReference; lastKnownFileType = sourcecode.swift; path = MeHeaderView.swift; sourceTree = "<group>"; };
		65832BCF2A6B89C200B16875 /* MeHeaderView.xib */ = {isa = PBXFileReference; lastKnownFileType = file.xib; path = MeHeaderView.xib; sourceTree = "<group>"; };
		65BA948F29601F2D008C5F65 /* NoteDetailVC-Helper.swift */ = {isa = PBXFileReference; lastKnownFileType = sourcecode.swift; path = "NoteDetailVC-Helper.swift"; sourceTree = "<group>"; };
		65BA94912960216D008C5F65 /* NoteDetailVC-EditNote.swift */ = {isa = PBXFileReference; lastKnownFileType = sourcecode.swift; path = "NoteDetailVC-EditNote.swift"; sourceTree = "<group>"; };
		65BDACC0295F457B00CCD7CF /* NoteDetailVC-ShareOrMore.swift */ = {isa = PBXFileReference; lastKnownFileType = sourcecode.swift; path = "NoteDetailVC-ShareOrMore.swift"; sourceTree = "<group>"; };
		65BDACC2295F461E00CCD7CF /* NoteDetailVC-DelNote.swift */ = {isa = PBXFileReference; lastKnownFileType = sourcecode.swift; path = "NoteDetailVC-DelNote.swift"; sourceTree = "<group>"; };
		65D049712A67FB020031AE5E /* MeVC-UI.swift */ = {isa = PBXFileReference; lastKnownFileType = sourcecode.swift; path = "MeVC-UI.swift"; sourceTree = "<group>"; };
		65DF4EAC29813E9500B36902 /* NoteDetailVC-LoadData.swift */ = {isa = PBXFileReference; lastKnownFileType = sourcecode.swift; path = "NoteDetailVC-LoadData.swift"; sourceTree = "<group>"; };
		65DF4EAE29817D5E00B36902 /* NoteDetailVC-DelComment.swift */ = {isa = PBXFileReference; lastKnownFileType = sourcecode.swift; path = "NoteDetailVC-DelComment.swift"; sourceTree = "<group>"; };
		65EA5CA1295DE00C0023885E /* WaterfallCell-Like.swift */ = {isa = PBXFileReference; lastKnownFileType = sourcecode.swift; path = "WaterfallCell-Like.swift"; sourceTree = "<group>"; };
		65EA5CA3295DE2140023885E /* NoteDetailVC-Fav.swift */ = {isa = PBXFileReference; lastKnownFileType = sourcecode.swift; path = "NoteDetailVC-Fav.swift"; sourceTree = "<group>"; };
		F21E3B59C6CA4A53E4446122 /* Pods_LittlePink.framework */ = {isa = PBXFileReference; explicitFileType = wrapper.framework; includeInIndex = 0; path = Pods_LittlePink.framework; sourceTree = BUILT_PRODUCTS_DIR; };
/* End PBXFileReference section */

/* Begin PBXFrameworksBuildPhase section */
		65399072282AB3DE002EB0E8 /* Frameworks */ = {
			isa = PBXFrameworksBuildPhase;
			buildActionMask = 2147483647;
			files = (
				0A60956728BF421600A29A98 /* libcrypto.a in Frameworks */,
				0A60956A28BF421600A29A98 /* libssl.a in Frameworks */,
				D0283336B63934D89D874380 /* Pods_LittlePink.framework in Frameworks */,
			);
			runOnlyForDeploymentPostprocessing = 0;
		};
/* End PBXFrameworksBuildPhase section */

/* Begin PBXGroup section */
		0A60951328BF421600A29A98 /* AliPay */ = {
			isa = PBXGroup;
			children = (
				0A60951428BF421600A29A98 /* libcrypto.a */,
				0A60951528BF421600A29A98 /* Utils */,
				0A60951A28BF421600A29A98 /* libssl.a */,
				0A60951B28BF421600A29A98 /* openssl */,
			);
			path = AliPay;
			sourceTree = "<group>";
		};
		0A60951528BF421600A29A98 /* Utils */ = {
			isa = PBXGroup;
			children = (
				0A60951628BF421600A29A98 /* openssl_wrapper.m */,
				0A60951728BF421600A29A98 /* APRSASigner.h */,
				0A60951828BF421600A29A98 /* openssl_wrapper.h */,
				0A60951928BF421600A29A98 /* APRSASigner.m */,
			);
			path = Utils;
			sourceTree = "<group>";
		};
		0A60951B28BF421600A29A98 /* openssl */ = {
			isa = PBXGroup;
			children = (
				0A60951C28BF421600A29A98 /* pem2.h */,
				0A60951D28BF421600A29A98 /* pem.h */,
				0A60951E28BF421600A29A98 /* ssl3.h */,
				0A60951F28BF421600A29A98 /* ossl_typ.h */,
				0A60952028BF421600A29A98 /* dtls1.h */,
				0A60952128BF421600A29A98 /* err.h */,
				0A60952228BF421600A29A98 /* bn.h */,
				0A60952328BF421600A29A98 /* blowfish.h */,
				0A60952428BF421600A29A98 /* cms.h */,
				0A60952528BF421600A29A98 /* engine.h */,
				0A60952628BF421600A29A98 /* conf_api.h */,
				0A60952728BF421600A29A98 /* x509.h */,
				0A60952828BF421600A29A98 /* asn1_mac.h */,
				0A60952928BF421600A29A98 /* ui.h */,
				0A60952A28BF421600A29A98 /* kssl.h */,
				0A60952B28BF421600A29A98 /* sha.h */,
				0A60952C28BF421600A29A98 /* symhacks.h */,
				0A60952D28BF421600A29A98 /* asn1.h */,
				0A60952E28BF421600A29A98 /* opensslconf.h */,
				0A60952F28BF421600A29A98 /* bio.h */,
				0A60953028BF421600A29A98 /* rc2.h */,
				0A60953128BF421600A29A98 /* dh.h */,
				0A60953228BF421600A29A98 /* ui_compat.h */,
				0A60953328BF421600A29A98 /* x509v3.h */,
				0A60953428BF421600A29A98 /* ssl23.h */,
				0A60953528BF421600A29A98 /* conf.h */,
				0A60953628BF421600A29A98 /* md5.h */,
				0A60953728BF421600A29A98 /* x509_vfy.h */,
				0A60953828BF421600A29A98 /* txt_db.h */,
				0A60953928BF421600A29A98 /* safestack.h */,
				0A60953A28BF421600A29A98 /* ecdsa.h */,
				0A60953B28BF421600A29A98 /* objects.h */,
				0A60953C28BF421600A29A98 /* pkcs12.h */,
				0A60953D28BF421600A29A98 /* crypto.h */,
				0A60953E28BF421600A29A98 /* opensslv.h */,
				0A60953F28BF421600A29A98 /* pkcs7.h */,
				0A60954028BF421600A29A98 /* obj_mac.h */,
				0A60954128BF421600A29A98 /* buffer.h */,
				0A60954228BF421600A29A98 /* ssl.h */,
				0A60954328BF421600A29A98 /* srp.h */,
				0A60954428BF421600A29A98 /* camellia.h */,
				0A60954528BF421600A29A98 /* evp.h */,
				0A60954628BF421600A29A98 /* e_os2.h */,
				0A60954728BF421600A29A98 /* md4.h */,
				0A60954828BF421600A29A98 /* hmac.h */,
				0A60954928BF421600A29A98 /* aes.h */,
				0A60954A28BF421600A29A98 /* comp.h */,
				0A60954B28BF421600A29A98 /* cast.h */,
				0A60954C28BF421600A29A98 /* rc4.h */,
				0A60954D28BF421600A29A98 /* stack.h */,
				0A60954E28BF421600A29A98 /* des.h */,
				0A60954F28BF421600A29A98 /* ocsp.h */,
				0A60955028BF421600A29A98 /* ec.h */,
				0A60955128BF421600A29A98 /* ecdh.h */,
				0A60955228BF421600A29A98 /* rand.h */,
				0A60955328BF421600A29A98 /* ts.h */,
				0A60955428BF421600A29A98 /* pqueue.h */,
				0A60955528BF421600A29A98 /* dso.h */,
				0A60955628BF421600A29A98 /* seed.h */,
				0A60955728BF421600A29A98 /* modes.h */,
				0A60955828BF421600A29A98 /* ssl2.h */,
				0A60955928BF421600A29A98 /* rsa.h */,
				0A60955A28BF421600A29A98 /* krb5_asn.h */,
				0A60955B28BF421600A29A98 /* des_old.h */,
				0A60955C28BF421600A29A98 /* ripemd.h */,
				0A60955D28BF421600A29A98 /* whrlpool.h */,
				0A60955E28BF421600A29A98 /* tls1.h */,
				0A60955F28BF421600A29A98 /* mdc2.h */,
				0A60956028BF421600A29A98 /* dsa.h */,
				0A60956128BF421600A29A98 /* srtp.h */,
				0A60956228BF421600A29A98 /* asn1t.h */,
				0A60956328BF421600A29A98 /* cmac.h */,
				0A60956428BF421600A29A98 /* ebcdic.h */,
				0A60956528BF421600A29A98 /* idea.h */,
				0A60956628BF421600A29A98 /* lhash.h */,
			);
			path = openssl;
			sourceTree = "<group>";
		};
		0AF4669228E6CB6300CD4C33 /* LittlePink */ = {
			isa = PBXGroup;
			children = (
				476D894F2A98A6E800AFDA50 /* Setting */,
				0AF4669328E6CB6300CD4C33 /* LaunchScreen.strings */,
				0AF4669528E6CB6400CD4C33 /* Main.strings */,
				0AF4669728E6CB6400CD4C33 /* Home */,
				0AF4669C28E6CB6400CD4C33 /* Waterfall */,
				0AF466A428E6CB6400CD4C33 /* Resources */,
				0AF466AC28E6CB6400CD4C33 /* Assets.xcassets */,
				0AF466AD28E6CB6400CD4C33 /* Demos+PH */,
				0AF466B528E6CB6400CD4C33 /* TabBarC.swift */,
				1B2B502729B738BB00F84026 /* Model */,
				0AF466B628E6CB6400CD4C33 /* NoteDetail */,
				0AF466BA28E6CB6400CD4C33 /* LittlePink-Bridging-Header.h */,
				0AF466BB28E6CB6400CD4C33 /* LaunchScreen.storyboard */,
				0AF466BD28E6CB6400CD4C33 /* Main.storyboard */,
				0AF466BF28E6CB6400CD4C33 /* Common */,
				0AF466C828E6CB6400CD4C33 /* Me */,
				0AF466CB28E6CB6400CD4C33 /* LittlePink.entitlements */,
				0AF466CC28E6CB6400CD4C33 /* AppDelegate.swift */,
				479742082A97382500591F34 /* EditProfile */,
				0AF466CD28E6CB6400CD4C33 /* Login */,
				0AF466D428E6CB6400CD4C33 /* Info.plist */,
				0AF466D528E6CB6400CD4C33 /* SceneDelegate.swift */,
				0AF466D628E6CB6400CD4C33 /* NoteEdit */,
				0AF466EA28E6CB6400CD4C33 /* TV.mp4 */,
				0AF466EB28E6CB6400CD4C33 /* LittlePink.xcdatamodeld */,
			);
			path = LittlePink;
			sourceTree = "<group>";
		};
		0AF4669728E6CB6400CD4C33 /* Home */ = {
			isa = PBXGroup;
			children = (
				0AF4669828E6CB6400CD4C33 /* NearByVC-GCD.swift */,
				0AF4669928E6CB6400CD4C33 /* DiscoveryVC.swift */,
				0AF4669A28E6CB6400CD4C33 /* FollowVC.swift */,
				0AF4669B28E6CB6400CD4C33 /* HomeVC.swift */,
			);
			path = Home;
			sourceTree = "<group>";
		};
		0AF4669C28E6CB6400CD4C33 /* Waterfall */ = {
			isa = PBXGroup;
			children = (
				0AF466A028E6CB6400CD4C33 /* DraftNoteWaterfallCell.swift */,
				474F6A0F2A960C040089048D /* MyDraftNoteWaterfallCell.swift */,
				474F6A0C2A96092C0089048D /* MyDraftNoteWaterfallCell.xib */,
				65EA5CA1295DE00C0023885E /* WaterfallCell-Like.swift */,
				0AF4669E28E6CB6400CD4C33 /* WaterfallCell.swift */,
				0AF4669D28E6CB6400CD4C33 /* WaterfallVC-Config.swift */,
				0AF466A328E6CB6400CD4C33 /* WaterfallVC-DataSource.swift */,
				0AF466A128E6CB6400CD4C33 /* WaterfallVC-Delegate.swift */,
				474F6A112A962AA00089048D /* WaterfallVC-Layout.swift */,
				0AF466A228E6CB6400CD4C33 /* WaterfallVC-LoadData.swift */,
				0AF4669F28E6CB6400CD4C33 /* WaterfallVC.swift */,
			);
			path = Waterfall;
			sourceTree = "<group>";
		};
		0AF466A428E6CB6400CD4C33 /* Resources */ = {
			isa = PBXGroup;
			children = (
				0AF466A528E6CB6400CD4C33 /* Localizable.strings */,
				0AF466A728E6CB6400CD4C33 /* InfoPlist.strings */,
				0AF466AA28E6CB6400CD4C33 /* imagePH.png */,
				0AF466AB28E6CB6400CD4C33 /* avatarPH.jpeg */,
			);
			path = Resources;
			sourceTree = "<group>";
		};
		0AF466AD28E6CB6400CD4C33 /* Demos+PH */ = {
			isa = PBXGroup;
			children = (
				0AF466AE28E6CB6400CD4C33 /* 枚举.playground */,
				0AF466AF28E6CB6400CD4C33 /* LocalizationTableVCDemo.swift */,
				0AF466B028E6CB6400CD4C33 /* 值类型+引用类型.playground */,
				0AF466B128E6CB6400CD4C33 /* 用代码实现collectionview.playground */,
				0AF466B228E6CB6400CD4C33 /* PostVC.swift */,
				0AF466B328E6CB6400CD4C33 /* 闭包.playground */,
				0AF466B428E6CB6400CD4C33 /* ARC+循环引用.playground */,
			);
			path = "Demos+PH";
			sourceTree = "<group>";
		};
		0AF466B628E6CB6400CD4C33 /* NoteDetail */ = {
			isa = PBXGroup;
			children = (
				47EC2F402A8F663A008F925E /* CommentSectionFooterView.swift */,
				1BD09B8F29680B3D00A638F1 /* CommentView.swift */,
				1BD09B9129680B5200A638F1 /* CommentView.xib */,
				0AF466B928E6CB6400CD4C33 /* NoteDetailVC-Config.swift */,
				65DF4EAE29817D5E00B36902 /* NoteDetailVC-DelComment.swift */,
				65BDACC2295F461E00CCD7CF /* NoteDetailVC-DelNote.swift */,
				65BA94912960216D008C5F65 /* NoteDetailVC-EditNote.swift */,
				65EA5CA3295DE2140023885E /* NoteDetailVC-Fav.swift */,
				65BA948F29601F2D008C5F65 /* NoteDetailVC-Helper.swift */,
				47409E932A93904900D709D4 /* NoteDetailVC-MeVC.swift */,
				0A021E2928F592F600DAF4E2 /* NoteDetailVC-Like.swift */,
				65DF4EAC29813E9500B36902 /* NoteDetailVC-LoadData.swift */,
				1BF10A20298BE75200ABF0CF /* NoteDetailVC-PostComment.swift */,
				1BF10A22298BE8DA00ABF0CF /* NoteDetailVC-PostReply.swift */,
				65BDACC0295F457B00CCD7CF /* NoteDetailVC-ShareOrMore.swift */,
				1BD09B982968387200A638F1 /* NoteDetailVC-TVDataSource.swift */,
				1BD09B962968376600A638F1 /* NoteDetailVC-TVDelegate.swift */,
				1B2B503329B86C6B00F84026 /* NoteDetailVC-DelReply.swift */,
				0AF466B828E6CB6400CD4C33 /* NoteDetailVC-UI.swift */,
				0AF466B728E6CB6400CD4C33 /* NoteDetailVC.swift */,
				6569C10929A90A8B00684C3C /* ReplyCell.swift */,
			);
			path = NoteDetail;
			sourceTree = "<group>";
		};
		0AF466BF28E6CB6400CD4C33 /* Common */ = {
			isa = PBXGroup;
			children = (
				0AF466C028E6CB6400CD4C33 /* Constants.swift */,
				47C7C0DA2A949DF50072ED14 /* CustomClasses.swift */,
				0AF466C128E6CB6400CD4C33 /* CustomViews.swift */,
				0AF466C228E6CB6400CD4C33 /* Extensions */,
				0AF466C728E6CB6400CD4C33 /* Protocols.swift */,
			);
			path = Common;
			sourceTree = "<group>";
		};
		0AF466C228E6CB6400CD4C33 /* Extensions */ = {
			isa = PBXGroup;
			children = (
				0AF466C328E6CB6400CD4C33 /* LocalLogin-Extensions.swift */,
				0AF466C428E6CB6400CD4C33 /* Login-Extensions.swift */,
				0AF466C528E6CB6400CD4C33 /* System-Extensions.swift */,
				0AF466C628E6CB6400CD4C33 /* LC-Extensions.swift */,
				0ACA247929DC7D3600C57107 /* Other-Extension.swift */,
			);
			path = Extensions;
			sourceTree = "<group>";
		};
		0AF466C828E6CB6400CD4C33 /* Me */ = {
			isa = PBXGroup;
			children = (
				0AF466C928E6CB6400CD4C33 /* LoginAndMeParentVC.swift */,
				65832BCD2A6B89A500B16875 /* MeHeaderView.swift */,
				65832BCF2A6B89C200B16875 /* MeHeaderView.xib */,
				47409E952A93960C00D709D4 /* MeVC-BackorDrawer.swift */,
				474F6A002A95EC600089048D /* MeVC-Config.swift */,
				476D894D2A988ED700AFDA50 /* MeVC-Delegate.swift */,
				474F6A042A95F2670089048D /* MeVC-EditIntro.swift */,
				474F6A062A95F3BE0089048D /* MeVC-EditOrFllow.swift */,
				474F6A022A95ED1C0089048D /* MeVC-HeaderView.swift */,
				474F6A082A95FB480089048D /* MeVC-SettingOrChat.swift */,
				65D049712A67FB020031AE5E /* MeVC-UI.swift */,
				0AF466CA28E6CB6400CD4C33 /* MeVC.swift */,
			);
			path = Me;
			sourceTree = "<group>";
		};
		0AF466CD28E6CB6400CD4C33 /* Login */ = {
			isa = PBXGroup;
			children = (
				0AF466CE28E6CB6400CD4C33 /* SocialLoginVC-Apple.swift */,
				0AF466CF28E6CB6400CD4C33 /* LoginVC.swift */,
				0AF466D028E6CB6400CD4C33 /* CodeLoginVC.swift */,
				0AF466D128E6CB6400CD4C33 /* PasswordLoginVC.swift */,
				0AF466D228E6CB6400CD4C33 /* SocialLoginVC.swift */,
				0AF466D328E6CB6400CD4C33 /* SocialLoginVC-Alipay.swift */,
			);
			path = Login;
			sourceTree = "<group>";
		};
		0AF466D628E6CB6400CD4C33 /* NoteEdit */ = {
			isa = PBXGroup;
			children = (
				0AF466E028E6CB6400CD4C33 /* ChannelTableVC.swift */,
				0AF466DA28E6CB6400CD4C33 /* ChannelVC.swift */,
				0AF466DF28E6CB6400CD4C33 /* NoteEditVC-CollectionView.swift */,
				0AF466E328E6CB6400CD4C33 /* NoteEditVC-Config.swift */,
				0AF466D928E6CB6400CD4C33 /* NoteEditVC-DraftNote.swift */,
				0AF466D728E6CB6400CD4C33 /* NoteEditVC-DragDrop.swift */,
				0AF466DC28E6CB6400CD4C33 /* NoteEditVC-Helper.swift */,
				0AF466E128E6CB6400CD4C33 /* NoteEditVC-Note.swift */,
				0AF466E728E6CB6400CD4C33 /* NoteEditVC-UI.swift */,
				0AF466E628E6CB6400CD4C33 /* NoteEditVC.swift */,
				0AF466DB28E6CB6400CD4C33 /* PhotoCell.swift */,
				0AF466E828E6CB6400CD4C33 /* PhotoFooter.swift */,
				0AF466D828E6CB6400CD4C33 /* POICell.swift */,
				0AF466E228E6CB6400CD4C33 /* POIVC-Config.swift */,
				0AF466E928E6CB6400CD4C33 /* POIVC-KeywordsSearch.swift */,
				0AF466DD28E6CB6400CD4C33 /* POIVC-Location.swift */,
				0AF466DE28E6CB6400CD4C33 /* POIVC.swift */,
				0AF466E528E6CB6400CD4C33 /* TextViewIAView.swift */,
				0AF466E428E6CB6400CD4C33 /* TextViewIAView.xib */,
			);
			path = NoteEdit;
			sourceTree = "<group>";
		};
		1B2B502729B738BB00F84026 /* Model */ = {
			isa = PBXGroup;
			children = (
				1B2B502529B732CD00F84026 /* ExpandableReplies.swift */,
			);
			path = Model;
			sourceTree = "<group>";
		};
		476D894F2A98A6E800AFDA50 /* Setting */ = {
			isa = PBXGroup;
			children = (
				0A65280D2A990238000DD911 /* SettingTableVC.swift */,
				0A65280F2A990290000DD911 /* SettingTableVC-Delegate.swift */,
				0A9B6CB62A99B8A300B96B3B /* NotificationTableVC.swift */,
			);
			path = Setting;
			sourceTree = "<group>";
		};
		479742082A97382500591F34 /* EditProfile */ = {
			isa = PBXGroup;
			children = (
				4797420B2A974E5B00591F34 /* EditProfileTableVC-Delegate.swift */,
				4797420D2A9750D900591F34 /* EditProfileTableVC-PHPickerVCDelegate.swift */,
				4797420F2A97833600591F34 /* EditProfileTableVC-UI.swift */,
				479742092A9738CB00591F34 /* EditProfileTableVC.swift */,
				479742062A9700C000591F34 /* IntroVC.swift */,
			);
			path = EditProfile;
			sourceTree = "<group>";
		};
		4D4E89BB37BB8129E3429C84 /* Frameworks */ = {
			isa = PBXGroup;
			children = (
				F21E3B59C6CA4A53E4446122 /* Pods_LittlePink.framework */,
			);
			name = Frameworks;
			sourceTree = "<group>";
		};
		6539906C282AB3DE002EB0E8 = {
			isa = PBXGroup;
			children = (
				0AF4669228E6CB6300CD4C33 /* LittlePink */,
				0A60951328BF421600A29A98 /* AliPay */,
				65399076282AB3DE002EB0E8 /* Products */,
				D5F2379E957D28CA1D708B43 /* Pods */,
				4D4E89BB37BB8129E3429C84 /* Frameworks */,
			);
			sourceTree = "<group>";
		};
		65399076282AB3DE002EB0E8 /* Products */ = {
			isa = PBXGroup;
			children = (
				65399075282AB3DE002EB0E8 /* LittlePink.app */,
			);
			name = Products;
			sourceTree = "<group>";
		};
		D5F2379E957D28CA1D708B43 /* Pods */ = {
			isa = PBXGroup;
			children = (
				1F0428180353BB82DCF7E145 /* Pods-LittlePrink.debug.xcconfig */,
				4D172F6721621EA095639AF7 /* Pods-LittlePrink.release.xcconfig */,
				5455937FB0A8BB3304110E6B /* Pods-LittlePink.debug.xcconfig */,
				2A0536C735BA78DE8AC8F7A4 /* Pods-LittlePink.release.xcconfig */,
			);
			path = Pods;
			sourceTree = "<group>";
		};
/* End PBXGroup section */

/* Begin PBXNativeTarget section */
		65399074282AB3DE002EB0E8 /* LittlePink */ = {
			isa = PBXNativeTarget;
			buildConfigurationList = 6539908C282AB3E0002EB0E8 /* Build configuration list for PBXNativeTarget "LittlePink" */;
			buildPhases = (
				7BCA8DEFF7B4EF8B5C62FBBC /* [CP] Check Pods Manifest.lock */,
				65399071282AB3DE002EB0E8 /* Sources */,
				65399072282AB3DE002EB0E8 /* Frameworks */,
				65399073282AB3DE002EB0E8 /* Resources */,
				FC99B49B26C951B7F2109C8D /* [CP] Embed Pods Frameworks */,
				E6997B4638D18BA51BC4B811 /* [CP] Copy Pods Resources */,
			);
			buildRules = (
			);
			dependencies = (
			);
			name = LittlePink;
			productName = LittlePrink;
			productReference = 65399075282AB3DE002EB0E8 /* LittlePink.app */;
			productType = "com.apple.product-type.application";
		};
/* End PBXNativeTarget section */

/* Begin PBXProject section */
		6539906D282AB3DE002EB0E8 /* Project object */ = {
			isa = PBXProject;
			attributes = {
				BuildIndependentTargetsInParallel = 1;
				LastSwiftUpdateCheck = 1330;
				LastUpgradeCheck = 1330;
				TargetAttributes = {
					65399074282AB3DE002EB0E8 = {
						CreatedOnToolsVersion = 13.3.1;
						LastSwiftMigration = 1330;
					};
				};
			};
			buildConfigurationList = 65399070282AB3DE002EB0E8 /* Build configuration list for PBXProject "LittlePink" */;
			compatibilityVersion = "Xcode 13.0";
			developmentRegion = en;
			hasScannedForEncodings = 0;
			knownRegions = (
				en,
				Base,
				"zh-Hans",
			);
			mainGroup = 6539906C282AB3DE002EB0E8;
			productRefGroup = 65399076282AB3DE002EB0E8 /* Products */;
			projectDirPath = "";
			projectRoot = "";
			targets = (
				65399074282AB3DE002EB0E8 /* LittlePink */,
			);
		};
/* End PBXProject section */

/* Begin PBXResourcesBuildPhase section */
		65399073282AB3DE002EB0E8 /* Resources */ = {
			isa = PBXResourcesBuildPhase;
			buildActionMask = 2147483647;
			files = (
				0AF466FE28E6CB6500CD4C33 /* avatarPH.jpeg in Resources */,
				0AF4670628E6CB6500CD4C33 /* LaunchScreen.storyboard in Resources */,
				0AF4672728E6CB6500CD4C33 /* TextViewIAView.xib in Resources */,
				0AF466EE28E6CB6400CD4C33 /* LaunchScreen.strings in Resources */,
				0AF466FC28E6CB6500CD4C33 /* InfoPlist.strings in Resources */,
				0AF466FD28E6CB6500CD4C33 /* imagePH.png in Resources */,
				474F6A0E2A96092C0089048D /* MyDraftNoteWaterfallCell.xib in Resources */,
				0AF466FF28E6CB6500CD4C33 /* Assets.xcassets in Resources */,
				0AF4672D28E6CB6500CD4C33 /* TV.mp4 in Resources */,
				0AF4670728E6CB6500CD4C33 /* Main.storyboard in Resources */,
				0AF466FB28E6CB6500CD4C33 /* Localizable.strings in Resources */,
				65832BD02A6B89C200B16875 /* MeHeaderView.xib in Resources */,
				1BD09B9229680B5200A638F1 /* CommentView.xib in Resources */,
				0AF466EF28E6CB6400CD4C33 /* Main.strings in Resources */,
			);
			runOnlyForDeploymentPostprocessing = 0;
		};
/* End PBXResourcesBuildPhase section */

/* Begin PBXShellScriptBuildPhase section */
		7BCA8DEFF7B4EF8B5C62FBBC /* [CP] Check Pods Manifest.lock */ = {
			isa = PBXShellScriptBuildPhase;
			buildActionMask = 2147483647;
			files = (
			);
			inputFileListPaths = (
			);
			inputPaths = (
				"${PODS_PODFILE_DIR_PATH}/Podfile.lock",
				"${PODS_ROOT}/Manifest.lock",
			);
			name = "[CP] Check Pods Manifest.lock";
			outputFileListPaths = (
			);
			outputPaths = (
				"$(DERIVED_FILE_DIR)/Pods-LittlePink-checkManifestLockResult.txt",
			);
			runOnlyForDeploymentPostprocessing = 0;
			shellPath = /bin/sh;
			shellScript = "diff \"${PODS_PODFILE_DIR_PATH}/Podfile.lock\" \"${PODS_ROOT}/Manifest.lock\" > /dev/null\nif [ $? != 0 ] ; then\n    # print error to STDERR\n    echo \"error: The sandbox is not in sync with the Podfile.lock. Run 'pod install' or update your CocoaPods installation.\" >&2\n    exit 1\nfi\n# This output is used by Xcode 'outputs' to avoid re-running this script phase.\necho \"SUCCESS\" > \"${SCRIPT_OUTPUT_FILE_0}\"\n";
			showEnvVarsInLog = 0;
		};
		E6997B4638D18BA51BC4B811 /* [CP] Copy Pods Resources */ = {
			isa = PBXShellScriptBuildPhase;
			buildActionMask = 2147483647;
			files = (
			);
			inputFileListPaths = (
				"${PODS_ROOT}/Target Support Files/Pods-LittlePink/Pods-LittlePink-resources-${CONFIGURATION}-input-files.xcfilelist",
			);
			name = "[CP] Copy Pods Resources";
			outputFileListPaths = (
				"${PODS_ROOT}/Target Support Files/Pods-LittlePink/Pods-LittlePink-resources-${CONFIGURATION}-output-files.xcfilelist",
			);
			runOnlyForDeploymentPostprocessing = 0;
			shellPath = /bin/sh;
			shellScript = "\"${PODS_ROOT}/Target Support Files/Pods-LittlePink/Pods-LittlePink-resources.sh\"\n";
			showEnvVarsInLog = 0;
		};
		FC99B49B26C951B7F2109C8D /* [CP] Embed Pods Frameworks */ = {
			isa = PBXShellScriptBuildPhase;
			buildActionMask = 2147483647;
			files = (
			);
			inputFileListPaths = (
				"${PODS_ROOT}/Target Support Files/Pods-LittlePink/Pods-LittlePink-frameworks-${CONFIGURATION}-input-files.xcfilelist",
			);
			name = "[CP] Embed Pods Frameworks";
			outputFileListPaths = (
				"${PODS_ROOT}/Target Support Files/Pods-LittlePink/Pods-LittlePink-frameworks-${CONFIGURATION}-output-files.xcfilelist",
			);
			runOnlyForDeploymentPostprocessing = 0;
			shellPath = /bin/sh;
			shellScript = "\"${PODS_ROOT}/Target Support Files/Pods-LittlePink/Pods-LittlePink-frameworks.sh\"\n";
			showEnvVarsInLog = 0;
		};
/* End PBXShellScriptBuildPhase section */

/* Begin PBXSourcesBuildPhase section */
		65399071282AB3DE002EB0E8 /* Sources */ = {
			isa = PBXSourcesBuildPhase;
			buildActionMask = 2147483647;
			files = (
				474F6A072A95F3BE0089048D /* MeVC-EditOrFllow.swift in Sources */,
				0AF4671328E6CB6500CD4C33 /* LoginVC.swift in Sources */,
				474F6A092A95FB480089048D /* MeVC-SettingOrChat.swift in Sources */,
				0AF4672528E6CB6500CD4C33 /* POIVC-Config.swift in Sources */,
				0AF4670528E6CB6500CD4C33 /* NoteDetailVC-Config.swift in Sources */,
				0AF4671A28E6CB6500CD4C33 /* NoteEditVC-DragDrop.swift in Sources */,
				474F6A102A960C040089048D /* MyDraftNoteWaterfallCell.swift in Sources */,
				0AF4670F28E6CB6500CD4C33 /* LoginAndMeParentVC.swift in Sources */,
				0A9B6CB72A99B8A300B96B3B /* NotificationTableVC.swift in Sources */,
				0AF4671F28E6CB6500CD4C33 /* NoteEditVC-Helper.swift in Sources */,
				476D894E2A988ED700AFDA50 /* MeVC-Delegate.swift in Sources */,
				0AF4672328E6CB6500CD4C33 /* ChannelTableVC.swift in Sources */,
				0AF4671D28E6CB6500CD4C33 /* ChannelVC.swift in Sources */,
				0AF4670D28E6CB6500CD4C33 /* LC-Extensions.swift in Sources */,
				0AF4671C28E6CB6500CD4C33 /* NoteEditVC-DraftNote.swift in Sources */,
				0AF466F528E6CB6400CD4C33 /* WaterfallCell.swift in Sources */,
				65BA94922960216D008C5F65 /* NoteDetailVC-EditNote.swift in Sources */,
				0AF4671B28E6CB6500CD4C33 /* POICell.swift in Sources */,
				47C7C0DB2A949DF50072ED14 /* CustomClasses.swift in Sources */,
				47409E962A93960C00D709D4 /* MeVC-BackorDrawer.swift in Sources */,
				0AF4671128E6CB6500CD4C33 /* AppDelegate.swift in Sources */,
				65832BCE2A6B89A500B16875 /* MeHeaderView.swift in Sources */,
				0A65280E2A990238000DD911 /* SettingTableVC.swift in Sources */,
				0AF4672228E6CB6500CD4C33 /* NoteEditVC-CollectionView.swift in Sources */,
				0AF4670328E6CB6500CD4C33 /* NoteDetailVC.swift in Sources */,
				0AF4670A28E6CB6500CD4C33 /* LocalLogin-Extensions.swift in Sources */,
				1BF10A21298BE75200ABF0CF /* NoteDetailVC-PostComment.swift in Sources */,
				0AF4670C28E6CB6500CD4C33 /* System-Extensions.swift in Sources */,
				0AF466F628E6CB6400CD4C33 /* WaterfallVC.swift in Sources */,
				0AF4672A28E6CB6500CD4C33 /* NoteEditVC-UI.swift in Sources */,
				0A60956828BF421600A29A98 /* openssl_wrapper.m in Sources */,
				0AF4671928E6CB6500CD4C33 /* SceneDelegate.swift in Sources */,
				0AF466F128E6CB6400CD4C33 /* DiscoveryVC.swift in Sources */,
				0AF4670E28E6CB6500CD4C33 /* Protocols.swift in Sources */,
				0AF4670428E6CB6500CD4C33 /* NoteDetailVC-UI.swift in Sources */,
				479742072A9700C000591F34 /* IntroVC.swift in Sources */,
				0AF4672928E6CB6500CD4C33 /* NoteEditVC.swift in Sources */,
				0ACA247A29DC7D3600C57107 /* Other-Extension.swift in Sources */,
				4797420A2A9738CB00591F34 /* EditProfileTableVC.swift in Sources */,
				0AF466F728E6CB6500CD4C33 /* DraftNoteWaterfallCell.swift in Sources */,
				0AF4671228E6CB6500CD4C33 /* SocialLoginVC-Apple.swift in Sources */,
				474F6A032A95ED1C0089048D /* MeVC-HeaderView.swift in Sources */,
				0AF4672C28E6CB6500CD4C33 /* POIVC-KeywordsSearch.swift in Sources */,
				0AF466F228E6CB6400CD4C33 /* FollowVC.swift in Sources */,
				0AF4670928E6CB6500CD4C33 /* CustomViews.swift in Sources */,
				65BDACC1295F457B00CCD7CF /* NoteDetailVC-ShareOrMore.swift in Sources */,
				1B2B502629B732CD00F84026 /* ExpandableReplies.swift in Sources */,
				0AF4672E28E6CB6500CD4C33 /* LittlePink.xcdatamodeld in Sources */,
				65DF4EAD29813E9500B36902 /* NoteDetailVC-LoadData.swift in Sources */,
				0AF4670B28E6CB6500CD4C33 /* Login-Extensions.swift in Sources */,
				0AF4672B28E6CB6500CD4C33 /* PhotoFooter.swift in Sources */,
				4797420E2A9750D900591F34 /* EditProfileTableVC-PHPickerVCDelegate.swift in Sources */,
				65D049722A67FB020031AE5E /* MeVC-UI.swift in Sources */,
				65DF4EAF29817D5E00B36902 /* NoteDetailVC-DelComment.swift in Sources */,
				0AF4671E28E6CB6500CD4C33 /* PhotoCell.swift in Sources */,
				1B2B503429B86C6B00F84026 /* NoteDetailVC-DelReply.swift in Sources */,
				4797420C2A974E5B00591F34 /* EditProfileTableVC-Delegate.swift in Sources */,
				0AF4672428E6CB6500CD4C33 /* NoteEditVC-Note.swift in Sources */,
				1BD09B992968387200A638F1 /* NoteDetailVC-TVDataSource.swift in Sources */,
				0AF4672828E6CB6500CD4C33 /* TextViewIAView.swift in Sources */,
				0AF466F328E6CB6400CD4C33 /* HomeVC.swift in Sources */,
				474F6A052A95F2670089048D /* MeVC-EditIntro.swift in Sources */,
				0AF4670228E6CB6500CD4C33 /* TabBarC.swift in Sources */,
				0AF466F928E6CB6500CD4C33 /* WaterfallVC-LoadData.swift in Sources */,
				0AF4671728E6CB6500CD4C33 /* SocialLoginVC-Alipay.swift in Sources */,
				0AF466F028E6CB6400CD4C33 /* NearByVC-GCD.swift in Sources */,
				0AF4672628E6CB6500CD4C33 /* NoteEditVC-Config.swift in Sources */,
				1BD09B972968376600A638F1 /* NoteDetailVC-TVDelegate.swift in Sources */,
				0A6528102A990290000DD911 /* SettingTableVC-Delegate.swift in Sources */,
				474F6A122A962AA00089048D /* WaterfallVC-Layout.swift in Sources */,
				0AF4672028E6CB6500CD4C33 /* POIVC-Location.swift in Sources */,
				479742102A97833600591F34 /* EditProfileTableVC-UI.swift in Sources */,
				0AF4670128E6CB6500CD4C33 /* PostVC.swift in Sources */,
				65EA5CA4295DE2140023885E /* NoteDetailVC-Fav.swift in Sources */,
				6569C10A29A90A8B00684C3C /* ReplyCell.swift in Sources */,
				65EA5CA2295DE00C0023885E /* WaterfallCell-Like.swift in Sources */,
				0A60956928BF421600A29A98 /* APRSASigner.m in Sources */,
				47409E942A93904900D709D4 /* NoteDetailVC-MeVC.swift in Sources */,
				0AF4671628E6CB6500CD4C33 /* SocialLoginVC.swift in Sources */,
				0AF4672128E6CB6500CD4C33 /* POIVC.swift in Sources */,
				0AF4671428E6CB6500CD4C33 /* CodeLoginVC.swift in Sources */,
				65BDACC3295F461E00CCD7CF /* NoteDetailVC-DelNote.swift in Sources */,
				65BA949029601F2D008C5F65 /* NoteDetailVC-Helper.swift in Sources */,
				1BD09B9029680B3D00A638F1 /* CommentView.swift in Sources */,
				0AF4670828E6CB6500CD4C33 /* Constants.swift in Sources */,
				0AF4671528E6CB6500CD4C33 /* PasswordLoginVC.swift in Sources */,
				0AF466F428E6CB6400CD4C33 /* WaterfallVC-Config.swift in Sources */,
				0A021E2A28F592F600DAF4E2 /* NoteDetailVC-Like.swift in Sources */,
				0AF4671028E6CB6500CD4C33 /* MeVC.swift in Sources */,
				474F6A012A95EC600089048D /* MeVC-Config.swift in Sources */,
				47EC2F412A8F663A008F925E /* CommentSectionFooterView.swift in Sources */,
				1BF10A23298BE8DA00ABF0CF /* NoteDetailVC-PostReply.swift in Sources */,
				0AF4670028E6CB6500CD4C33 /* LocalizationTableVCDemo.swift in Sources */,
				0AF466FA28E6CB6500CD4C33 /* WaterfallVC-DataSource.swift in Sources */,
				0AF466F828E6CB6500CD4C33 /* WaterfallVC-Delegate.swift in Sources */,
			);
			runOnlyForDeploymentPostprocessing = 0;
		};
/* End PBXSourcesBuildPhase section */

/* Begin PBXVariantGroup section */
		0AF4669328E6CB6300CD4C33 /* LaunchScreen.strings */ = {
			isa = PBXVariantGroup;
			children = (
				0AF4669428E6CB6400CD4C33 /* zh-Hans */,
			);
			name = LaunchScreen.strings;
			sourceTree = "<group>";
		};
		0AF4669528E6CB6400CD4C33 /* Main.strings */ = {
			isa = PBXVariantGroup;
			children = (
				0AF4669628E6CB6400CD4C33 /* zh-Hans */,
			);
			name = Main.strings;
			sourceTree = "<group>";
		};
		0AF466A528E6CB6400CD4C33 /* Localizable.strings */ = {
			isa = PBXVariantGroup;
			children = (
				0AF466A628E6CB6400CD4C33 /* zh-Hans */,
				0AF466A928E6CB6400CD4C33 /* en */,
			);
			name = Localizable.strings;
			sourceTree = "<group>";
		};
		0AF466A728E6CB6400CD4C33 /* InfoPlist.strings */ = {
			isa = PBXVariantGroup;
			children = (
				0AF466A828E6CB6400CD4C33 /* zh-Hans */,
			);
			name = InfoPlist.strings;
			sourceTree = "<group>";
		};
		0AF466BB28E6CB6400CD4C33 /* LaunchScreen.storyboard */ = {
			isa = PBXVariantGroup;
			children = (
				0AF466BC28E6CB6400CD4C33 /* Base */,
			);
			name = LaunchScreen.storyboard;
			sourceTree = "<group>";
		};
		0AF466BD28E6CB6400CD4C33 /* Main.storyboard */ = {
			isa = PBXVariantGroup;
			children = (
				0AF466BE28E6CB6400CD4C33 /* Base */,
			);
			name = Main.storyboard;
			sourceTree = "<group>";
			wrapsLines = 1;
		};
/* End PBXVariantGroup section */

/* Begin XCBuildConfiguration section */
		6539908A282AB3E0002EB0E8 /* Debug */ = {
			isa = XCBuildConfiguration;
			buildSettings = {
				ALWAYS_SEARCH_USER_PATHS = NO;
				CLANG_ANALYZER_LOCALIZABILITY_NONLOCALIZED = YES;
				CLANG_ANALYZER_NONNULL = YES;
				CLANG_ANALYZER_NUMBER_OBJECT_CONVERSION = YES_AGGRESSIVE;
				CLANG_CXX_LANGUAGE_STANDARD = "gnu++17";
				CLANG_ENABLE_MODULES = YES;
				CLANG_ENABLE_OBJC_ARC = YES;
				CLANG_ENABLE_OBJC_WEAK = YES;
				CLANG_WARN_BLOCK_CAPTURE_AUTORELEASING = YES;
				CLANG_WARN_BOOL_CONVERSION = YES;
				CLANG_WARN_COMMA = YES;
				CLANG_WARN_CONSTANT_CONVERSION = YES;
				CLANG_WARN_DEPRECATED_OBJC_IMPLEMENTATIONS = YES;
				CLANG_WARN_DIRECT_OBJC_ISA_USAGE = YES_ERROR;
				CLANG_WARN_DOCUMENTATION_COMMENTS = YES;
				CLANG_WARN_EMPTY_BODY = YES;
				CLANG_WARN_ENUM_CONVERSION = YES;
				CLANG_WARN_INFINITE_RECURSION = YES;
				CLANG_WARN_INT_CONVERSION = YES;
				CLANG_WARN_NON_LITERAL_NULL_CONVERSION = YES;
				CLANG_WARN_OBJC_IMPLICIT_RETAIN_SELF = YES;
				CLANG_WARN_OBJC_LITERAL_CONVERSION = YES;
				CLANG_WARN_OBJC_ROOT_CLASS = YES_ERROR;
				CLANG_WARN_QUOTED_INCLUDE_IN_FRAMEWORK_HEADER = YES;
				CLANG_WARN_RANGE_LOOP_ANALYSIS = YES;
				CLANG_WARN_STRICT_PROTOTYPES = YES;
				CLANG_WARN_SUSPICIOUS_MOVE = YES;
				CLANG_WARN_UNGUARDED_AVAILABILITY = YES_AGGRESSIVE;
				CLANG_WARN_UNREACHABLE_CODE = YES;
				CLANG_WARN__DUPLICATE_METHOD_MATCH = YES;
				COPY_PHASE_STRIP = NO;
				DEBUG_INFORMATION_FORMAT = dwarf;
				ENABLE_STRICT_OBJC_MSGSEND = YES;
				ENABLE_TESTABILITY = YES;
				GCC_C_LANGUAGE_STANDARD = gnu11;
				GCC_DYNAMIC_NO_PIC = NO;
				GCC_NO_COMMON_BLOCKS = YES;
				GCC_OPTIMIZATION_LEVEL = 0;
				GCC_PREPROCESSOR_DEFINITIONS = (
					"DEBUG=1",
					"$(inherited)",
				);
				GCC_WARN_64_TO_32_BIT_CONVERSION = YES;
				GCC_WARN_ABOUT_RETURN_TYPE = YES_ERROR;
				GCC_WARN_UNDECLARED_SELECTOR = YES;
				GCC_WARN_UNINITIALIZED_AUTOS = YES_AGGRESSIVE;
				GCC_WARN_UNUSED_FUNCTION = YES;
				GCC_WARN_UNUSED_VARIABLE = YES;
				IPHONEOS_DEPLOYMENT_TARGET = 15.4;
				MTL_ENABLE_DEBUG_INFO = INCLUDE_SOURCE;
				MTL_FAST_MATH = YES;
				ONLY_ACTIVE_ARCH = YES;
				SDKROOT = iphoneos;
				SWIFT_ACTIVE_COMPILATION_CONDITIONS = DEBUG;
				SWIFT_OPTIMIZATION_LEVEL = "-Onone";
			};
			name = Debug;
		};
		6539908B282AB3E0002EB0E8 /* Release */ = {
			isa = XCBuildConfiguration;
			buildSettings = {
				ALWAYS_SEARCH_USER_PATHS = NO;
				CLANG_ANALYZER_LOCALIZABILITY_NONLOCALIZED = YES;
				CLANG_ANALYZER_NONNULL = YES;
				CLANG_ANALYZER_NUMBER_OBJECT_CONVERSION = YES_AGGRESSIVE;
				CLANG_CXX_LANGUAGE_STANDARD = "gnu++17";
				CLANG_ENABLE_MODULES = YES;
				CLANG_ENABLE_OBJC_ARC = YES;
				CLANG_ENABLE_OBJC_WEAK = YES;
				CLANG_WARN_BLOCK_CAPTURE_AUTORELEASING = YES;
				CLANG_WARN_BOOL_CONVERSION = YES;
				CLANG_WARN_COMMA = YES;
				CLANG_WARN_CONSTANT_CONVERSION = YES;
				CLANG_WARN_DEPRECATED_OBJC_IMPLEMENTATIONS = YES;
				CLANG_WARN_DIRECT_OBJC_ISA_USAGE = YES_ERROR;
				CLANG_WARN_DOCUMENTATION_COMMENTS = YES;
				CLANG_WARN_EMPTY_BODY = YES;
				CLANG_WARN_ENUM_CONVERSION = YES;
				CLANG_WARN_INFINITE_RECURSION = YES;
				CLANG_WARN_INT_CONVERSION = YES;
				CLANG_WARN_NON_LITERAL_NULL_CONVERSION = YES;
				CLANG_WARN_OBJC_IMPLICIT_RETAIN_SELF = YES;
				CLANG_WARN_OBJC_LITERAL_CONVERSION = YES;
				CLANG_WARN_OBJC_ROOT_CLASS = YES_ERROR;
				CLANG_WARN_QUOTED_INCLUDE_IN_FRAMEWORK_HEADER = YES;
				CLANG_WARN_RANGE_LOOP_ANALYSIS = YES;
				CLANG_WARN_STRICT_PROTOTYPES = YES;
				CLANG_WARN_SUSPICIOUS_MOVE = YES;
				CLANG_WARN_UNGUARDED_AVAILABILITY = YES_AGGRESSIVE;
				CLANG_WARN_UNREACHABLE_CODE = YES;
				CLANG_WARN__DUPLICATE_METHOD_MATCH = YES;
				COPY_PHASE_STRIP = NO;
				DEBUG_INFORMATION_FORMAT = "dwarf-with-dsym";
				ENABLE_NS_ASSERTIONS = NO;
				ENABLE_STRICT_OBJC_MSGSEND = YES;
				GCC_C_LANGUAGE_STANDARD = gnu11;
				GCC_NO_COMMON_BLOCKS = YES;
				GCC_WARN_64_TO_32_BIT_CONVERSION = YES;
				GCC_WARN_ABOUT_RETURN_TYPE = YES_ERROR;
				GCC_WARN_UNDECLARED_SELECTOR = YES;
				GCC_WARN_UNINITIALIZED_AUTOS = YES_AGGRESSIVE;
				GCC_WARN_UNUSED_FUNCTION = YES;
				GCC_WARN_UNUSED_VARIABLE = YES;
				IPHONEOS_DEPLOYMENT_TARGET = 15.4;
				MTL_ENABLE_DEBUG_INFO = NO;
				MTL_FAST_MATH = YES;
				SDKROOT = iphoneos;
				SWIFT_COMPILATION_MODE = wholemodule;
				SWIFT_OPTIMIZATION_LEVEL = "-O";
				VALIDATE_PRODUCT = YES;
			};
			name = Release;
		};
		6539908D282AB3E0002EB0E8 /* Debug */ = {
			isa = XCBuildConfiguration;
			baseConfigurationReference = 5455937FB0A8BB3304110E6B /* Pods-LittlePink.debug.xcconfig */;
			buildSettings = {
				ASSETCATALOG_COMPILER_APPICON_NAME = AppIcon;
				ASSETCATALOG_COMPILER_GLOBAL_ACCENT_COLOR_NAME = AccentColor;
				CLANG_ENABLE_MODULES = YES;
				CODE_SIGN_ENTITLEMENTS = LittlePink/LittlePink.entitlements;
				CODE_SIGN_STYLE = Automatic;
				CURRENT_PROJECT_VERSION = 1;
				DEVELOPMENT_TEAM = "";
				GENERATE_INFOPLIST_FILE = YES;
				HEADER_SEARCH_PATHS = (
					"$(inherited)",
					"\"${PODS_CONFIGURATION_BUILD_DIR}/Alamofire/Alamofire.framework/Headers\"",
					"\"${PODS_CONFIGURATION_BUILD_DIR}/CHTCollectionViewWaterfallLayout/CHTCollectionViewWaterfallLayout.framework/Headers\"",
					"\"${PODS_CONFIGURATION_BUILD_DIR}/DateToolsSwift/DateToolsSwift.framework/Headers\"",
					"\"${PODS_CONFIGURATION_BUILD_DIR}/MBProgressHUD/MBProgressHUD.framework/Headers\"",
					"\"${PODS_CONFIGURATION_BUILD_DIR}/MJRefresh/MJRefresh.framework/Headers\"",
					"\"${PODS_CONFIGURATION_BUILD_DIR}/PryntTrimmerView/PryntTrimmerView.framework/Headers\"",
					"\"${PODS_CONFIGURATION_BUILD_DIR}/SKPhotoBrowser/SKPhotoBrowser.framework/Headers\"",
					"\"${PODS_CONFIGURATION_BUILD_DIR}/SteviaLayout/Stevia.framework/Headers\"",
					"\"${PODS_CONFIGURATION_BUILD_DIR}/XLPagerTabStrip/XLPagerTabStrip.framework/Headers\"",
					"\"${PODS_CONFIGURATION_BUILD_DIR}/YPImagePicker/YPImagePicker.framework/Headers\"",
					"\"${PODS_ROOT}/Headers/Public\"",
					"\"${PODS_ROOT}/Headers/Public/JCore\"",
					"\"${PODS_ROOT}/Headers/Public/JVerification\"",
					"\"${PROJECT_DIR}/AliPay\"",
				);
				INFOPLIST_FILE = LittlePink/Info.plist;
				INFOPLIST_KEY_CFBundleDisplayName = Prink1;
				INFOPLIST_KEY_NSCameraUsageDescription = fff;
				INFOPLIST_KEY_NSLocationAlwaysAndWhenInUseUsageDescription = fggg;
				INFOPLIST_KEY_NSLocationAlwaysUsageDescription = jjjjj;
				INFOPLIST_KEY_NSMicrophoneUsageDescription = gggg;
				INFOPLIST_KEY_NSPhotoLibraryAddUsageDescription = ff;
				INFOPLIST_KEY_NSPhotoLibraryUsageDescription = ggw;
				INFOPLIST_KEY_UIApplicationSupportsIndirectInputEvents = YES;
				INFOPLIST_KEY_UILaunchStoryboardName = LaunchScreen;
				INFOPLIST_KEY_UIMainStoryboardFile = Main;
				INFOPLIST_KEY_UISupportedInterfaceOrientations = UIInterfaceOrientationPortrait;
				INFOPLIST_KEY_UISupportedInterfaceOrientations_iPad = "UIInterfaceOrientationPortrait UIInterfaceOrientationPortraitUpsideDown UIInterfaceOrientationLandscapeLeft UIInterfaceOrientationLandscapeRight";
				INFOPLIST_KEY_UISupportedInterfaceOrientations_iPhone = "UIInterfaceOrientationPortrait UIInterfaceOrientationLandscapeLeft UIInterfaceOrientationLandscapeRight";
				IPHONEOS_DEPLOYMENT_TARGET = 14.0;
				LD_RUNPATH_SEARCH_PATHS = (
					"$(inherited)",
					"@executable_path/Frameworks",
				);
				LIBRARY_SEARCH_PATHS = (
					"$(inherited)",
					"$(PROJECT_DIR)/LittlePrink/AliPay",
					"$(PROJECT_DIR)/AliPay",
				);
				MARKETING_VERSION = 1.0;
				PRODUCT_BUNDLE_IDENTIFIER = com.kratos.LittlePrink1;
				PRODUCT_NAME = "$(TARGET_NAME)";
				SWIFT_EMIT_LOC_STRINGS = YES;
				SWIFT_OBJC_BRIDGING_HEADER = "LittlePink/LittlePink-Bridging-Header.h";
				SWIFT_OPTIMIZATION_LEVEL = "-Onone";
				SWIFT_VERSION = 5.0;
				TARGETED_DEVICE_FAMILY = "1,2";
			};
			name = Debug;
		};
		6539908E282AB3E0002EB0E8 /* Release */ = {
			isa = XCBuildConfiguration;
			baseConfigurationReference = 2A0536C735BA78DE8AC8F7A4 /* Pods-LittlePink.release.xcconfig */;
			buildSettings = {
				ASSETCATALOG_COMPILER_APPICON_NAME = AppIcon;
				ASSETCATALOG_COMPILER_GLOBAL_ACCENT_COLOR_NAME = AccentColor;
				CLANG_ENABLE_MODULES = YES;
				CODE_SIGN_ENTITLEMENTS = LittlePink/LittlePink.entitlements;
				CODE_SIGN_STYLE = Automatic;
				CURRENT_PROJECT_VERSION = 1;
				DEVELOPMENT_TEAM = "";
				GENERATE_INFOPLIST_FILE = YES;
				HEADER_SEARCH_PATHS = (
					"$(inherited)",
					"\"${PODS_CONFIGURATION_BUILD_DIR}/Alamofire/Alamofire.framework/Headers\"",
					"\"${PODS_CONFIGURATION_BUILD_DIR}/CHTCollectionViewWaterfallLayout/CHTCollectionViewWaterfallLayout.framework/Headers\"",
					"\"${PODS_CONFIGURATION_BUILD_DIR}/DateToolsSwift/DateToolsSwift.framework/Headers\"",
					"\"${PODS_CONFIGURATION_BUILD_DIR}/MBProgressHUD/MBProgressHUD.framework/Headers\"",
					"\"${PODS_CONFIGURATION_BUILD_DIR}/MJRefresh/MJRefresh.framework/Headers\"",
					"\"${PODS_CONFIGURATION_BUILD_DIR}/PryntTrimmerView/PryntTrimmerView.framework/Headers\"",
					"\"${PODS_CONFIGURATION_BUILD_DIR}/SKPhotoBrowser/SKPhotoBrowser.framework/Headers\"",
					"\"${PODS_CONFIGURATION_BUILD_DIR}/SteviaLayout/Stevia.framework/Headers\"",
					"\"${PODS_CONFIGURATION_BUILD_DIR}/XLPagerTabStrip/XLPagerTabStrip.framework/Headers\"",
					"\"${PODS_CONFIGURATION_BUILD_DIR}/YPImagePicker/YPImagePicker.framework/Headers\"",
					"\"${PODS_ROOT}/Headers/Public\"",
					"\"${PODS_ROOT}/Headers/Public/JCore\"",
					"\"${PODS_ROOT}/Headers/Public/JVerification\"",
					"\"${PROJECT_DIR}/AliPay\"",
				);
				INFOPLIST_FILE = LittlePink/Info.plist;
				INFOPLIST_KEY_CFBundleDisplayName = Prink1;
				INFOPLIST_KEY_NSCameraUsageDescription = fff;
				INFOPLIST_KEY_NSLocationAlwaysAndWhenInUseUsageDescription = fggg;
				INFOPLIST_KEY_NSLocationAlwaysUsageDescription = jjjjj;
				INFOPLIST_KEY_NSMicrophoneUsageDescription = gggg;
				INFOPLIST_KEY_NSPhotoLibraryAddUsageDescription = ff;
				INFOPLIST_KEY_NSPhotoLibraryUsageDescription = ggw;
				INFOPLIST_KEY_UIApplicationSupportsIndirectInputEvents = YES;
				INFOPLIST_KEY_UILaunchStoryboardName = LaunchScreen;
				INFOPLIST_KEY_UIMainStoryboardFile = Main;
				INFOPLIST_KEY_UISupportedInterfaceOrientations = UIInterfaceOrientationPortrait;
				INFOPLIST_KEY_UISupportedInterfaceOrientations_iPad = "UIInterfaceOrientationPortrait UIInterfaceOrientationPortraitUpsideDown UIInterfaceOrientationLandscapeLeft UIInterfaceOrientationLandscapeRight";
				INFOPLIST_KEY_UISupportedInterfaceOrientations_iPhone = "UIInterfaceOrientationPortrait UIInterfaceOrientationLandscapeLeft UIInterfaceOrientationLandscapeRight";
				IPHONEOS_DEPLOYMENT_TARGET = 14.0;
				LD_RUNPATH_SEARCH_PATHS = (
					"$(inherited)",
					"@executable_path/Frameworks",
				);
				LIBRARY_SEARCH_PATHS = (
					"$(inherited)",
					"$(PROJECT_DIR)/LittlePrink/AliPay",
					"$(PROJECT_DIR)/AliPay",
				);
				MARKETING_VERSION = 1.0;
				PRODUCT_BUNDLE_IDENTIFIER = com.kratos.LittlePrink1;
				PRODUCT_NAME = "$(TARGET_NAME)";
				SWIFT_EMIT_LOC_STRINGS = YES;
				SWIFT_OBJC_BRIDGING_HEADER = "LittlePink/LittlePink-Bridging-Header.h";
				SWIFT_VERSION = 5.0;
				TARGETED_DEVICE_FAMILY = "1,2";
			};
			name = Release;
		};
/* End XCBuildConfiguration section */

/* Begin XCConfigurationList section */
		65399070282AB3DE002EB0E8 /* Build configuration list for PBXProject "LittlePink" */ = {
			isa = XCConfigurationList;
			buildConfigurations = (
				6539908A282AB3E0002EB0E8 /* Debug */,
				6539908B282AB3E0002EB0E8 /* Release */,
			);
			defaultConfigurationIsVisible = 0;
			defaultConfigurationName = Release;
		};
		6539908C282AB3E0002EB0E8 /* Build configuration list for PBXNativeTarget "LittlePink" */ = {
			isa = XCConfigurationList;
			buildConfigurations = (
				6539908D282AB3E0002EB0E8 /* Debug */,
				6539908E282AB3E0002EB0E8 /* Release */,
			);
			defaultConfigurationIsVisible = 0;
			defaultConfigurationName = Release;
		};
/* End XCConfigurationList section */

/* Begin XCVersionGroup section */
		0AF466EB28E6CB6400CD4C33 /* LittlePink.xcdatamodeld */ = {
			isa = XCVersionGroup;
			children = (
				0AF466EC28E6CB6400CD4C33 /* LittlePink.xcdatamodel */,
				0AF466ED28E6CB6400CD4C33 /* LittlePink v2.xcdatamodel */,
			);
			currentVersion = 0AF466EC28E6CB6400CD4C33 /* LittlePink.xcdatamodel */;
			path = LittlePink.xcdatamodeld;
			sourceTree = "<group>";
			versionGroupType = wrapper.xcdatamodel;
		};
/* End XCVersionGroup section */
	};
	rootObject = 6539906D282AB3DE002EB0E8 /* Project object */;
}
